PODS:
  - MatomoTracker (7.2.0):
    - MatomoTracker/Core (= 7.2.0)
  - MatomoTracker/Core (7.2.0)
  - OptimoveCore (2.12.1)
  - OptimoveNotificationServiceExtension (2.12.1):
    - OptimoveCore (= 2.12.1)
  - OptimoveSDK (2.12.1):
    - MatomoTracker (~> 7.0)
    - OptimoveCore (= 2.12.1)

DEPENDENCIES:
  - OptimoveNotificationServiceExtension
  - OptimoveSDK

SPEC REPOS:
  trunk:
    - MatomoTracker
    - OptimoveCore
    - OptimoveNotificationServiceExtension
    - OptimoveSDK

SPEC CHECKSUMS:
  MatomoTracker: 6f89e2561083685a360e223fb663e9ccd57c1d1a
  OptimoveCore: fbeceef71325fe99799ced3b7f3473c670e760a7
  OptimoveNotificationServiceExtension: a7487da267942754b67e4a5331174f2dfdf87c7e
  OptimoveSDK: a0b62a916d2a71cc87abff88579864ffb7ea7b7e

PODFILE CHECKSUM: 934a16613f015250edc20d54f88212da91fbce70

COCOAPODS: 1.9.1
