{
  "object": {
    "pins": [
      {
        "package": "Mocker",
        "repositoryURL": "https://github.com/WeTransfer/Mocker",
        "state": {
          "branch": null,
          "revision": "95fa785c751f6bc40c49e112d433c3acf8417a97",
          "version": "3.0.2"
        }
      }
    ]
  },
  "version": 1
}
