// !$*UTF8*$!
{
	archiveVersion = 1;
	classes = {
	};
	objectVersion = 48;
	objects = {

/* Begin PBXBuildFile section */
		67DA320B201598920037089F /* ViewController.swift in Sources */ = {isa = PBXBuildFile; fileRef = 67DA31C8201598920037089F /* ViewController.swift */; };
		67DA320C201598920037089F /* CustomEvents.swift in Sources */ = {isa = PBXBuildFile; fileRef = 67DA31C9201598920037089F /* CustomEvents.swift */; };
		67DA320D201598920037089F /* ReportEventViewController.swift in Sources */ = {isa = PBXBuildFile; fileRef = 67DA31CA201598920037089F /* ReportEventViewController.swift */; };
		67DA320E201598920037089F /* Assets.xcassets in Resources */ = {isa = PBXBuildFile; fileRef = 67DA31CB201598920037089F /* Assets.xcassets */; };
		67DA320F201598920037089F /* EventTableViewCell.swift in Sources */ = {isa = PBXBuildFile; fileRef = 67DA31CC201598920037089F /* EventTableViewCell.swift */; };
		67DA3210201598920037089F /* LaunchScreen.storyboard in Resources */ = {isa = PBXBuildFile; fileRef = 67DA31CD201598920037089F /* LaunchScreen.storyboard */; };
		67DA3211201598920037089F /* Main.storyboard in Resources */ = {isa = PBXBuildFile; fileRef = 67DA31CF201598920037089F /* Main.storyboard */; };
		67DA3213201598920037089F /* AppDelegate.swift in Sources */ = {isa = PBXBuildFile; fileRef = 67DA31D2201598920037089F /* AppDelegate.swift */; };
		67DA3214201598920037089F /* SetUserIDViewController.swift in Sources */ = {isa = PBXBuildFile; fileRef = 67DA31D3201598920037089F /* SetUserIDViewController.swift */; };
		67E7695C207CD62500EEC4BA /* OptimoveComponentsInitializer.swift in Sources */ = {isa = PBXBuildFile; fileRef = 67E76927207CD62500EEC4BA /* OptimoveComponentsInitializer.swift */; };
		67E7695D207CD62500EEC4BA /* AtomicBool.swift in Sources */ = {isa = PBXBuildFile; fileRef = 67E76928207CD62500EEC4BA /* AtomicBool.swift */; };
		67E7695E207CD62500EEC4BA /* Optimove.swift in Sources */ = {isa = PBXBuildFile; fileRef = 67E76929207CD62500EEC4BA /* Optimove.swift */; };
		67E7695F207CD62500EEC4BA /* OptimoveNotificationHandler.swift in Sources */ = {isa = PBXBuildFile; fileRef = 67E7692B207CD62500EEC4BA /* OptimoveNotificationHandler.swift */; };
		67E76960207CD62500EEC4BA /* OptimoveEventValidator.swift in Sources */ = {isa = PBXBuildFile; fileRef = 67E7692C207CD62500EEC4BA /* OptimoveEventValidator.swift */; };
		67E76961207CD62500EEC4BA /* OptimoveTenantInfo.swift in Sources */ = {isa = PBXBuildFile; fileRef = 67E7692D207CD62500EEC4BA /* OptimoveTenantInfo.swift */; };
		67E76962207CD62500EEC4BA /* MonitorOptimoveState.swift in Sources */ = {isa = PBXBuildFile; fileRef = 67E7692F207CD62500EEC4BA /* MonitorOptimoveState.swift */; };
		67E76963207CD62500EEC4BA /* State.swift in Sources */ = {isa = PBXBuildFile; fileRef = 67E76930207CD62500EEC4BA /* State.swift */; };
		67E76964207CD62500EEC4BA /* OptimoveDeepLinkResponder.swift in Sources */ = {isa = PBXBuildFile; fileRef = 67E76932207CD62500EEC4BA /* OptimoveDeepLinkResponder.swift */; };
		67E76965207CD62500EEC4BA /* ConfigurationProvider.swift in Sources */ = {isa = PBXBuildFile; fileRef = 67E76935207CD62500EEC4BA /* ConfigurationProvider.swift */; };
		67E76966207CD62500EEC4BA /* CampaignDetails.swift in Sources */ = {isa = PBXBuildFile; fileRef = 67E76937207CD62500EEC4BA /* CampaignDetails.swift */; };
		67E76967207CD62500EEC4BA /* OptimovePredefinedEvents.swift in Sources */ = {isa = PBXBuildFile; fileRef = 67E76938207CD62500EEC4BA /* OptimovePredefinedEvents.swift */; };
		67E76968207CD62500EEC4BA /* OptiTrack.swift in Sources */ = {isa = PBXBuildFile; fileRef = 67E7693B207CD62500EEC4BA /* OptiTrack.swift */; };
		67E76969207CD62500EEC4BA /* OptitrackMetaData.swift in Sources */ = {isa = PBXBuildFile; fileRef = 67E7693C207CD62500EEC4BA /* OptitrackMetaData.swift */; };
		67E7696A207CD62500EEC4BA /* OptimoveFileManager.swift in Sources */ = {isa = PBXBuildFile; fileRef = 67E76940207CD62500EEC4BA /* OptimoveFileManager.swift */; };
		67E7696B207CD62600EEC4BA /* Synchronizable.swift in Sources */ = {isa = PBXBuildFile; fileRef = 67E76941207CD62500EEC4BA /* Synchronizable.swift */; };
		67E7696C207CD62600EEC4BA /* UserInSession.swift in Sources */ = {isa = PBXBuildFile; fileRef = 67E76942207CD62500EEC4BA /* UserInSession.swift */; };
		67E7696D207CD62600EEC4BA /* Constants.swift in Sources */ = {isa = PBXBuildFile; fileRef = 67E76944207CD62500EEC4BA /* Constants.swift */; };
		67E7696E207CD62600EEC4BA /* ComponentsConstants.swift in Sources */ = {isa = PBXBuildFile; fileRef = 67E76945207CD62500EEC4BA /* ComponentsConstants.swift */; };
		67E7696F207CD62600EEC4BA /* SHA1.swift in Sources */ = {isa = PBXBuildFile; fileRef = 67E76947207CD62500EEC4BA /* SHA1.swift */; };
		67E76970207CD62600EEC4BA /* NetworkManager.swift in Sources */ = {isa = PBXBuildFile; fileRef = 67E76949207CD62500EEC4BA /* NetworkManager.swift */; };
		67E76971207CD62600EEC4BA /* Extensions.swift in Sources */ = {isa = PBXBuildFile; fileRef = 67E7694B207CD62500EEC4BA /* Extensions.swift */; };
		67E76972207CD62600EEC4BA /* OptimoveError.swift in Sources */ = {isa = PBXBuildFile; fileRef = 67E7694D207CD62500EEC4BA /* OptimoveError.swift */; };
		67E76973207CD62600EEC4BA /* EventConfig.swift in Sources */ = {isa = PBXBuildFile; fileRef = 67E7694F207CD62500EEC4BA /* EventConfig.swift */; };
		67E76974207CD62600EEC4BA /* Event.swift in Sources */ = {isa = PBXBuildFile; fileRef = 67E76950207CD62500EEC4BA /* Event.swift */; };
		67E76975207CD62600EEC4BA /* OptipushMetaData.swift in Sources */ = {isa = PBXBuildFile; fileRef = 67E76952207CD62500EEC4BA /* OptipushMetaData.swift */; };
		67E76976207CD62600EEC4BA /* Optipush.swift in Sources */ = {isa = PBXBuildFile; fileRef = 67E76953207CD62500EEC4BA /* Optipush.swift */; };
		67E76977207CD62600EEC4BA /* RegistrationRequestComposer.swift in Sources */ = {isa = PBXBuildFile; fileRef = 67E76955207CD62500EEC4BA /* RegistrationRequestComposer.swift */; };
		67E76978207CD62600EEC4BA /* OptimoveRegistrationApiPaths.swift in Sources */ = {isa = PBXBuildFile; fileRef = 67E76956207CD62500EEC4BA /* OptimoveRegistrationApiPaths.swift */; };
		67E76979207CD62600EEC4BA /* Registrar.swift in Sources */ = {isa = PBXBuildFile; fileRef = 67E76957207CD62500EEC4BA /* Registrar.swift */; };
		67E7697A207CD62600EEC4BA /* FirebaseInteractor.swift in Sources */ = {isa = PBXBuildFile; fileRef = 67E76959207CD62500EEC4BA /* FirebaseInteractor.swift */; };
		67E7697B207CD62600EEC4BA /* FirebaseMetaData.swift in Sources */ = {isa = PBXBuildFile; fileRef = 67E7695A207CD62500EEC4BA /* FirebaseMetaData.swift */; };
		67E7697C207CD62600EEC4BA /* Info.plist in Resources */ = {isa = PBXBuildFile; fileRef = 67E7695B207CD62500EEC4BA /* Info.plist */; };
		F1B45BAC6A76688B6024040F /* Pods_SwiftDemoApp.framework in Frameworks */ = {isa = PBXBuildFile; fileRef = EEF585A4186C57CD1B7C0417 /* Pods_SwiftDemoApp.framework */; };
/* End PBXBuildFile section */

/* Begin PBXFileReference section */
		166EBE781B46A47BDEAA4717 /* Pods-SwiftDemoApp.release.xcconfig */ = {isa = PBXFileReference; includeInIndex = 1; lastKnownFileType = text.xcconfig; name = "Pods-SwiftDemoApp.release.xcconfig"; path = "Pods/Target Support Files/Pods-SwiftDemoApp/Pods-SwiftDemoApp.release.xcconfig"; sourceTree = "<group>"; };
		5F5C979EC84C01017D864B5C /* Pods-SwiftDemoApp.debug.xcconfig */ = {isa = PBXFileReference; includeInIndex = 1; lastKnownFileType = text.xcconfig; name = "Pods-SwiftDemoApp.debug.xcconfig"; path = "Pods/Target Support Files/Pods-SwiftDemoApp/Pods-SwiftDemoApp.debug.xcconfig"; sourceTree = "<group>"; };
		67DA315B2015918B0037089F /* SwiftDemoApp.app */ = {isa = PBXFileReference; explicitFileType = wrapper.application; includeInIndex = 0; path = SwiftDemoApp.app; sourceTree = BUILT_PRODUCTS_DIR; };
		67DA31C8201598920037089F /* ViewController.swift */ = {isa = PBXFileReference; fileEncoding = 4; lastKnownFileType = sourcecode.swift; path = ViewController.swift; sourceTree = "<group>"; };
		67DA31C9201598920037089F /* CustomEvents.swift */ = {isa = PBXFileReference; fileEncoding = 4; lastKnownFileType = sourcecode.swift; path = CustomEvents.swift; sourceTree = "<group>"; };
		67DA31CA201598920037089F /* ReportEventViewController.swift */ = {isa = PBXFileReference; fileEncoding = 4; lastKnownFileType = sourcecode.swift; path = ReportEventViewController.swift; sourceTree = "<group>"; };
		67DA31CB201598920037089F /* Assets.xcassets */ = {isa = PBXFileReference; lastKnownFileType = folder.assetcatalog; path = Assets.xcassets; sourceTree = "<group>"; };
		67DA31CC201598920037089F /* EventTableViewCell.swift */ = {isa = PBXFileReference; fileEncoding = 4; lastKnownFileType = sourcecode.swift; path = EventTableViewCell.swift; sourceTree = "<group>"; };
		67DA31CE201598920037089F /* Base */ = {isa = PBXFileReference; lastKnownFileType = file.storyboard; name = Base; path = Base.lproj/LaunchScreen.storyboard; sourceTree = "<group>"; };
		67DA31D0201598920037089F /* Base */ = {isa = PBXFileReference; lastKnownFileType = file.storyboard; name = Base; path = Base.lproj/Main.storyboard; sourceTree = "<group>"; };
		67DA31D2201598920037089F /* AppDelegate.swift */ = {isa = PBXFileReference; fileEncoding = 4; lastKnownFileType = sourcecode.swift; path = AppDelegate.swift; sourceTree = "<group>"; };
		67DA31D3201598920037089F /* SetUserIDViewController.swift */ = {isa = PBXFileReference; fileEncoding = 4; lastKnownFileType = sourcecode.swift; path = SetUserIDViewController.swift; sourceTree = "<group>"; };
		67DA31D4201598920037089F /* Info.plist */ = {isa = PBXFileReference; fileEncoding = 4; lastKnownFileType = text.plist.xml; path = Info.plist; sourceTree = "<group>"; };
		67DA323720159AE10037089F /* SwiftDemoApp.entitlements */ = {isa = PBXFileReference; lastKnownFileType = text.plist.entitlements; path = SwiftDemoApp.entitlements; sourceTree = "<group>"; };
		67E76927207CD62500EEC4BA /* OptimoveComponentsInitializer.swift */ = {isa = PBXFileReference; fileEncoding = 4; lastKnownFileType = sourcecode.swift; path = OptimoveComponentsInitializer.swift; sourceTree = "<group>"; };
		67E76928207CD62500EEC4BA /* AtomicBool.swift */ = {isa = PBXFileReference; fileEncoding = 4; lastKnownFileType = sourcecode.swift; path = AtomicBool.swift; sourceTree = "<group>"; };
		67E76929207CD62500EEC4BA /* Optimove.swift */ = {isa = PBXFileReference; fileEncoding = 4; lastKnownFileType = sourcecode.swift; path = Optimove.swift; sourceTree = "<group>"; };
		67E7692B207CD62500EEC4BA /* OptimoveNotificationHandler.swift */ = {isa = PBXFileReference; fileEncoding = 4; lastKnownFileType = sourcecode.swift; path = OptimoveNotificationHandler.swift; sourceTree = "<group>"; };
		67E7692C207CD62500EEC4BA /* OptimoveEventValidator.swift */ = {isa = PBXFileReference; fileEncoding = 4; lastKnownFileType = sourcecode.swift; path = OptimoveEventValidator.swift; sourceTree = "<group>"; };
		67E7692D207CD62500EEC4BA /* OptimoveTenantInfo.swift */ = {isa = PBXFileReference; fileEncoding = 4; lastKnownFileType = sourcecode.swift; path = OptimoveTenantInfo.swift; sourceTree = "<group>"; };
		67E7692F207CD62500EEC4BA /* MonitorOptimoveState.swift */ = {isa = PBXFileReference; fileEncoding = 4; lastKnownFileType = sourcecode.swift; path = MonitorOptimoveState.swift; sourceTree = "<group>"; };
		67E76930207CD62500EEC4BA /* State.swift */ = {isa = PBXFileReference; fileEncoding = 4; lastKnownFileType = sourcecode.swift; path = State.swift; sourceTree = "<group>"; };
		67E76932207CD62500EEC4BA /* OptimoveDeepLinkResponder.swift */ = {isa = PBXFileReference; fileEncoding = 4; lastKnownFileType = sourcecode.swift; path = OptimoveDeepLinkResponder.swift; sourceTree = "<group>"; };
		67E76935207CD62500EEC4BA /* ConfigurationProvider.swift */ = {isa = PBXFileReference; fileEncoding = 4; lastKnownFileType = sourcecode.swift; path = ConfigurationProvider.swift; sourceTree = "<group>"; };
		67E76937207CD62500EEC4BA /* CampaignDetails.swift */ = {isa = PBXFileReference; fileEncoding = 4; lastKnownFileType = sourcecode.swift; path = CampaignDetails.swift; sourceTree = "<group>"; };
		67E76938207CD62500EEC4BA /* OptimovePredefinedEvents.swift */ = {isa = PBXFileReference; fileEncoding = 4; lastKnownFileType = sourcecode.swift; path = OptimovePredefinedEvents.swift; sourceTree = "<group>"; };
		67E76939207CD62500EEC4BA /* OptimoveSDK.h */ = {isa = PBXFileReference; fileEncoding = 4; lastKnownFileType = sourcecode.c.h; path = OptimoveSDK.h; sourceTree = "<group>"; };
		67E7693B207CD62500EEC4BA /* OptiTrack.swift */ = {isa = PBXFileReference; fileEncoding = 4; lastKnownFileType = sourcecode.swift; path = OptiTrack.swift; sourceTree = "<group>"; };
		67E7693C207CD62500EEC4BA /* OptitrackMetaData.swift */ = {isa = PBXFileReference; fileEncoding = 4; lastKnownFileType = sourcecode.swift; path = OptitrackMetaData.swift; sourceTree = "<group>"; };
		67E76940207CD62500EEC4BA /* OptimoveFileManager.swift */ = {isa = PBXFileReference; fileEncoding = 4; lastKnownFileType = sourcecode.swift; path = OptimoveFileManager.swift; sourceTree = "<group>"; };
		67E76941207CD62500EEC4BA /* Synchronizable.swift */ = {isa = PBXFileReference; fileEncoding = 4; lastKnownFileType = sourcecode.swift; path = Synchronizable.swift; sourceTree = "<group>"; };
		67E76942207CD62500EEC4BA /* UserInSession.swift */ = {isa = PBXFileReference; fileEncoding = 4; lastKnownFileType = sourcecode.swift; path = UserInSession.swift; sourceTree = "<group>"; };
		67E76944207CD62500EEC4BA /* Constants.swift */ = {isa = PBXFileReference; fileEncoding = 4; lastKnownFileType = sourcecode.swift; path = Constants.swift; sourceTree = "<group>"; };
		67E76945207CD62500EEC4BA /* ComponentsConstants.swift */ = {isa = PBXFileReference; fileEncoding = 4; lastKnownFileType = sourcecode.swift; path = ComponentsConstants.swift; sourceTree = "<group>"; };
		67E76947207CD62500EEC4BA /* SHA1.swift */ = {isa = PBXFileReference; fileEncoding = 4; lastKnownFileType = sourcecode.swift; path = SHA1.swift; sourceTree = "<group>"; };
		67E76949207CD62500EEC4BA /* NetworkManager.swift */ = {isa = PBXFileReference; fileEncoding = 4; lastKnownFileType = sourcecode.swift; path = NetworkManager.swift; sourceTree = "<group>"; };
		67E7694B207CD62500EEC4BA /* Extensions.swift */ = {isa = PBXFileReference; fileEncoding = 4; lastKnownFileType = sourcecode.swift; path = Extensions.swift; sourceTree = "<group>"; };
		67E7694D207CD62500EEC4BA /* OptimoveError.swift */ = {isa = PBXFileReference; fileEncoding = 4; lastKnownFileType = sourcecode.swift; path = OptimoveError.swift; sourceTree = "<group>"; };
		67E7694F207CD62500EEC4BA /* EventConfig.swift */ = {isa = PBXFileReference; fileEncoding = 4; lastKnownFileType = sourcecode.swift; path = EventConfig.swift; sourceTree = "<group>"; };
		67E76950207CD62500EEC4BA /* Event.swift */ = {isa = PBXFileReference; fileEncoding = 4; lastKnownFileType = sourcecode.swift; path = Event.swift; sourceTree = "<group>"; };
		67E76952207CD62500EEC4BA /* OptipushMetaData.swift */ = {isa = PBXFileReference; fileEncoding = 4; lastKnownFileType = sourcecode.swift; path = OptipushMetaData.swift; sourceTree = "<group>"; };
		67E76953207CD62500EEC4BA /* Optipush.swift */ = {isa = PBXFileReference; fileEncoding = 4; lastKnownFileType = sourcecode.swift; path = Optipush.swift; sourceTree = "<group>"; };
		67E76955207CD62500EEC4BA /* RegistrationRequestComposer.swift */ = {isa = PBXFileReference; fileEncoding = 4; lastKnownFileType = sourcecode.swift; path = RegistrationRequestComposer.swift; sourceTree = "<group>"; };
		67E76956207CD62500EEC4BA /* OptimoveRegistrationApiPaths.swift */ = {isa = PBXFileReference; fileEncoding = 4; lastKnownFileType = sourcecode.swift; path = OptimoveRegistrationApiPaths.swift; sourceTree = "<group>"; };
		67E76957207CD62500EEC4BA /* Registrar.swift */ = {isa = PBXFileReference; fileEncoding = 4; lastKnownFileType = sourcecode.swift; path = Registrar.swift; sourceTree = "<group>"; };
		67E76959207CD62500EEC4BA /* FirebaseInteractor.swift */ = {isa = PBXFileReference; fileEncoding = 4; lastKnownFileType = sourcecode.swift; path = FirebaseInteractor.swift; sourceTree = "<group>"; };
		67E7695A207CD62500EEC4BA /* FirebaseMetaData.swift */ = {isa = PBXFileReference; fileEncoding = 4; lastKnownFileType = sourcecode.swift; path = FirebaseMetaData.swift; sourceTree = "<group>"; };
		67E7695B207CD62500EEC4BA /* Info.plist */ = {isa = PBXFileReference; fileEncoding = 4; lastKnownFileType = text.plist.xml; path = Info.plist; sourceTree = "<group>"; };
		EEF585A4186C57CD1B7C0417 /* Pods_SwiftDemoApp.framework */ = {isa = PBXFileReference; explicitFileType = wrapper.framework; includeInIndex = 0; path = Pods_SwiftDemoApp.framework; sourceTree = BUILT_PRODUCTS_DIR; };
/* End PBXFileReference section */

/* Begin PBXFrameworksBuildPhase section */
		67DA31582015918B0037089F /* Frameworks */ = {
			isa = PBXFrameworksBuildPhase;
			buildActionMask = 2147483647;
			files = (
				F1B45BAC6A76688B6024040F /* Pods_SwiftDemoApp.framework in Frameworks */,
			);
			runOnlyForDeploymentPostprocessing = 0;
		};
/* End PBXFrameworksBuildPhase section */

/* Begin PBXGroup section */
		0CCDFFA1D773E2077BF216E8 /* Pods */ = {
			isa = PBXGroup;
			children = (
				5F5C979EC84C01017D864B5C /* Pods-SwiftDemoApp.debug.xcconfig */,
				166EBE781B46A47BDEAA4717 /* Pods-SwiftDemoApp.release.xcconfig */,
			);
			name = Pods;
			sourceTree = "<group>";
		};
		67DA31522015918B0037089F = {
			isa = PBXGroup;
			children = (
				67E76924207CD62500EEC4BA /* OptimoveSDK */,
				67DA31C7201598920037089F /* SwiftDemoApp */,
				67DA315C2015918B0037089F /* Products */,
				0CCDFFA1D773E2077BF216E8 /* Pods */,
				B8F12C2AC96D22D94708F749 /* Frameworks */,
			);
			sourceTree = "<group>";
		};
		67DA315C2015918B0037089F /* Products */ = {
			isa = PBXGroup;
			children = (
				67DA315B2015918B0037089F /* SwiftDemoApp.app */,
			);
			name = Products;
			sourceTree = "<group>";
		};
		67DA31C7201598920037089F /* SwiftDemoApp */ = {
			isa = PBXGroup;
			children = (
				67DA323720159AE10037089F /* SwiftDemoApp.entitlements */,
				67DA31C8201598920037089F /* ViewController.swift */,
				67DA31C9201598920037089F /* CustomEvents.swift */,
				67DA31CA201598920037089F /* ReportEventViewController.swift */,
				67DA31CB201598920037089F /* Assets.xcassets */,
				67DA31CC201598920037089F /* EventTableViewCell.swift */,
				67DA31CD201598920037089F /* LaunchScreen.storyboard */,
				67DA31CF201598920037089F /* Main.storyboard */,
				67DA31D2201598920037089F /* AppDelegate.swift */,
				67DA31D3201598920037089F /* SetUserIDViewController.swift */,
				67DA31D4201598920037089F /* Info.plist */,
			);
			path = SwiftDemoApp;
			sourceTree = "<group>";
		};
		67E76924207CD62500EEC4BA /* OptimoveSDK */ = {
			isa = PBXGroup;
			children = (
				67E76925207CD62500EEC4BA /* Optimove */,
				67E76939207CD62500EEC4BA /* OptimoveSDK.h */,
				67E7693A207CD62500EEC4BA /* OptiTrack */,
				67E7693D207CD62500EEC4BA /* Common */,
				67E76951207CD62500EEC4BA /* OptiPush */,
				67E7695B207CD62500EEC4BA /* Info.plist */,
			);
			path = OptimoveSDK;
			sourceTree = "<group>";
		};
		67E76925207CD62500EEC4BA /* Optimove */ = {
			isa = PBXGroup;
			children = (
				67E76926207CD62500EEC4BA /* Initializer */,
				67E76929207CD62500EEC4BA /* Optimove.swift */,
				67E7692A207CD62500EEC4BA /* NotificationResponder */,
				67E7692C207CD62500EEC4BA /* OptimoveEventValidator.swift */,
				67E7692D207CD62500EEC4BA /* OptimoveTenantInfo.swift */,
				67E7692E207CD62500EEC4BA /* StateMonitor */,
				67E76931207CD62500EEC4BA /* DeepLink */,
				67E76933207CD62500EEC4BA /* Entities */,
			);
			path = Optimove;
			sourceTree = "<group>";
		};
		67E76926207CD62500EEC4BA /* Initializer */ = {
			isa = PBXGroup;
			children = (
				67E76927207CD62500EEC4BA /* OptimoveComponentsInitializer.swift */,
				67E76928207CD62500EEC4BA /* AtomicBool.swift */,
			);
			path = Initializer;
			sourceTree = "<group>";
		};
		67E7692A207CD62500EEC4BA /* NotificationResponder */ = {
			isa = PBXGroup;
			children = (
				67E7692B207CD62500EEC4BA /* OptimoveNotificationHandler.swift */,
			);
			path = NotificationResponder;
			sourceTree = "<group>";
		};
		67E7692E207CD62500EEC4BA /* StateMonitor */ = {
			isa = PBXGroup;
			children = (
				67E7692F207CD62500EEC4BA /* MonitorOptimoveState.swift */,
				67E76930207CD62500EEC4BA /* State.swift */,
			);
			path = StateMonitor;
			sourceTree = "<group>";
		};
		67E76931207CD62500EEC4BA /* DeepLink */ = {
			isa = PBXGroup;
			children = (
				67E76932207CD62500EEC4BA /* OptimoveDeepLinkResponder.swift */,
			);
			path = DeepLink;
			sourceTree = "<group>";
		};
		67E76933207CD62500EEC4BA /* Entities */ = {
			isa = PBXGroup;
			children = (
				67E76934207CD62500EEC4BA /* Providers */,
				67E76936207CD62500EEC4BA /* Campaign */,
				67E76938207CD62500EEC4BA /* OptimovePredefinedEvents.swift */,
			);
			path = Entities;
			sourceTree = "<group>";
		};
		67E76934207CD62500EEC4BA /* Providers */ = {
			isa = PBXGroup;
			children = (
				67E76935207CD62500EEC4BA /* ConfigurationProvider.swift */,
			);
			path = Providers;
			sourceTree = "<group>";
		};
		67E76936207CD62500EEC4BA /* Campaign */ = {
			isa = PBXGroup;
			children = (
				67E76937207CD62500EEC4BA /* CampaignDetails.swift */,
			);
			path = Campaign;
			sourceTree = "<group>";
		};
		67E7693A207CD62500EEC4BA /* OptiTrack */ = {
			isa = PBXGroup;
			children = (
				67E7693B207CD62500EEC4BA /* OptiTrack.swift */,
				67E7693C207CD62500EEC4BA /* OptitrackMetaData.swift */,
			);
			path = OptiTrack;
			sourceTree = "<group>";
		};
		67E7693D207CD62500EEC4BA /* Common */ = {
			isa = PBXGroup;
			children = (
				67E7693E207CD62500EEC4BA /* Singletons */,
				67E76943207CD62500EEC4BA /* Comstants */,
				67E76946207CD62500EEC4BA /* Security */,
				67E76948207CD62500EEC4BA /* Network */,
				67E7694A207CD62500EEC4BA /* Extensions */,
				67E7694C207CD62500EEC4BA /* Error */,
				67E7694E207CD62500EEC4BA /* Event */,
			);
			path = Common;
			sourceTree = "<group>";
		};
		67E7693E207CD62500EEC4BA /* Singletons */ = {
			isa = PBXGroup;
			children = (
				67E7693F207CD62500EEC4BA /* Storage */,
				67E76941207CD62500EEC4BA /* Synchronizable.swift */,
				67E76942207CD62500EEC4BA /* UserInSession.swift */,
			);
			path = Singletons;
			sourceTree = "<group>";
		};
		67E7693F207CD62500EEC4BA /* Storage */ = {
			isa = PBXGroup;
			children = (
				67E76940207CD62500EEC4BA /* OptimoveFileManager.swift */,
			);
			path = Storage;
			sourceTree = "<group>";
		};
		67E76943207CD62500EEC4BA /* Comstants */ = {
			isa = PBXGroup;
			children = (
				67E76944207CD62500EEC4BA /* Constants.swift */,
				67E76945207CD62500EEC4BA /* ComponentsConstants.swift */,
			);
			path = Comstants;
			sourceTree = "<group>";
		};
		67E76946207CD62500EEC4BA /* Security */ = {
			isa = PBXGroup;
			children = (
				67E76947207CD62500EEC4BA /* SHA1.swift */,
			);
			path = Security;
			sourceTree = "<group>";
		};
		67E76948207CD62500EEC4BA /* Network */ = {
			isa = PBXGroup;
			children = (
				67E76949207CD62500EEC4BA /* NetworkManager.swift */,
			);
			path = Network;
			sourceTree = "<group>";
		};
		67E7694A207CD62500EEC4BA /* Extensions */ = {
			isa = PBXGroup;
			children = (
				67E7694B207CD62500EEC4BA /* Extensions.swift */,
			);
			path = Extensions;
			sourceTree = "<group>";
		};
		67E7694C207CD62500EEC4BA /* Error */ = {
			isa = PBXGroup;
			children = (
				67E7694D207CD62500EEC4BA /* OptimoveError.swift */,
			);
			path = Error;
			sourceTree = "<group>";
		};
		67E7694E207CD62500EEC4BA /* Event */ = {
			isa = PBXGroup;
			children = (
				67E7694F207CD62500EEC4BA /* EventConfig.swift */,
				67E76950207CD62500EEC4BA /* Event.swift */,
			);
			path = Event;
			sourceTree = "<group>";
		};
		67E76951207CD62500EEC4BA /* OptiPush */ = {
			isa = PBXGroup;
			children = (
				67E76952207CD62500EEC4BA /* OptipushMetaData.swift */,
				67E76953207CD62500EEC4BA /* Optipush.swift */,
				67E76954207CD62500EEC4BA /* Registrar */,
				67E76958207CD62500EEC4BA /* Firebase */,
			);
			path = OptiPush;
			sourceTree = "<group>";
		};
		67E76954207CD62500EEC4BA /* Registrar */ = {
			isa = PBXGroup;
			children = (
				67E76955207CD62500EEC4BA /* RegistrationRequestComposer.swift */,
				67E76956207CD62500EEC4BA /* OptimoveRegistrationApiPaths.swift */,
				67E76957207CD62500EEC4BA /* Registrar.swift */,
			);
			path = Registrar;
			sourceTree = "<group>";
		};
		67E76958207CD62500EEC4BA /* Firebase */ = {
			isa = PBXGroup;
			children = (
				67E76959207CD62500EEC4BA /* FirebaseInteractor.swift */,
				67E7695A207CD62500EEC4BA /* FirebaseMetaData.swift */,
			);
			path = Firebase;
			sourceTree = "<group>";
		};
		B8F12C2AC96D22D94708F749 /* Frameworks */ = {
			isa = PBXGroup;
			children = (
				EEF585A4186C57CD1B7C0417 /* Pods_SwiftDemoApp.framework */,
			);
			name = Frameworks;
			sourceTree = "<group>";
		};
/* End PBXGroup section */

/* Begin PBXNativeTarget section */
		67DA315A2015918B0037089F /* SwiftDemoApp */ = {
			isa = PBXNativeTarget;
			buildConfigurationList = 67DA316D2015918B0037089F /* Build configuration list for PBXNativeTarget "SwiftDemoApp" */;
			buildPhases = (
				521FE090F485FFA4DDD959E2 /* [CP] Check Pods Manifest.lock */,
				67DA31572015918B0037089F /* Sources */,
				67DA31582015918B0037089F /* Frameworks */,
				67DA31592015918B0037089F /* Resources */,
				ADFD64B6B85015F9E32D520A /* [CP] Embed Pods Frameworks */,
			);
			buildRules = (
			);
			dependencies = (
			);
			name = SwiftDemoApp;
			productName = swift;
			productReference = 67DA315B2015918B0037089F /* SwiftDemoApp.app */;
			productType = "com.apple.product-type.application";
		};
/* End PBXNativeTarget section */

/* Begin PBXProject section */
		67DA31532015918B0037089F /* Project object */ = {
			isa = PBXProject;
			attributes = {
				LastSwiftUpdateCheck = 0920;
				LastUpgradeCheck = 0930;
				ORGANIZATIONNAME = Optimove;
				TargetAttributes = {
					67DA315A2015918B0037089F = {
						CreatedOnToolsVersion = 9.2;
						ProvisioningStyle = Automatic;
						SystemCapabilities = {
							com.apple.BackgroundModes = {
								enabled = 1;
							};
							com.apple.Push = {
								enabled = 1;
							};
						};
					};
				};
			};
			buildConfigurationList = 67DA31562015918B0037089F /* Build configuration list for PBXProject "SwiftDemoApp" */;
			compatibilityVersion = "Xcode 8.0";
			developmentRegion = en;
			hasScannedForEncodings = 0;
			knownRegions = (
				en,
				Base,
			);
			mainGroup = 67DA31522015918B0037089F;
			productRefGroup = 67DA315C2015918B0037089F /* Products */;
			projectDirPath = "";
			projectRoot = "";
			targets = (
				67DA315A2015918B0037089F /* SwiftDemoApp */,
			);
		};
/* End PBXProject section */

/* Begin PBXResourcesBuildPhase section */
		67DA31592015918B0037089F /* Resources */ = {
			isa = PBXResourcesBuildPhase;
			buildActionMask = 2147483647;
			files = (
				67DA3211201598920037089F /* Main.storyboard in Resources */,
				67DA320E201598920037089F /* Assets.xcassets in Resources */,
				67E7697C207CD62600EEC4BA /* Info.plist in Resources */,
				67DA3210201598920037089F /* LaunchScreen.storyboard in Resources */,
			);
			runOnlyForDeploymentPostprocessing = 0;
		};
/* End PBXResourcesBuildPhase section */

/* Begin PBXShellScriptBuildPhase section */
		521FE090F485FFA4DDD959E2 /* [CP] Check Pods Manifest.lock */ = {
			isa = PBXShellScriptBuildPhase;
			buildActionMask = 2147483647;
			files = (
			);
			inputPaths = (
				"${PODS_PODFILE_DIR_PATH}/Podfile.lock",
				"${PODS_ROOT}/Manifest.lock",
			);
			name = "[CP] Check Pods Manifest.lock";
			outputPaths = (
				"$(DERIVED_FILE_DIR)/Pods-SwiftDemoApp-checkManifestLockResult.txt",
			);
			runOnlyForDeploymentPostprocessing = 0;
			shellPath = /bin/sh;
			shellScript = "diff \"${PODS_PODFILE_DIR_PATH}/Podfile.lock\" \"${PODS_ROOT}/Manifest.lock\" > /dev/null\nif [ $? != 0 ] ; then\n    # print error to STDERR\n    echo \"error: The sandbox is not in sync with the Podfile.lock. Run 'pod install' or update your CocoaPods installation.\" >&2\n    exit 1\nfi\n# This output is used by Xcode 'outputs' to avoid re-running this script phase.\necho \"SUCCESS\" > \"${SCRIPT_OUTPUT_FILE_0}\"\n";
			showEnvVarsInLog = 0;
		};
		ADFD64B6B85015F9E32D520A /* [CP] Embed Pods Frameworks */ = {
			isa = PBXShellScriptBuildPhase;
			buildActionMask = 2147483647;
			files = (
			);
			inputPaths = (
				"${SRCROOT}/Pods/Target Support Files/Pods-SwiftDemoApp/Pods-SwiftDemoApp-frameworks.sh",
				"${BUILT_PRODUCTS_DIR}/GoogleToolboxForMac/GoogleToolboxForMac.framework",
				"${BUILT_PRODUCTS_DIR}/ObjcExceptionBridging/ObjcExceptionBridging.framework",
				"${BUILT_PRODUCTS_DIR}/OptimovePiwikTracker/OptimovePiwikTracker.framework",
				"${BUILT_PRODUCTS_DIR}/Protobuf/Protobuf.framework",
				"${BUILT_PRODUCTS_DIR}/XCGLogger/XCGLogger.framework",
				"${BUILT_PRODUCTS_DIR}/nanopb/nanopb.framework",
			);
			name = "[CP] Embed Pods Frameworks";
			outputPaths = (
				"${TARGET_BUILD_DIR}/${FRAMEWORKS_FOLDER_PATH}/GoogleToolboxForMac.framework",
				"${TARGET_BUILD_DIR}/${FRAMEWORKS_FOLDER_PATH}/ObjcExceptionBridging.framework",
				"${TARGET_BUILD_DIR}/${FRAMEWORKS_FOLDER_PATH}/OptimovePiwikTracker.framework",
				"${TARGET_BUILD_DIR}/${FRAMEWORKS_FOLDER_PATH}/Protobuf.framework",
				"${TARGET_BUILD_DIR}/${FRAMEWORKS_FOLDER_PATH}/XCGLogger.framework",
				"${TARGET_BUILD_DIR}/${FRAMEWORKS_FOLDER_PATH}/nanopb.framework",
			);
			runOnlyForDeploymentPostprocessing = 0;
			shellPath = /bin/sh;
			shellScript = "\"${SRCROOT}/Pods/Target Support Files/Pods-SwiftDemoApp/Pods-SwiftDemoApp-frameworks.sh\"\n";
			showEnvVarsInLog = 0;
		};
/* End PBXShellScriptBuildPhase section */

/* Begin PBXSourcesBuildPhase section */
		67DA31572015918B0037089F /* Sources */ = {
			isa = PBXSourcesBuildPhase;
			buildActionMask = 2147483647;
			files = (
				67E76970207CD62600EEC4BA /* NetworkManager.swift in Sources */,
				67E76978207CD62600EEC4BA /* OptimoveRegistrationApiPaths.swift in Sources */,
				67E76969207CD62500EEC4BA /* OptitrackMetaData.swift in Sources */,
				67E76961207CD62500EEC4BA /* OptimoveTenantInfo.swift in Sources */,
				67E7696C207CD62600EEC4BA /* UserInSession.swift in Sources */,
				67DA3213201598920037089F /* AppDelegate.swift in Sources */,
				67E76968207CD62500EEC4BA /* OptiTrack.swift in Sources */,
				67DA320F201598920037089F /* EventTableViewCell.swift in Sources */,
				67E7695E207CD62500EEC4BA /* Optimove.swift in Sources */,
				67DA320B201598920037089F /* ViewController.swift in Sources */,
				67E7696E207CD62600EEC4BA /* ComponentsConstants.swift in Sources */,
				67E76973207CD62600EEC4BA /* EventConfig.swift in Sources */,
				67E76963207CD62500EEC4BA /* State.swift in Sources */,
				67E7697A207CD62600EEC4BA /* FirebaseInteractor.swift in Sources */,
				67E76979207CD62600EEC4BA /* Registrar.swift in Sources */,
				67E76977207CD62600EEC4BA /* RegistrationRequestComposer.swift in Sources */,
				67E76972207CD62600EEC4BA /* OptimoveError.swift in Sources */,
				67E76974207CD62600EEC4BA /* Event.swift in Sources */,
				67E76976207CD62600EEC4BA /* Optipush.swift in Sources */,
				67E76975207CD62600EEC4BA /* OptipushMetaData.swift in Sources */,
				67DA3214201598920037089F /* SetUserIDViewController.swift in Sources */,
				67E7695D207CD62500EEC4BA /* AtomicBool.swift in Sources */,
				67E7695F207CD62500EEC4BA /* OptimoveNotificationHandler.swift in Sources */,
				67E76967207CD62500EEC4BA /* OptimovePredefinedEvents.swift in Sources */,
				67E76966207CD62500EEC4BA /* CampaignDetails.swift in Sources */,
				67E76965207CD62500EEC4BA /* ConfigurationProvider.swift in Sources */,
				67E7696A207CD62500EEC4BA /* OptimoveFileManager.swift in Sources */,
				67E7695C207CD62500EEC4BA /* OptimoveComponentsInitializer.swift in Sources */,
				67DA320D201598920037089F /* ReportEventViewController.swift in Sources */,
				67E76962207CD62500EEC4BA /* MonitorOptimoveState.swift in Sources */,
				67E7696B207CD62600EEC4BA /* Synchronizable.swift in Sources */,
				67E76964207CD62500EEC4BA /* OptimoveDeepLinkResponder.swift in Sources */,
				67E7696F207CD62600EEC4BA /* SHA1.swift in Sources */,
				67E7697B207CD62600EEC4BA /* FirebaseMetaData.swift in Sources */,
				67E76960207CD62500EEC4BA /* OptimoveEventValidator.swift in Sources */,
				67DA320C201598920037089F /* CustomEvents.swift in Sources */,
				67E7696D207CD62600EEC4BA /* Constants.swift in Sources */,
				67E76971207CD62600EEC4BA /* Extensions.swift in Sources */,
			);
			runOnlyForDeploymentPostprocessing = 0;
		};
/* End PBXSourcesBuildPhase section */

/* Begin PBXVariantGroup section */
		67DA31CD201598920037089F /* LaunchScreen.storyboard */ = {
			isa = PBXVariantGroup;
			children = (
				67DA31CE201598920037089F /* Base */,
			);
			name = LaunchScreen.storyboard;
			sourceTree = "<group>";
		};
		67DA31CF201598920037089F /* Main.storyboard */ = {
			isa = PBXVariantGroup;
			children = (
				67DA31D0201598920037089F /* Base */,
			);
			name = Main.storyboard;
			sourceTree = "<group>";
		};
/* End PBXVariantGroup section */

/* Begin XCBuildConfiguration section */
		67DA316B2015918B0037089F /* Debug */ = {
			isa = XCBuildConfiguration;
			buildSettings = {
				ALWAYS_SEARCH_USER_PATHS = NO;
				CLANG_ANALYZER_NONNULL = YES;
				CLANG_ANALYZER_NUMBER_OBJECT_CONVERSION = YES_AGGRESSIVE;
				CLANG_CXX_LANGUAGE_STANDARD = "gnu++14";
				CLANG_CXX_LIBRARY = "libc++";
				CLANG_ENABLE_MODULES = YES;
				CLANG_ENABLE_OBJC_ARC = YES;
				CLANG_WARN_BLOCK_CAPTURE_AUTORELEASING = YES;
				CLANG_WARN_BOOL_CONVERSION = YES;
				CLANG_WARN_COMMA = YES;
				CLANG_WARN_CONSTANT_CONVERSION = YES;
				CLANG_WARN_DEPRECATED_OBJC_IMPLEMENTATIONS = YES;
				CLANG_WARN_DIRECT_OBJC_ISA_USAGE = YES_ERROR;
				CLANG_WARN_DOCUMENTATION_COMMENTS = YES;
				CLANG_WARN_EMPTY_BODY = YES;
				CLANG_WARN_ENUM_CONVERSION = YES;
				CLANG_WARN_INFINITE_RECURSION = YES;
				CLANG_WARN_INT_CONVERSION = YES;
				CLANG_WARN_NON_LITERAL_NULL_CONVERSION = YES;
				CLANG_WARN_OBJC_IMPLICIT_RETAIN_SELF = YES;
				CLANG_WARN_OBJC_LITERAL_CONVERSION = YES;
				CLANG_WARN_OBJC_ROOT_CLASS = YES_ERROR;
				CLANG_WARN_RANGE_LOOP_ANALYSIS = YES;
				CLANG_WARN_STRICT_PROTOTYPES = YES;
				CLANG_WARN_SUSPICIOUS_MOVE = YES;
				CLANG_WARN_UNGUARDED_AVAILABILITY = YES_AGGRESSIVE;
				CLANG_WARN_UNREACHABLE_CODE = YES;
				CLANG_WARN__DUPLICATE_METHOD_MATCH = YES;
				CODE_SIGN_IDENTITY = "iPhone Developer";
				COPY_PHASE_STRIP = NO;
				DEBUG_INFORMATION_FORMAT = dwarf;
				ENABLE_STRICT_OBJC_MSGSEND = YES;
				ENABLE_TESTABILITY = YES;
				GCC_C_LANGUAGE_STANDARD = gnu11;
				GCC_DYNAMIC_NO_PIC = NO;
				GCC_NO_COMMON_BLOCKS = YES;
				GCC_OPTIMIZATION_LEVEL = 0;
				GCC_PREPROCESSOR_DEFINITIONS = (
					"DEBUG=1",
					"$(inherited)",
				);
				GCC_WARN_64_TO_32_BIT_CONVERSION = YES;
				GCC_WARN_ABOUT_RETURN_TYPE = YES_ERROR;
				GCC_WARN_UNDECLARED_SELECTOR = YES;
				GCC_WARN_UNINITIALIZED_AUTOS = YES_AGGRESSIVE;
				GCC_WARN_UNUSED_FUNCTION = YES;
				GCC_WARN_UNUSED_VARIABLE = YES;
				IPHONEOS_DEPLOYMENT_TARGET = 11.2;
				MTL_ENABLE_DEBUG_INFO = YES;
				ONLY_ACTIVE_ARCH = YES;
				SDKROOT = iphoneos;
				SWIFT_ACTIVE_COMPILATION_CONDITIONS = DEBUG;
				SWIFT_OPTIMIZATION_LEVEL = "-Onone";
			};
			name = Debug;
		};
		67DA316C2015918B0037089F /* Release */ = {
			isa = XCBuildConfiguration;
			buildSettings = {
				ALWAYS_SEARCH_USER_PATHS = NO;
				CLANG_ANALYZER_NONNULL = YES;
				CLANG_ANALYZER_NUMBER_OBJECT_CONVERSION = YES_AGGRESSIVE;
				CLANG_CXX_LANGUAGE_STANDARD = "gnu++14";
				CLANG_CXX_LIBRARY = "libc++";
				CLANG_ENABLE_MODULES = YES;
				CLANG_ENABLE_OBJC_ARC = YES;
				CLANG_WARN_BLOCK_CAPTURE_AUTORELEASING = YES;
				CLANG_WARN_BOOL_CONVERSION = YES;
				CLANG_WARN_COMMA = YES;
				CLANG_WARN_CONSTANT_CONVERSION = YES;
				CLANG_WARN_DEPRECATED_OBJC_IMPLEMENTATIONS = YES;
				CLANG_WARN_DIRECT_OBJC_ISA_USAGE = YES_ERROR;
				CLANG_WARN_DOCUMENTATION_COMMENTS = YES;
				CLANG_WARN_EMPTY_BODY = YES;
				CLANG_WARN_ENUM_CONVERSION = YES;
				CLANG_WARN_INFINITE_RECURSION = YES;
				CLANG_WARN_INT_CONVERSION = YES;
				CLANG_WARN_NON_LITERAL_NULL_CONVERSION = YES;
				CLANG_WARN_OBJC_IMPLICIT_RETAIN_SELF = YES;
				CLANG_WARN_OBJC_LITERAL_CONVERSION = YES;
				CLANG_WARN_OBJC_ROOT_CLASS = YES_ERROR;
				CLANG_WARN_RANGE_LOOP_ANALYSIS = YES;
				CLANG_WARN_STRICT_PROTOTYPES = YES;
				CLANG_WARN_SUSPICIOUS_MOVE = YES;
				CLANG_WARN_UNGUARDED_AVAILABILITY = YES_AGGRESSIVE;
				CLANG_WARN_UNREACHABLE_CODE = YES;
				CLANG_WARN__DUPLICATE_METHOD_MATCH = YES;
				CODE_SIGN_IDENTITY = "iPhone Developer";
				COPY_PHASE_STRIP = NO;
				DEBUG_INFORMATION_FORMAT = "dwarf-with-dsym";
				ENABLE_NS_ASSERTIONS = NO;
				ENABLE_STRICT_OBJC_MSGSEND = YES;
				GCC_C_LANGUAGE_STANDARD = gnu11;
				GCC_NO_COMMON_BLOCKS = YES;
				GCC_WARN_64_TO_32_BIT_CONVERSION = YES;
				GCC_WARN_ABOUT_RETURN_TYPE = YES_ERROR;
				GCC_WARN_UNDECLARED_SELECTOR = YES;
				GCC_WARN_UNINITIALIZED_AUTOS = YES_AGGRESSIVE;
				GCC_WARN_UNUSED_FUNCTION = YES;
				GCC_WARN_UNUSED_VARIABLE = YES;
				IPHONEOS_DEPLOYMENT_TARGET = 11.2;
				MTL_ENABLE_DEBUG_INFO = NO;
				SDKROOT = iphoneos;
				SWIFT_OPTIMIZATION_LEVEL = "-Owholemodule";
				VALIDATE_PRODUCT = YES;
			};
			name = Release;
		};
		67DA316E2015918B0037089F /* Debug */ = {
			isa = XCBuildConfiguration;
			baseConfigurationReference = 5F5C979EC84C01017D864B5C /* Pods-SwiftDemoApp.debug.xcconfig */;
			buildSettings = {
				ASSETCATALOG_COMPILER_APPICON_NAME = AppIcon;
				CODE_SIGN_ENTITLEMENTS = SwiftDemoApp/SwiftDemoApp.entitlements;
				CODE_SIGN_STYLE = Automatic;
				DEVELOPMENT_TEAM = LDTF4M4FTC;
				INFOPLIST_FILE = SwiftDemoApp/Info.plist;
				IPHONEOS_DEPLOYMENT_TARGET = 10.0;
				LD_RUNPATH_SEARCH_PATHS = "$(inherited) @executable_path/Frameworks";
				PRODUCT_BUNDLE_IDENTIFIER = com.optimove.sdk.demo.swift;
				PRODUCT_NAME = "$(TARGET_NAME)";
				SWIFT_VERSION = 4.0;
				TARGETED_DEVICE_FAMILY = 1;
			};
			name = Debug;
		};
		67DA316F2015918B0037089F /* Release */ = {
			isa = XCBuildConfiguration;
			baseConfigurationReference = 166EBE781B46A47BDEAA4717 /* Pods-SwiftDemoApp.release.xcconfig */;
			buildSettings = {
				ASSETCATALOG_COMPILER_APPICON_NAME = AppIcon;
				CODE_SIGN_ENTITLEMENTS = SwiftDemoApp/SwiftDemoApp.entitlements;
				CODE_SIGN_STYLE = Automatic;
				DEVELOPMENT_TEAM = LDTF4M4FTC;
				INFOPLIST_FILE = SwiftDemoApp/Info.plist;
				IPHONEOS_DEPLOYMENT_TARGET = 10.0;
				LD_RUNPATH_SEARCH_PATHS = "$(inherited) @executable_path/Frameworks";
				PRODUCT_BUNDLE_IDENTIFIER = com.optimove.sdk.demo.swift;
				PRODUCT_NAME = "$(TARGET_NAME)";
				SWIFT_VERSION = 4.0;
				TARGETED_DEVICE_FAMILY = 1;
			};
			name = Release;
		};
/* End XCBuildConfiguration section */

/* Begin XCConfigurationList section */
		67DA31562015918B0037089F /* Build configuration list for PBXProject "SwiftDemoApp" */ = {
			isa = XCConfigurationList;
			buildConfigurations = (
				67DA316B2015918B0037089F /* Debug */,
				67DA316C2015918B0037089F /* Release */,
			);
			defaultConfigurationIsVisible = 0;
			defaultConfigurationName = Release;
		};
		67DA316D2015918B0037089F /* Build configuration list for PBXNativeTarget "SwiftDemoApp" */ = {
			isa = XCConfigurationList;
			buildConfigurations = (
				67DA316E2015918B0037089F /* Debug */,
				67DA316F2015918B0037089F /* Release */,
			);
			defaultConfigurationIsVisible = 0;
			defaultConfigurationName = Release;
		};
/* End XCConfigurationList section */
	};
	rootObject = 67DA31532015918B0037089F /* Project object */;
}
