// !$*UTF8*$!
{
	archiveVersion = 1;
	classes = {
	};
	objectVersion = 48;
	objects = {

/* Begin PBXBuildFile section */
		469762B064298D3E4D6E325F /* libPods-NotificationExtension.a in Frameworks */ = {isa = PBXBuildFile; fileRef = BA7594C8DD31C01CA5A44224 /* libPods-NotificationExtension.a */; };
		671587FF20E925A200C0B495 /* NotificationService.m in Sources */ = {isa = PBXBuildFile; fileRef = 671587FE20E925A200C0B495 /* NotificationService.m */; };
		6715880320E925A200C0B495 /* NotificationExtension.appex in Embed App Extensions */ = {isa = PBXBuildFile; fileRef = 671587FB20E925A200C0B495 /* NotificationExtension.appex */; settings = {ATTRIBUTES = (RemoveHeadersOnCopy, ); }; };
		6715880A20E9273100C0B495 /* OptimoveDummy.swift in Sources */ = {isa = PBXBuildFile; fileRef = 6715880920E9273100C0B495 /* OptimoveDummy.swift */; };
		6715880B20E927AB00C0B495 /* OptimoveDummy.swift in Sources */ = {isa = PBXBuildFile; fileRef = 6715880920E9273100C0B495 /* OptimoveDummy.swift */; };
		672DDE5C200F358000193051 /* SetUserIdViewController.m in Sources */ = {isa = PBXBuildFile; fileRef = 672DDE5B200F358000193051 /* SetUserIdViewController.m */; };
		672DDE6220107C6400193051 /* ReportEventViewController.m in Sources */ = {isa = PBXBuildFile; fileRef = 672DDE6120107C6400193051 /* ReportEventViewController.m */; };
		674DF0EB200BA1AC00518998 /* AppDelegate.m in Sources */ = {isa = PBXBuildFile; fileRef = 674DF0EA200BA1AC00518998 /* AppDelegate.m */; };
		674DF0EE200BA1AC00518998 /* MainViewController.m in Sources */ = {isa = PBXBuildFile; fileRef = 674DF0ED200BA1AC00518998 /* MainViewController.m */; };
		674DF0F1200BA1AC00518998 /* Main.storyboard in Resources */ = {isa = PBXBuildFile; fileRef = 674DF0EF200BA1AC00518998 /* Main.storyboard */; };
		674DF0F3200BA1AC00518998 /* Assets.xcassets in Resources */ = {isa = PBXBuildFile; fileRef = 674DF0F2200BA1AC00518998 /* Assets.xcassets */; };
		674DF0F6200BA1AC00518998 /* LaunchScreen.storyboard in Resources */ = {isa = PBXBuildFile; fileRef = 674DF0F4200BA1AC00518998 /* LaunchScreen.storyboard */; };
		674DF0F9200BA1AC00518998 /* main.m in Sources */ = {isa = PBXBuildFile; fileRef = 674DF0F8200BA1AC00518998 /* main.m */; };
		677AF63B2014A467002CBA4F /* CombinedEvent.m in Sources */ = {isa = PBXBuildFile; fileRef = 677AF63A2014A467002CBA4F /* CombinedEvent.m */; };
		F2039C3CEC94A2D0BB8C8797 /* libPods-ObjcDemoApp.a in Frameworks */ = {isa = PBXBuildFile; fileRef = F23630E9CC686AF6384FA14F /* libPods-ObjcDemoApp.a */; };
/* End PBXBuildFile section */

/* Begin PBXContainerItemProxy section */
		6715880120E925A200C0B495 /* PBXContainerItemProxy */ = {
			isa = PBXContainerItemProxy;
			containerPortal = 674DF0DE200BA1AC00518998 /* Project object */;
			proxyType = 1;
			remoteGlobalIDString = 671587FA20E925A200C0B495;
			remoteInfo = NotificationExtension;
		};
/* End PBXContainerItemProxy section */

/* Begin PBXCopyFilesBuildPhase section */
		6715880720E925A200C0B495 /* Embed App Extensions */ = {
			isa = PBXCopyFilesBuildPhase;
			buildActionMask = 2147483647;
			dstPath = "";
			dstSubfolderSpec = 13;
			files = (
				6715880320E925A200C0B495 /* NotificationExtension.appex in Embed App Extensions */,
			);
			name = "Embed App Extensions";
			runOnlyForDeploymentPostprocessing = 0;
		};
/* End PBXCopyFilesBuildPhase section */

/* Begin PBXFileReference section */
		10ACE71C3CFED749E68819FF /* Pods-NotificationExtension.release.xcconfig */ = {isa = PBXFileReference; includeInIndex = 1; lastKnownFileType = text.xcconfig; name = "Pods-NotificationExtension.release.xcconfig"; path = "Pods/Target Support Files/Pods-NotificationExtension/Pods-NotificationExtension.release.xcconfig"; sourceTree = "<group>"; };
		671587FB20E925A200C0B495 /* NotificationExtension.appex */ = {isa = PBXFileReference; explicitFileType = "wrapper.app-extension"; includeInIndex = 0; path = NotificationExtension.appex; sourceTree = BUILT_PRODUCTS_DIR; };
		671587FD20E925A200C0B495 /* NotificationService.h */ = {isa = PBXFileReference; lastKnownFileType = sourcecode.c.h; path = NotificationService.h; sourceTree = "<group>"; };
		671587FE20E925A200C0B495 /* NotificationService.m */ = {isa = PBXFileReference; lastKnownFileType = sourcecode.c.objc; path = NotificationService.m; sourceTree = "<group>"; };
		6715880020E925A200C0B495 /* Info.plist */ = {isa = PBXFileReference; lastKnownFileType = text.plist.xml; path = Info.plist; sourceTree = "<group>"; };
		6715880820E9273100C0B495 /* ObjcDemoApp-Bridging-Header.h */ = {isa = PBXFileReference; lastKnownFileType = sourcecode.c.h; path = "ObjcDemoApp-Bridging-Header.h"; sourceTree = "<group>"; };
		6715880920E9273100C0B495 /* OptimoveDummy.swift */ = {isa = PBXFileReference; lastKnownFileType = sourcecode.swift; path = OptimoveDummy.swift; sourceTree = "<group>"; };
		672DDE5A200F358000193051 /* SetUserIdViewController.h */ = {isa = PBXFileReference; lastKnownFileType = sourcecode.c.h; path = SetUserIdViewController.h; sourceTree = "<group>"; };
		672DDE5B200F358000193051 /* SetUserIdViewController.m */ = {isa = PBXFileReference; lastKnownFileType = sourcecode.c.objc; path = SetUserIdViewController.m; sourceTree = "<group>"; };
		672DDE6020107C6400193051 /* ReportEventViewController.h */ = {isa = PBXFileReference; lastKnownFileType = sourcecode.c.h; path = ReportEventViewController.h; sourceTree = "<group>"; };
		672DDE6120107C6400193051 /* ReportEventViewController.m */ = {isa = PBXFileReference; lastKnownFileType = sourcecode.c.objc; path = ReportEventViewController.m; sourceTree = "<group>"; };
		674BFCCD20EA162400253758 /* NotificationExtension.entitlements */ = {isa = PBXFileReference; lastKnownFileType = text.plist.entitlements; path = NotificationExtension.entitlements; sourceTree = "<group>"; };
		674DF0E6200BA1AC00518998 /* ObjcDemoApp.app */ = {isa = PBXFileReference; explicitFileType = wrapper.application; includeInIndex = 0; path = ObjcDemoApp.app; sourceTree = BUILT_PRODUCTS_DIR; };
		674DF0E9200BA1AC00518998 /* AppDelegate.h */ = {isa = PBXFileReference; lastKnownFileType = sourcecode.c.h; path = AppDelegate.h; sourceTree = "<group>"; };
		674DF0EA200BA1AC00518998 /* AppDelegate.m */ = {isa = PBXFileReference; lastKnownFileType = sourcecode.c.objc; path = AppDelegate.m; sourceTree = "<group>"; };
		674DF0EC200BA1AC00518998 /* MainViewController.h */ = {isa = PBXFileReference; lastKnownFileType = sourcecode.c.h; path = MainViewController.h; sourceTree = "<group>"; };
		674DF0ED200BA1AC00518998 /* MainViewController.m */ = {isa = PBXFileReference; lastKnownFileType = sourcecode.c.objc; path = MainViewController.m; sourceTree = "<group>"; };
		674DF0F0200BA1AC00518998 /* Base */ = {isa = PBXFileReference; lastKnownFileType = file.storyboard; name = Base; path = Base.lproj/Main.storyboard; sourceTree = "<group>"; };
		674DF0F2200BA1AC00518998 /* Assets.xcassets */ = {isa = PBXFileReference; lastKnownFileType = folder.assetcatalog; path = Assets.xcassets; sourceTree = "<group>"; };
		674DF0F5200BA1AC00518998 /* Base */ = {isa = PBXFileReference; lastKnownFileType = file.storyboard; name = Base; path = Base.lproj/LaunchScreen.storyboard; sourceTree = "<group>"; };
		674DF0F7200BA1AC00518998 /* Info.plist */ = {isa = PBXFileReference; lastKnownFileType = text.plist.xml; path = Info.plist; sourceTree = "<group>"; };
		674DF0F8200BA1AC00518998 /* main.m */ = {isa = PBXFileReference; lastKnownFileType = sourcecode.c.objc; path = main.m; sourceTree = "<group>"; };
		677AF6382014A426002CBA4F /* ObjcDemoApp.entitlements */ = {isa = PBXFileReference; lastKnownFileType = text.plist.entitlements; path = ObjcDemoApp.entitlements; sourceTree = "<group>"; };
		677AF6392014A467002CBA4F /* CombinedEvent.h */ = {isa = PBXFileReference; lastKnownFileType = sourcecode.c.h; path = CombinedEvent.h; sourceTree = "<group>"; };
		677AF63A2014A467002CBA4F /* CombinedEvent.m */ = {isa = PBXFileReference; lastKnownFileType = sourcecode.c.objc; path = CombinedEvent.m; sourceTree = "<group>"; };
		A0ABE924B863B643A8117B2B /* Pods-ObjcDemoApp.debug.xcconfig */ = {isa = PBXFileReference; includeInIndex = 1; lastKnownFileType = text.xcconfig; name = "Pods-ObjcDemoApp.debug.xcconfig"; path = "Pods/Target Support Files/Pods-ObjcDemoApp/Pods-ObjcDemoApp.debug.xcconfig"; sourceTree = "<group>"; };
		ADE477E492100895EFFB3428 /* Pods-NotificationExtension.debug.xcconfig */ = {isa = PBXFileReference; includeInIndex = 1; lastKnownFileType = text.xcconfig; name = "Pods-NotificationExtension.debug.xcconfig"; path = "Pods/Target Support Files/Pods-NotificationExtension/Pods-NotificationExtension.debug.xcconfig"; sourceTree = "<group>"; };
		B5684BA2A2EFCFBE8B68AD1F /* Pods-ObjcDemoApp.release.xcconfig */ = {isa = PBXFileReference; includeInIndex = 1; lastKnownFileType = text.xcconfig; name = "Pods-ObjcDemoApp.release.xcconfig"; path = "Pods/Target Support Files/Pods-ObjcDemoApp/Pods-ObjcDemoApp.release.xcconfig"; sourceTree = "<group>"; };
		BA7594C8DD31C01CA5A44224 /* libPods-NotificationExtension.a */ = {isa = PBXFileReference; explicitFileType = archive.ar; includeInIndex = 0; path = "libPods-NotificationExtension.a"; sourceTree = BUILT_PRODUCTS_DIR; };
		F23630E9CC686AF6384FA14F /* libPods-ObjcDemoApp.a */ = {isa = PBXFileReference; explicitFileType = archive.ar; includeInIndex = 0; path = "libPods-ObjcDemoApp.a"; sourceTree = BUILT_PRODUCTS_DIR; };
/* End PBXFileReference section */

/* Begin PBXFrameworksBuildPhase section */
		671587F820E925A200C0B495 /* Frameworks */ = {
			isa = PBXFrameworksBuildPhase;
			buildActionMask = 2147483647;
			files = (
				469762B064298D3E4D6E325F /* libPods-NotificationExtension.a in Frameworks */,
			);
			runOnlyForDeploymentPostprocessing = 0;
		};
		674DF0E3200BA1AC00518998 /* Frameworks */ = {
			isa = PBXFrameworksBuildPhase;
			buildActionMask = 2147483647;
			files = (
				F2039C3CEC94A2D0BB8C8797 /* libPods-ObjcDemoApp.a in Frameworks */,
			);
			runOnlyForDeploymentPostprocessing = 0;
		};
/* End PBXFrameworksBuildPhase section */

/* Begin PBXGroup section */
		671587FC20E925A200C0B495 /* NotificationExtension */ = {
			isa = PBXGroup;
			children = (
				674BFCCD20EA162400253758 /* NotificationExtension.entitlements */,
				671587FD20E925A200C0B495 /* NotificationService.h */,
				671587FE20E925A200C0B495 /* NotificationService.m */,
				6715880020E925A200C0B495 /* Info.plist */,
			);
			path = NotificationExtension;
			sourceTree = "<group>";
		};
		674DF0DD200BA1AC00518998 = {
			isa = PBXGroup;
			children = (
				677AF6382014A426002CBA4F /* ObjcDemoApp.entitlements */,
				674DF0E8200BA1AC00518998 /* ObjcDemoApp */,
				671587FC20E925A200C0B495 /* NotificationExtension */,
				674DF0E7200BA1AC00518998 /* Products */,
				81228D6CCAAA3C1D18AEA67C /* Pods */,
				C287B2C57C61FC06E223B101 /* Frameworks */,
				6715880820E9273100C0B495 /* ObjcDemoApp-Bridging-Header.h */,
			);
			sourceTree = "<group>";
		};
		674DF0E7200BA1AC00518998 /* Products */ = {
			isa = PBXGroup;
			children = (
				674DF0E6200BA1AC00518998 /* ObjcDemoApp.app */,
				671587FB20E925A200C0B495 /* NotificationExtension.appex */,
			);
			name = Products;
			sourceTree = "<group>";
		};
		674DF0E8200BA1AC00518998 /* ObjcDemoApp */ = {
			isa = PBXGroup;
			children = (
				6715880920E9273100C0B495 /* OptimoveDummy.swift */,
				674DF0E9200BA1AC00518998 /* AppDelegate.h */,
				674DF0EA200BA1AC00518998 /* AppDelegate.m */,
				674DF0EC200BA1AC00518998 /* MainViewController.h */,
				674DF0ED200BA1AC00518998 /* MainViewController.m */,
				674DF0EF200BA1AC00518998 /* Main.storyboard */,
				674DF0F2200BA1AC00518998 /* Assets.xcassets */,
				674DF0F4200BA1AC00518998 /* LaunchScreen.storyboard */,
				674DF0F7200BA1AC00518998 /* Info.plist */,
				674DF0F8200BA1AC00518998 /* main.m */,
				672DDE5A200F358000193051 /* SetUserIdViewController.h */,
				672DDE5B200F358000193051 /* SetUserIdViewController.m */,
				672DDE6020107C6400193051 /* ReportEventViewController.h */,
				672DDE6120107C6400193051 /* ReportEventViewController.m */,
				677AF6392014A467002CBA4F /* CombinedEvent.h */,
				677AF63A2014A467002CBA4F /* CombinedEvent.m */,
			);
			path = ObjcDemoApp;
			sourceTree = "<group>";
		};
		81228D6CCAAA3C1D18AEA67C /* Pods */ = {
			isa = PBXGroup;
			children = (
				A0ABE924B863B643A8117B2B /* Pods-ObjcDemoApp.debug.xcconfig */,
				B5684BA2A2EFCFBE8B68AD1F /* Pods-ObjcDemoApp.release.xcconfig */,
				ADE477E492100895EFFB3428 /* Pods-NotificationExtension.debug.xcconfig */,
				10ACE71C3CFED749E68819FF /* Pods-NotificationExtension.release.xcconfig */,
			);
			name = Pods;
			sourceTree = "<group>";
		};
		C287B2C57C61FC06E223B101 /* Frameworks */ = {
			isa = PBXGroup;
			children = (
				BA7594C8DD31C01CA5A44224 /* libPods-NotificationExtension.a */,
				F23630E9CC686AF6384FA14F /* libPods-ObjcDemoApp.a */,
			);
			name = Frameworks;
			sourceTree = "<group>";
		};
/* End PBXGroup section */

/* Begin PBXNativeTarget section */
		671587FA20E925A200C0B495 /* NotificationExtension */ = {
			isa = PBXNativeTarget;
			buildConfigurationList = 6715880420E925A200C0B495 /* Build configuration list for PBXNativeTarget "NotificationExtension" */;
			buildPhases = (
				79E37905E5087AE6592B59E3 /* [CP] Check Pods Manifest.lock */,
				671587F720E925A200C0B495 /* Sources */,
				671587F820E925A200C0B495 /* Frameworks */,
				671587F920E925A200C0B495 /* Resources */,
			);
			buildRules = (
			);
			dependencies = (
			);
			name = NotificationExtension;
			productName = NotificationExtension;
			productReference = 671587FB20E925A200C0B495 /* NotificationExtension.appex */;
			productType = "com.apple.product-type.app-extension";
		};
		674DF0E5200BA1AC00518998 /* ObjcDemoApp */ = {
			isa = PBXNativeTarget;
			buildConfigurationList = 674DF0FC200BA1AC00518998 /* Build configuration list for PBXNativeTarget "ObjcDemoApp" */;
			buildPhases = (
				37E8A033A6DA1A4B261B7D20 /* [CP] Check Pods Manifest.lock */,
				674DF0E2200BA1AC00518998 /* Sources */,
				674DF0E3200BA1AC00518998 /* Frameworks */,
				674DF0E4200BA1AC00518998 /* Resources */,
				6715880720E925A200C0B495 /* Embed App Extensions */,
			);
			buildRules = (
			);
			dependencies = (
				6715880220E925A200C0B495 /* PBXTargetDependency */,
			);
			name = ObjcDemoApp;
			productName = HelloWorld;
			productReference = 674DF0E6200BA1AC00518998 /* ObjcDemoApp.app */;
			productType = "com.apple.product-type.application";
		};
/* End PBXNativeTarget section */

/* Begin PBXProject section */
		674DF0DE200BA1AC00518998 /* Project object */ = {
			isa = PBXProject;
			attributes = {
				LastUpgradeCheck = 0920;
				ORGANIZATIONNAME = Optimove;
				TargetAttributes = {
					671587FA20E925A200C0B495 = {
						CreatedOnToolsVersion = 9.4.1;
						ProvisioningStyle = Automatic;
						SystemCapabilities = {
							com.apple.ApplicationGroups.iOS = {
								enabled = 1;
							};
						};
					};
					674DF0E5200BA1AC00518998 = {
						CreatedOnToolsVersion = 9.2;
						LastSwiftMigration = 0940;
						ProvisioningStyle = Automatic;
						SystemCapabilities = {
							com.apple.ApplicationGroups.iOS = {
								enabled = 1;
							};
							com.apple.BackgroundModes = {
								enabled = 1;
							};
							com.apple.Push = {
								enabled = 1;
							};
							com.apple.SafariKeychain = {
								enabled = 1;
							};
						};
					};
				};
			};
			buildConfigurationList = 674DF0E1200BA1AC00518998 /* Build configuration list for PBXProject "ObjcDemoApp" */;
			compatibilityVersion = "Xcode 8.0";
			developmentRegion = en;
			hasScannedForEncodings = 0;
			knownRegions = (
				en,
				Base,
			);
			mainGroup = 674DF0DD200BA1AC00518998;
			productRefGroup = 674DF0E7200BA1AC00518998 /* Products */;
			projectDirPath = "";
			projectRoot = "";
			targets = (
				674DF0E5200BA1AC00518998 /* ObjcDemoApp */,
				671587FA20E925A200C0B495 /* NotificationExtension */,
			);
		};
/* End PBXProject section */

/* Begin PBXResourcesBuildPhase section */
		671587F920E925A200C0B495 /* Resources */ = {
			isa = PBXResourcesBuildPhase;
			buildActionMask = 2147483647;
			files = (
			);
			runOnlyForDeploymentPostprocessing = 0;
		};
		674DF0E4200BA1AC00518998 /* Resources */ = {
			isa = PBXResourcesBuildPhase;
			buildActionMask = 2147483647;
			files = (
				674DF0F6200BA1AC00518998 /* LaunchScreen.storyboard in Resources */,
				674DF0F3200BA1AC00518998 /* Assets.xcassets in Resources */,
				674DF0F1200BA1AC00518998 /* Main.storyboard in Resources */,
			);
			runOnlyForDeploymentPostprocessing = 0;
		};
/* End PBXResourcesBuildPhase section */

/* Begin PBXShellScriptBuildPhase section */
		37E8A033A6DA1A4B261B7D20 /* [CP] Check Pods Manifest.lock */ = {
			isa = PBXShellScriptBuildPhase;
			buildActionMask = 2147483647;
			files = (
			);
			inputPaths = (
				"${PODS_PODFILE_DIR_PATH}/Podfile.lock",
				"${PODS_ROOT}/Manifest.lock",
			);
			name = "[CP] Check Pods Manifest.lock";
			outputPaths = (
				"$(DERIVED_FILE_DIR)/Pods-ObjcDemoApp-checkManifestLockResult.txt",
			);
			runOnlyForDeploymentPostprocessing = 0;
			shellPath = /bin/sh;
			shellScript = "diff \"${PODS_PODFILE_DIR_PATH}/Podfile.lock\" \"${PODS_ROOT}/Manifest.lock\" > /dev/null\nif [ $? != 0 ] ; then\n    # print error to STDERR\n    echo \"error: The sandbox is not in sync with the Podfile.lock. Run 'pod install' or update your CocoaPods installation.\" >&2\n    exit 1\nfi\n# This output is used by Xcode 'outputs' to avoid re-running this script phase.\necho \"SUCCESS\" > \"${SCRIPT_OUTPUT_FILE_0}\"\n";
			showEnvVarsInLog = 0;
		};
		79E37905E5087AE6592B59E3 /* [CP] Check Pods Manifest.lock */ = {
			isa = PBXShellScriptBuildPhase;
			buildActionMask = 2147483647;
			files = (
			);
			inputPaths = (
				"${PODS_PODFILE_DIR_PATH}/Podfile.lock",
				"${PODS_ROOT}/Manifest.lock",
			);
			name = "[CP] Check Pods Manifest.lock";
			outputPaths = (
				"$(DERIVED_FILE_DIR)/Pods-NotificationExtension-checkManifestLockResult.txt",
			);
			runOnlyForDeploymentPostprocessing = 0;
			shellPath = /bin/sh;
			shellScript = "diff \"${PODS_PODFILE_DIR_PATH}/Podfile.lock\" \"${PODS_ROOT}/Manifest.lock\" > /dev/null\nif [ $? != 0 ] ; then\n    # print error to STDERR\n    echo \"error: The sandbox is not in sync with the Podfile.lock. Run 'pod install' or update your CocoaPods installation.\" >&2\n    exit 1\nfi\n# This output is used by Xcode 'outputs' to avoid re-running this script phase.\necho \"SUCCESS\" > \"${SCRIPT_OUTPUT_FILE_0}\"\n";
			showEnvVarsInLog = 0;
		};
/* End PBXShellScriptBuildPhase section */

/* Begin PBXSourcesBuildPhase section */
		671587F720E925A200C0B495 /* Sources */ = {
			isa = PBXSourcesBuildPhase;
			buildActionMask = 2147483647;
			files = (
				671587FF20E925A200C0B495 /* NotificationService.m in Sources */,
				6715880B20E927AB00C0B495 /* OptimoveDummy.swift in Sources */,
			);
			runOnlyForDeploymentPostprocessing = 0;
		};
		674DF0E2200BA1AC00518998 /* Sources */ = {
			isa = PBXSourcesBuildPhase;
			buildActionMask = 2147483647;
			files = (
				6715880A20E9273100C0B495 /* OptimoveDummy.swift in Sources */,
				672DDE6220107C6400193051 /* ReportEventViewController.m in Sources */,
				674DF0EE200BA1AC00518998 /* MainViewController.m in Sources */,
				677AF63B2014A467002CBA4F /* CombinedEvent.m in Sources */,
				674DF0F9200BA1AC00518998 /* main.m in Sources */,
				674DF0EB200BA1AC00518998 /* AppDelegate.m in Sources */,
				672DDE5C200F358000193051 /* SetUserIdViewController.m in Sources */,
			);
			runOnlyForDeploymentPostprocessing = 0;
		};
/* End PBXSourcesBuildPhase section */

/* Begin PBXTargetDependency section */
		6715880220E925A200C0B495 /* PBXTargetDependency */ = {
			isa = PBXTargetDependency;
			target = 671587FA20E925A200C0B495 /* NotificationExtension */;
			targetProxy = 6715880120E925A200C0B495 /* PBXContainerItemProxy */;
		};
/* End PBXTargetDependency section */

/* Begin PBXVariantGroup section */
		674DF0EF200BA1AC00518998 /* Main.storyboard */ = {
			isa = PBXVariantGroup;
			children = (
				674DF0F0200BA1AC00518998 /* Base */,
			);
			name = Main.storyboard;
			sourceTree = "<group>";
		};
		674DF0F4200BA1AC00518998 /* LaunchScreen.storyboard */ = {
			isa = PBXVariantGroup;
			children = (
				674DF0F5200BA1AC00518998 /* Base */,
			);
			name = LaunchScreen.storyboard;
			sourceTree = "<group>";
		};
/* End PBXVariantGroup section */

/* Begin XCBuildConfiguration section */
		6715880520E925A200C0B495 /* Debug */ = {
			isa = XCBuildConfiguration;
			baseConfigurationReference = ADE477E492100895EFFB3428 /* Pods-NotificationExtension.debug.xcconfig */;
			buildSettings = {
				CLANG_ENABLE_OBJC_WEAK = YES;
				CLANG_WARN_DEPRECATED_OBJC_IMPLEMENTATIONS = YES;
				CLANG_WARN_OBJC_IMPLICIT_RETAIN_SELF = YES;
				CODE_SIGN_ENTITLEMENTS = NotificationExtension/NotificationExtension.entitlements;
				CODE_SIGN_STYLE = Automatic;
				DEVELOPMENT_TEAM = LDTF4M4FTC;
				INFOPLIST_FILE = NotificationExtension/Info.plist;
				IPHONEOS_DEPLOYMENT_TARGET = 10.0;
				LD_RUNPATH_SEARCH_PATHS = "$(inherited) @executable_path/Frameworks @executable_path/../../Frameworks";
				PRODUCT_BUNDLE_IDENTIFIER = com.optimove.sdk.demo.objc.NotificationExtension;
				PRODUCT_NAME = "$(TARGET_NAME)";
				SKIP_INSTALL = YES;
				SWIFT_VERSION = 4.0;
				TARGETED_DEVICE_FAMILY = "1,2";
			};
			name = Debug;
		};
		6715880620E925A200C0B495 /* Release */ = {
			isa = XCBuildConfiguration;
			baseConfigurationReference = 10ACE71C3CFED749E68819FF /* Pods-NotificationExtension.release.xcconfig */;
			buildSettings = {
				CLANG_ENABLE_OBJC_WEAK = YES;
				CLANG_WARN_DEPRECATED_OBJC_IMPLEMENTATIONS = YES;
				CLANG_WARN_OBJC_IMPLICIT_RETAIN_SELF = YES;
				CODE_SIGN_ENTITLEMENTS = NotificationExtension/NotificationExtension.entitlements;
				CODE_SIGN_STYLE = Automatic;
				DEVELOPMENT_TEAM = LDTF4M4FTC;
				INFOPLIST_FILE = NotificationExtension/Info.plist;
				IPHONEOS_DEPLOYMENT_TARGET = 10.0;
				LD_RUNPATH_SEARCH_PATHS = "$(inherited) @executable_path/Frameworks @executable_path/../../Frameworks";
				PRODUCT_BUNDLE_IDENTIFIER = com.optimove.sdk.demo.objc.NotificationExtension;
				PRODUCT_NAME = "$(TARGET_NAME)";
				SKIP_INSTALL = YES;
				SWIFT_VERSION = 4.0;
				TARGETED_DEVICE_FAMILY = "1,2";
			};
			name = Release;
		};
		674DF0FA200BA1AC00518998 /* Debug */ = {
			isa = XCBuildConfiguration;
			buildSettings = {
				ALWAYS_SEARCH_USER_PATHS = NO;
				CLANG_ANALYZER_NONNULL = YES;
				CLANG_ANALYZER_NUMBER_OBJECT_CONVERSION = YES_AGGRESSIVE;
				CLANG_CXX_LANGUAGE_STANDARD = "gnu++14";
				CLANG_CXX_LIBRARY = "libc++";
				CLANG_ENABLE_MODULES = YES;
				CLANG_ENABLE_OBJC_ARC = YES;
				CLANG_WARN_BLOCK_CAPTURE_AUTORELEASING = YES;
				CLANG_WARN_BOOL_CONVERSION = YES;
				CLANG_WARN_COMMA = YES;
				CLANG_WARN_CONSTANT_CONVERSION = YES;
				CLANG_WARN_DIRECT_OBJC_ISA_USAGE = YES_ERROR;
				CLANG_WARN_DOCUMENTATION_COMMENTS = YES;
				CLANG_WARN_EMPTY_BODY = YES;
				CLANG_WARN_ENUM_CONVERSION = YES;
				CLANG_WARN_INFINITE_RECURSION = YES;
				CLANG_WARN_INT_CONVERSION = YES;
				CLANG_WARN_NON_LITERAL_NULL_CONVERSION = YES;
				CLANG_WARN_OBJC_LITERAL_CONVERSION = YES;
				CLANG_WARN_OBJC_ROOT_CLASS = YES_ERROR;
				CLANG_WARN_RANGE_LOOP_ANALYSIS = YES;
				CLANG_WARN_STRICT_PROTOTYPES = YES;
				CLANG_WARN_SUSPICIOUS_MOVE = YES;
				CLANG_WARN_UNGUARDED_AVAILABILITY = YES_AGGRESSIVE;
				CLANG_WARN_UNREACHABLE_CODE = YES;
				CLANG_WARN__DUPLICATE_METHOD_MATCH = YES;
				CODE_SIGN_IDENTITY = "iPhone Developer";
				COPY_PHASE_STRIP = NO;
				DEBUG_INFORMATION_FORMAT = dwarf;
				ENABLE_STRICT_OBJC_MSGSEND = YES;
				ENABLE_TESTABILITY = YES;
				GCC_C_LANGUAGE_STANDARD = gnu11;
				GCC_DYNAMIC_NO_PIC = NO;
				GCC_NO_COMMON_BLOCKS = YES;
				GCC_OPTIMIZATION_LEVEL = 0;
				GCC_PREPROCESSOR_DEFINITIONS = (
					"DEBUG=1",
					"$(inherited)",
				);
				GCC_WARN_64_TO_32_BIT_CONVERSION = YES;
				GCC_WARN_ABOUT_RETURN_TYPE = YES_ERROR;
				GCC_WARN_UNDECLARED_SELECTOR = YES;
				GCC_WARN_UNINITIALIZED_AUTOS = YES_AGGRESSIVE;
				GCC_WARN_UNUSED_FUNCTION = YES;
				GCC_WARN_UNUSED_VARIABLE = YES;
				IPHONEOS_DEPLOYMENT_TARGET = 10.0;
				MTL_ENABLE_DEBUG_INFO = YES;
				ONLY_ACTIVE_ARCH = YES;
				SDKROOT = iphoneos;
			};
			name = Debug;
		};
		674DF0FB200BA1AC00518998 /* Release */ = {
			isa = XCBuildConfiguration;
			buildSettings = {
				ALWAYS_SEARCH_USER_PATHS = NO;
				CLANG_ANALYZER_NONNULL = YES;
				CLANG_ANALYZER_NUMBER_OBJECT_CONVERSION = YES_AGGRESSIVE;
				CLANG_CXX_LANGUAGE_STANDARD = "gnu++14";
				CLANG_CXX_LIBRARY = "libc++";
				CLANG_ENABLE_MODULES = YES;
				CLANG_ENABLE_OBJC_ARC = YES;
				CLANG_WARN_BLOCK_CAPTURE_AUTORELEASING = YES;
				CLANG_WARN_BOOL_CONVERSION = YES;
				CLANG_WARN_COMMA = YES;
				CLANG_WARN_CONSTANT_CONVERSION = YES;
				CLANG_WARN_DIRECT_OBJC_ISA_USAGE = YES_ERROR;
				CLANG_WARN_DOCUMENTATION_COMMENTS = YES;
				CLANG_WARN_EMPTY_BODY = YES;
				CLANG_WARN_ENUM_CONVERSION = YES;
				CLANG_WARN_INFINITE_RECURSION = YES;
				CLANG_WARN_INT_CONVERSION = YES;
				CLANG_WARN_NON_LITERAL_NULL_CONVERSION = YES;
				CLANG_WARN_OBJC_LITERAL_CONVERSION = YES;
				CLANG_WARN_OBJC_ROOT_CLASS = YES_ERROR;
				CLANG_WARN_RANGE_LOOP_ANALYSIS = YES;
				CLANG_WARN_STRICT_PROTOTYPES = YES;
				CLANG_WARN_SUSPICIOUS_MOVE = YES;
				CLANG_WARN_UNGUARDED_AVAILABILITY = YES_AGGRESSIVE;
				CLANG_WARN_UNREACHABLE_CODE = YES;
				CLANG_WARN__DUPLICATE_METHOD_MATCH = YES;
				CODE_SIGN_IDENTITY = "iPhone Developer";
				COPY_PHASE_STRIP = NO;
				DEBUG_INFORMATION_FORMAT = "dwarf-with-dsym";
				ENABLE_NS_ASSERTIONS = NO;
				ENABLE_STRICT_OBJC_MSGSEND = YES;
				GCC_C_LANGUAGE_STANDARD = gnu11;
				GCC_NO_COMMON_BLOCKS = YES;
				GCC_WARN_64_TO_32_BIT_CONVERSION = YES;
				GCC_WARN_ABOUT_RETURN_TYPE = YES_ERROR;
				GCC_WARN_UNDECLARED_SELECTOR = YES;
				GCC_WARN_UNINITIALIZED_AUTOS = YES_AGGRESSIVE;
				GCC_WARN_UNUSED_FUNCTION = YES;
				GCC_WARN_UNUSED_VARIABLE = YES;
				IPHONEOS_DEPLOYMENT_TARGET = 10.0;
				MTL_ENABLE_DEBUG_INFO = NO;
				SDKROOT = iphoneos;
				SWIFT_OPTIMIZATION_LEVEL = "-Owholemodule";
				VALIDATE_PRODUCT = YES;
			};
			name = Release;
		};
		674DF0FD200BA1AC00518998 /* Debug */ = {
			isa = XCBuildConfiguration;
			baseConfigurationReference = A0ABE924B863B643A8117B2B /* Pods-ObjcDemoApp.debug.xcconfig */;
			buildSettings = {
				ASSETCATALOG_COMPILER_APPICON_NAME = AppIcon;
				CLANG_ENABLE_MODULES = YES;
				CODE_SIGN_ENTITLEMENTS = ObjcDemoApp.entitlements;
				CODE_SIGN_STYLE = Automatic;
				DEVELOPMENT_TEAM = LDTF4M4FTC;
				INFOPLIST_FILE = ObjcDemoApp/Info.plist;
				LD_RUNPATH_SEARCH_PATHS = "$(inherited) @executable_path/Frameworks";
				PRODUCT_BUNDLE_IDENTIFIER = com.optimove.sdk.demo.objc;
				PRODUCT_NAME = "$(TARGET_NAME)";
				SWIFT_OBJC_BRIDGING_HEADER = "ObjcDemoApp-Bridging-Header.h";
				SWIFT_OPTIMIZATION_LEVEL = "-Onone";
				SWIFT_VERSION = 4.0;
				TARGETED_DEVICE_FAMILY = "1,2";
			};
			name = Debug;
		};
		674DF0FE200BA1AC00518998 /* Release */ = {
			isa = XCBuildConfiguration;
			baseConfigurationReference = B5684BA2A2EFCFBE8B68AD1F /* Pods-ObjcDemoApp.release.xcconfig */;
			buildSettings = {
				ASSETCATALOG_COMPILER_APPICON_NAME = AppIcon;
				CLANG_ENABLE_MODULES = YES;
				CODE_SIGN_ENTITLEMENTS = ObjcDemoApp.entitlements;
				CODE_SIGN_STYLE = Automatic;
				DEVELOPMENT_TEAM = LDTF4M4FTC;
				INFOPLIST_FILE = ObjcDemoApp/Info.plist;
				LD_RUNPATH_SEARCH_PATHS = "$(inherited) @executable_path/Frameworks";
				PRODUCT_BUNDLE_IDENTIFIER = com.optimove.sdk.demo.objc;
				PRODUCT_NAME = "$(TARGET_NAME)";
				SWIFT_OBJC_BRIDGING_HEADER = "ObjcDemoApp-Bridging-Header.h";
				SWIFT_VERSION = 4.0;
				TARGETED_DEVICE_FAMILY = "1,2";
			};
			name = Release;
		};
/* End XCBuildConfiguration section */

/* Begin XCConfigurationList section */
		6715880420E925A200C0B495 /* Build configuration list for PBXNativeTarget "NotificationExtension" */ = {
			isa = XCConfigurationList;
			buildConfigurations = (
				6715880520E925A200C0B495 /* Debug */,
				6715880620E925A200C0B495 /* Release */,
			);
			defaultConfigurationIsVisible = 0;
			defaultConfigurationName = Release;
		};
		674DF0E1200BA1AC00518998 /* Build configuration list for PBXProject "ObjcDemoApp" */ = {
			isa = XCConfigurationList;
			buildConfigurations = (
				674DF0FA200BA1AC00518998 /* Debug */,
				674DF0FB200BA1AC00518998 /* Release */,
			);
			defaultConfigurationIsVisible = 0;
			defaultConfigurationName = Release;
		};
		674DF0FC200BA1AC00518998 /* Build configuration list for PBXNativeTarget "ObjcDemoApp" */ = {
			isa = XCConfigurationList;
			buildConfigurations = (
				674DF0FD200BA1AC00518998 /* Debug */,
				674DF0FE200BA1AC00518998 /* Release */,
			);
			defaultConfigurationIsVisible = 0;
			defaultConfigurationName = Release;
		};
/* End XCConfigurationList section */
	};
	rootObject = 674DF0DE200BA1AC00518998 /* Project object */;
}
