// !$*UTF8*$!
{
	archiveVersion = 1;
	classes = {
	};
	objectVersion = 48;
	objects = {

/* Begin PBXBuildFile section */
		672DDE9920108CAC00193051 /* OptimoveComponentsInitializer.swift in Sources */ = {isa = PBXBuildFile; fileRef = 672DDE6620108CAB00193051 /* OptimoveComponentsInitializer.swift */; };
		672DDE9A20108CAC00193051 /* AtomicBool.swift in Sources */ = {isa = PBXBuildFile; fileRef = 672DDE6720108CAB00193051 /* AtomicBool.swift */; };
		672DDE9B20108CAC00193051 /* Optimove.swift in Sources */ = {isa = PBXBuildFile; fileRef = 672DDE6820108CAB00193051 /* Optimove.swift */; };
		672DDE9C20108CAC00193051 /* OptimoveNotificationHandler.swift in Sources */ = {isa = PBXBuildFile; fileRef = 672DDE6A20108CAB00193051 /* OptimoveNotificationHandler.swift */; };
		672DDE9D20108CAC00193051 /* EventValidator.swift in Sources */ = {isa = PBXBuildFile; fileRef = 672DDE6B20108CAB00193051 /* EventValidator.swift */; };
		672DDE9E20108CAC00193051 /* OptimoveTenantInfo.swift in Sources */ = {isa = PBXBuildFile; fileRef = 672DDE6C20108CAB00193051 /* OptimoveTenantInfo.swift */; };
		672DDE9F20108CAC00193051 /* MonitorOptimoveState.swift in Sources */ = {isa = PBXBuildFile; fileRef = 672DDE6E20108CAB00193051 /* MonitorOptimoveState.swift */; };
		672DDEA020108CAC00193051 /* State.swift in Sources */ = {isa = PBXBuildFile; fileRef = 672DDE6F20108CAB00193051 /* State.swift */; };
		672DDEA120108CAC00193051 /* OptimoveDeepLinkResponder.swift in Sources */ = {isa = PBXBuildFile; fileRef = 672DDE7120108CAB00193051 /* OptimoveDeepLinkResponder.swift */; };
		672DDEA320108CAC00193051 /* OptiTrack.swift in Sources */ = {isa = PBXBuildFile; fileRef = 672DDE7420108CAB00193051 /* OptiTrack.swift */; };
		672DDEA420108CAC00193051 /* OptitrackMetaData.swift in Sources */ = {isa = PBXBuildFile; fileRef = 672DDE7520108CAB00193051 /* OptitrackMetaData.swift */; };
		672DDEA520108CAC00193051 /* OptimoveFileManager.swift in Sources */ = {isa = PBXBuildFile; fileRef = 672DDE7920108CAB00193051 /* OptimoveFileManager.swift */; };
		672DDEA620108CAC00193051 /* Synchronizable.swift in Sources */ = {isa = PBXBuildFile; fileRef = 672DDE7A20108CAB00193051 /* Synchronizable.swift */; };
		672DDEA720108CAC00193051 /* UserInSession.swift in Sources */ = {isa = PBXBuildFile; fileRef = 672DDE7B20108CAB00193051 /* UserInSession.swift */; };
		672DDEA820108CAC00193051 /* Constants.swift in Sources */ = {isa = PBXBuildFile; fileRef = 672DDE7D20108CAB00193051 /* Constants.swift */; };
		672DDEA920108CAC00193051 /* ComponentsConstants.swift in Sources */ = {isa = PBXBuildFile; fileRef = 672DDE7E20108CAB00193051 /* ComponentsConstants.swift */; };
		672DDEAA20108CAC00193051 /* OptimovePredefinedEvents.swift in Sources */ = {isa = PBXBuildFile; fileRef = 672DDE7F20108CAB00193051 /* OptimovePredefinedEvents.swift */; };
		672DDEAB20108CAC00193051 /* ConfigurationProvider.swift in Sources */ = {isa = PBXBuildFile; fileRef = 672DDE8120108CAB00193051 /* ConfigurationProvider.swift */; };
		672DDEAC20108CAC00193051 /* NetworkManager.swift in Sources */ = {isa = PBXBuildFile; fileRef = 672DDE8320108CAB00193051 /* NetworkManager.swift */; };
		672DDEAD20108CAC00193051 /* NetworkAPIPaths.swift in Sources */ = {isa = PBXBuildFile; fileRef = 672DDE8420108CAB00193051 /* NetworkAPIPaths.swift */; };
		672DDEAE20108CAC00193051 /* JSONComposer.swift in Sources */ = {isa = PBXBuildFile; fileRef = 672DDE8620108CAB00193051 /* JSONComposer.swift */; };
		672DDEAF20108CAC00193051 /* Parser.swift in Sources */ = {isa = PBXBuildFile; fileRef = 672DDE8720108CAB00193051 /* Parser.swift */; };
		672DDEB020108CAC00193051 /* Extensions.swift in Sources */ = {isa = PBXBuildFile; fileRef = 672DDE8920108CAB00193051 /* Extensions.swift */; };
		672DDEB120108CAC00193051 /* CampaignDetails.swift in Sources */ = {isa = PBXBuildFile; fileRef = 672DDE8B20108CAB00193051 /* CampaignDetails.swift */; };
		672DDEB220108CAC00193051 /* OptimoveError.swift in Sources */ = {isa = PBXBuildFile; fileRef = 672DDE8D20108CAB00193051 /* OptimoveError.swift */; };
		672DDEB320108CAC00193051 /* EventConfig.swift in Sources */ = {isa = PBXBuildFile; fileRef = 672DDE8F20108CAB00193051 /* EventConfig.swift */; };
		672DDEB420108CAC00193051 /* Event.swift in Sources */ = {isa = PBXBuildFile; fileRef = 672DDE9020108CAB00193051 /* Event.swift */; };
		672DDEB520108CAC00193051 /* OptipushMetaData.swift in Sources */ = {isa = PBXBuildFile; fileRef = 672DDE9220108CAB00193051 /* OptipushMetaData.swift */; };
		672DDEB620108CAC00193051 /* Optipush.swift in Sources */ = {isa = PBXBuildFile; fileRef = 672DDE9320108CAB00193051 /* Optipush.swift */; };
		672DDEB720108CAC00193051 /* Registrar.swift in Sources */ = {isa = PBXBuildFile; fileRef = 672DDE9420108CAB00193051 /* Registrar.swift */; };
		672DDEB820108CAC00193051 /* FirebaseInteractor.swift in Sources */ = {isa = PBXBuildFile; fileRef = 672DDE9620108CAB00193051 /* FirebaseInteractor.swift */; };
		672DDEB920108CAC00193051 /* FirebaseMetaData.swift in Sources */ = {isa = PBXBuildFile; fileRef = 672DDE9720108CAB00193051 /* FirebaseMetaData.swift */; };
		6768E26A1FE66F5B00B853D1 /* CustomEventViewController.swift in Sources */ = {isa = PBXBuildFile; fileRef = 6768E2691FE66F5B00B853D1 /* CustomEventViewController.swift */; };
		6768E26C1FE6864500B853D1 /* EventTableViewCell.swift in Sources */ = {isa = PBXBuildFile; fileRef = 6768E26B1FE6864500B853D1 /* EventTableViewCell.swift */; };
		6793C2B61FD3FB6300546622 /* LaunchScreen.storyboard in Resources */ = {isa = PBXBuildFile; fileRef = 6793C2B41FD3FB6300546622 /* LaunchScreen.storyboard */; };
		6793C2BD1FD3FC1100546622 /* AppDelegate.swift in Sources */ = {isa = PBXBuildFile; fileRef = 6793C2BC1FD3FC1100546622 /* AppDelegate.swift */; };
		6793C2C51FD3FC4000546622 /* CustomEvents.swift in Sources */ = {isa = PBXBuildFile; fileRef = 6793C2BF1FD3FC3F00546622 /* CustomEvents.swift */; };
		6793C2C71FD3FC4000546622 /* ViewController.swift in Sources */ = {isa = PBXBuildFile; fileRef = 6793C2C11FD3FC4000546622 /* ViewController.swift */; };
		6793C2C81FD3FC4000546622 /* Main.storyboard in Resources */ = {isa = PBXBuildFile; fileRef = 6793C2C21FD3FC4000546622 /* Main.storyboard */; };
		6793C2C91FD3FC4000546622 /* SetUserIDViewController.swift in Sources */ = {isa = PBXBuildFile; fileRef = 6793C2C31FD3FC4000546622 /* SetUserIDViewController.swift */; };
		6793C2CA1FD3FC4000546622 /* ReportEventViewController.swift in Sources */ = {isa = PBXBuildFile; fileRef = 6793C2C41FD3FC4000546622 /* ReportEventViewController.swift */; };
		6793C2CC1FD3FC4C00546622 /* Assets.xcassets in Resources */ = {isa = PBXBuildFile; fileRef = 6793C2CB1FD3FC4C00546622 /* Assets.xcassets */; };
		6793C2CD1FD3FEF400546622 /* OptimoveSDK.framework in Frameworks */ = {isa = PBXBuildFile; fileRef = 6793C2291FD3F67600546622 /* OptimoveSDK.framework */; };
		6793C2CE1FD3FEF400546622 /* OptimoveSDK.framework in Embed Frameworks */ = {isa = PBXBuildFile; fileRef = 6793C2291FD3F67600546622 /* OptimoveSDK.framework */; settings = {ATTRIBUTES = (CodeSignOnCopy, RemoveHeadersOnCopy, ); }; };
		770B6CFC612481653C5279C2 /* Pods_OptimoveSDK.framework in Frameworks */ = {isa = PBXBuildFile; fileRef = 13A2BE4B6C98563B812B532F /* Pods_OptimoveSDK.framework */; };
		9EC105700CA64E330549E028 /* Pods_DevTest.framework in Frameworks */ = {isa = PBXBuildFile; fileRef = B72D94CAA3745297F5C6BBDF /* Pods_DevTest.framework */; };
/* End PBXBuildFile section */

/* Begin PBXContainerItemProxy section */
		6793C2CF1FD3FEF400546622 /* PBXContainerItemProxy */ = {
			isa = PBXContainerItemProxy;
			containerPortal = 6793C2201FD3F67600546622 /* Project object */;
			proxyType = 1;
			remoteGlobalIDString = 6793C2281FD3F67600546622;
			remoteInfo = OptimoveSDK;
		};
/* End PBXContainerItemProxy section */

/* Begin PBXCopyFilesBuildPhase section */
		6793C2D11FD3FEF400546622 /* Embed Frameworks */ = {
			isa = PBXCopyFilesBuildPhase;
			buildActionMask = 2147483647;
			dstPath = "";
			dstSubfolderSpec = 10;
			files = (
				6793C2CE1FD3FEF400546622 /* OptimoveSDK.framework in Embed Frameworks */,
			);
			name = "Embed Frameworks";
			runOnlyForDeploymentPostprocessing = 0;
		};
/* End PBXCopyFilesBuildPhase section */

/* Begin PBXFileReference section */
		04E3A119AA64B4B0D497E8B4 /* Pods-DevTest.debug.xcconfig */ = {isa = PBXFileReference; includeInIndex = 1; lastKnownFileType = text.xcconfig; name = "Pods-DevTest.debug.xcconfig"; path = "Pods/Target Support Files/Pods-DevTest/Pods-DevTest.debug.xcconfig"; sourceTree = "<group>"; };
		053538F8A86F175DBEDC911E /* Pods-DevTest.release.xcconfig */ = {isa = PBXFileReference; includeInIndex = 1; lastKnownFileType = text.xcconfig; name = "Pods-DevTest.release.xcconfig"; path = "Pods/Target Support Files/Pods-DevTest/Pods-DevTest.release.xcconfig"; sourceTree = "<group>"; };
		13A2BE4B6C98563B812B532F /* Pods_OptimoveSDK.framework */ = {isa = PBXFileReference; explicitFileType = wrapper.framework; includeInIndex = 0; path = Pods_OptimoveSDK.framework; sourceTree = BUILT_PRODUCTS_DIR; };
		672DDE6620108CAB00193051 /* OptimoveComponentsInitializer.swift */ = {isa = PBXFileReference; fileEncoding = 4; lastKnownFileType = sourcecode.swift; path = OptimoveComponentsInitializer.swift; sourceTree = "<group>"; };
		672DDE6720108CAB00193051 /* AtomicBool.swift */ = {isa = PBXFileReference; fileEncoding = 4; lastKnownFileType = sourcecode.swift; path = AtomicBool.swift; sourceTree = "<group>"; };
		672DDE6820108CAB00193051 /* Optimove.swift */ = {isa = PBXFileReference; fileEncoding = 4; lastKnownFileType = sourcecode.swift; path = Optimove.swift; sourceTree = "<group>"; };
		672DDE6A20108CAB00193051 /* OptimoveNotificationHandler.swift */ = {isa = PBXFileReference; fileEncoding = 4; lastKnownFileType = sourcecode.swift; path = OptimoveNotificationHandler.swift; sourceTree = "<group>"; };
		672DDE6B20108CAB00193051 /* EventValidator.swift */ = {isa = PBXFileReference; fileEncoding = 4; lastKnownFileType = sourcecode.swift; path = EventValidator.swift; sourceTree = "<group>"; };
		672DDE6C20108CAB00193051 /* OptimoveTenantInfo.swift */ = {isa = PBXFileReference; fileEncoding = 4; lastKnownFileType = sourcecode.swift; path = OptimoveTenantInfo.swift; sourceTree = "<group>"; };
		672DDE6E20108CAB00193051 /* MonitorOptimoveState.swift */ = {isa = PBXFileReference; fileEncoding = 4; lastKnownFileType = sourcecode.swift; path = MonitorOptimoveState.swift; sourceTree = "<group>"; };
		672DDE6F20108CAB00193051 /* State.swift */ = {isa = PBXFileReference; fileEncoding = 4; lastKnownFileType = sourcecode.swift; path = State.swift; sourceTree = "<group>"; };
		672DDE7120108CAB00193051 /* OptimoveDeepLinkResponder.swift */ = {isa = PBXFileReference; fileEncoding = 4; lastKnownFileType = sourcecode.swift; path = OptimoveDeepLinkResponder.swift; sourceTree = "<group>"; };
		672DDE7220108CAB00193051 /* OptimoveSDK.h */ = {isa = PBXFileReference; fileEncoding = 4; lastKnownFileType = sourcecode.c.h; path = OptimoveSDK.h; sourceTree = "<group>"; };
		672DDE7420108CAB00193051 /* OptiTrack.swift */ = {isa = PBXFileReference; fileEncoding = 4; lastKnownFileType = sourcecode.swift; path = OptiTrack.swift; sourceTree = "<group>"; };
		672DDE7520108CAB00193051 /* OptitrackMetaData.swift */ = {isa = PBXFileReference; fileEncoding = 4; lastKnownFileType = sourcecode.swift; path = OptitrackMetaData.swift; sourceTree = "<group>"; };
		672DDE7920108CAB00193051 /* OptimoveFileManager.swift */ = {isa = PBXFileReference; fileEncoding = 4; lastKnownFileType = sourcecode.swift; path = OptimoveFileManager.swift; sourceTree = "<group>"; };
		672DDE7A20108CAB00193051 /* Synchronizable.swift */ = {isa = PBXFileReference; fileEncoding = 4; lastKnownFileType = sourcecode.swift; path = Synchronizable.swift; sourceTree = "<group>"; };
		672DDE7B20108CAB00193051 /* UserInSession.swift */ = {isa = PBXFileReference; fileEncoding = 4; lastKnownFileType = sourcecode.swift; path = UserInSession.swift; sourceTree = "<group>"; };
		672DDE7D20108CAB00193051 /* Constants.swift */ = {isa = PBXFileReference; fileEncoding = 4; lastKnownFileType = sourcecode.swift; path = Constants.swift; sourceTree = "<group>"; };
		672DDE7E20108CAB00193051 /* ComponentsConstants.swift */ = {isa = PBXFileReference; fileEncoding = 4; lastKnownFileType = sourcecode.swift; path = ComponentsConstants.swift; sourceTree = "<group>"; };
		672DDE7F20108CAB00193051 /* OptimovePredefinedEvents.swift */ = {isa = PBXFileReference; fileEncoding = 4; lastKnownFileType = sourcecode.swift; path = OptimovePredefinedEvents.swift; sourceTree = "<group>"; };
		672DDE8120108CAB00193051 /* ConfigurationProvider.swift */ = {isa = PBXFileReference; fileEncoding = 4; lastKnownFileType = sourcecode.swift; path = ConfigurationProvider.swift; sourceTree = "<group>"; };
		672DDE8320108CAB00193051 /* NetworkManager.swift */ = {isa = PBXFileReference; fileEncoding = 4; lastKnownFileType = sourcecode.swift; path = NetworkManager.swift; sourceTree = "<group>"; };
		672DDE8420108CAB00193051 /* NetworkAPIPaths.swift */ = {isa = PBXFileReference; fileEncoding = 4; lastKnownFileType = sourcecode.swift; path = NetworkAPIPaths.swift; sourceTree = "<group>"; };
		672DDE8620108CAB00193051 /* JSONComposer.swift */ = {isa = PBXFileReference; fileEncoding = 4; lastKnownFileType = sourcecode.swift; path = JSONComposer.swift; sourceTree = "<group>"; };
		672DDE8720108CAB00193051 /* Parser.swift */ = {isa = PBXFileReference; fileEncoding = 4; lastKnownFileType = sourcecode.swift; path = Parser.swift; sourceTree = "<group>"; };
		672DDE8920108CAB00193051 /* Extensions.swift */ = {isa = PBXFileReference; fileEncoding = 4; lastKnownFileType = sourcecode.swift; path = Extensions.swift; sourceTree = "<group>"; };
		672DDE8B20108CAB00193051 /* CampaignDetails.swift */ = {isa = PBXFileReference; fileEncoding = 4; lastKnownFileType = sourcecode.swift; path = CampaignDetails.swift; sourceTree = "<group>"; };
		672DDE8D20108CAB00193051 /* OptimoveError.swift */ = {isa = PBXFileReference; fileEncoding = 4; lastKnownFileType = sourcecode.swift; path = OptimoveError.swift; sourceTree = "<group>"; };
		672DDE8F20108CAB00193051 /* EventConfig.swift */ = {isa = PBXFileReference; fileEncoding = 4; lastKnownFileType = sourcecode.swift; path = EventConfig.swift; sourceTree = "<group>"; };
		672DDE9020108CAB00193051 /* Event.swift */ = {isa = PBXFileReference; fileEncoding = 4; lastKnownFileType = sourcecode.swift; path = Event.swift; sourceTree = "<group>"; };
		672DDE9220108CAB00193051 /* OptipushMetaData.swift */ = {isa = PBXFileReference; fileEncoding = 4; lastKnownFileType = sourcecode.swift; path = OptipushMetaData.swift; sourceTree = "<group>"; };
		672DDE9320108CAB00193051 /* Optipush.swift */ = {isa = PBXFileReference; fileEncoding = 4; lastKnownFileType = sourcecode.swift; path = Optipush.swift; sourceTree = "<group>"; };
		672DDE9420108CAB00193051 /* Registrar.swift */ = {isa = PBXFileReference; fileEncoding = 4; lastKnownFileType = sourcecode.swift; path = Registrar.swift; sourceTree = "<group>"; };
		672DDE9620108CAB00193051 /* FirebaseInteractor.swift */ = {isa = PBXFileReference; fileEncoding = 4; lastKnownFileType = sourcecode.swift; path = FirebaseInteractor.swift; sourceTree = "<group>"; };
		672DDE9720108CAB00193051 /* FirebaseMetaData.swift */ = {isa = PBXFileReference; fileEncoding = 4; lastKnownFileType = sourcecode.swift; path = FirebaseMetaData.swift; sourceTree = "<group>"; };
		672DDE9820108CAB00193051 /* Info.plist */ = {isa = PBXFileReference; fileEncoding = 4; lastKnownFileType = text.plist.xml; path = Info.plist; sourceTree = "<group>"; };
		6768E2691FE66F5B00B853D1 /* CustomEventViewController.swift */ = {isa = PBXFileReference; lastKnownFileType = sourcecode.swift; path = CustomEventViewController.swift; sourceTree = "<group>"; };
		6768E26B1FE6864500B853D1 /* EventTableViewCell.swift */ = {isa = PBXFileReference; lastKnownFileType = sourcecode.swift; path = EventTableViewCell.swift; sourceTree = "<group>"; };
		6793C2291FD3F67600546622 /* OptimoveSDK.framework */ = {isa = PBXFileReference; explicitFileType = wrapper.framework; includeInIndex = 0; path = OptimoveSDK.framework; sourceTree = BUILT_PRODUCTS_DIR; };
		6793C2A91FD3FB6300546622 /* DevTest.app */ = {isa = PBXFileReference; explicitFileType = wrapper.application; includeInIndex = 0; path = DevTest.app; sourceTree = BUILT_PRODUCTS_DIR; };
		6793C2B51FD3FB6300546622 /* Base */ = {isa = PBXFileReference; lastKnownFileType = file.storyboard; name = Base; path = Base.lproj/LaunchScreen.storyboard; sourceTree = "<group>"; };
		6793C2BB1FD3FC1000546622 /* DevTest-Bridging-Header.h */ = {isa = PBXFileReference; lastKnownFileType = sourcecode.c.h; path = "DevTest-Bridging-Header.h"; sourceTree = "<group>"; };
		6793C2BC1FD3FC1100546622 /* AppDelegate.swift */ = {isa = PBXFileReference; fileEncoding = 4; lastKnownFileType = sourcecode.swift; path = AppDelegate.swift; sourceTree = "<group>"; };
		6793C2BE1FD3FC2300546622 /* DevTest.entitlements */ = {isa = PBXFileReference; lastKnownFileType = text.plist.entitlements; path = DevTest.entitlements; sourceTree = "<group>"; };
		6793C2BF1FD3FC3F00546622 /* CustomEvents.swift */ = {isa = PBXFileReference; fileEncoding = 4; lastKnownFileType = sourcecode.swift; path = CustomEvents.swift; sourceTree = "<group>"; };
		6793C2C01FD3FC3F00546622 /* Info.plist */ = {isa = PBXFileReference; fileEncoding = 4; lastKnownFileType = text.plist.xml; path = Info.plist; sourceTree = "<group>"; };
		6793C2C11FD3FC4000546622 /* ViewController.swift */ = {isa = PBXFileReference; fileEncoding = 4; lastKnownFileType = sourcecode.swift; path = ViewController.swift; sourceTree = "<group>"; };
		6793C2C21FD3FC4000546622 /* Main.storyboard */ = {isa = PBXFileReference; fileEncoding = 4; lastKnownFileType = file.storyboard; path = Main.storyboard; sourceTree = "<group>"; };
		6793C2C31FD3FC4000546622 /* SetUserIDViewController.swift */ = {isa = PBXFileReference; fileEncoding = 4; lastKnownFileType = sourcecode.swift; path = SetUserIDViewController.swift; sourceTree = "<group>"; };
		6793C2C41FD3FC4000546622 /* ReportEventViewController.swift */ = {isa = PBXFileReference; fileEncoding = 4; lastKnownFileType = sourcecode.swift; path = ReportEventViewController.swift; sourceTree = "<group>"; };
		6793C2CB1FD3FC4C00546622 /* Assets.xcassets */ = {isa = PBXFileReference; lastKnownFileType = folder.assetcatalog; path = Assets.xcassets; sourceTree = "<group>"; };
		6EA506F4417E58469792E3F8 /* Pods-OptimoveSDK.release.xcconfig */ = {isa = PBXFileReference; includeInIndex = 1; lastKnownFileType = text.xcconfig; name = "Pods-OptimoveSDK.release.xcconfig"; path = "Pods/Target Support Files/Pods-OptimoveSDK/Pods-OptimoveSDK.release.xcconfig"; sourceTree = "<group>"; };
		B365D1BBB728DD5A0CEC1947 /* Pods-OptimoveSDK.debug.xcconfig */ = {isa = PBXFileReference; includeInIndex = 1; lastKnownFileType = text.xcconfig; name = "Pods-OptimoveSDK.debug.xcconfig"; path = "Pods/Target Support Files/Pods-OptimoveSDK/Pods-OptimoveSDK.debug.xcconfig"; sourceTree = "<group>"; };
		B72D94CAA3745297F5C6BBDF /* Pods_DevTest.framework */ = {isa = PBXFileReference; explicitFileType = wrapper.framework; includeInIndex = 0; path = Pods_DevTest.framework; sourceTree = BUILT_PRODUCTS_DIR; };
/* End PBXFileReference section */

/* Begin PBXFrameworksBuildPhase section */
		6793C2251FD3F67600546622 /* Frameworks */ = {
			isa = PBXFrameworksBuildPhase;
			buildActionMask = 2147483647;
			files = (
				770B6CFC612481653C5279C2 /* Pods_OptimoveSDK.framework in Frameworks */,
			);
			runOnlyForDeploymentPostprocessing = 0;
		};
		6793C2A61FD3FB6300546622 /* Frameworks */ = {
			isa = PBXFrameworksBuildPhase;
			buildActionMask = 2147483647;
			files = (
				6793C2CD1FD3FEF400546622 /* OptimoveSDK.framework in Frameworks */,
				9EC105700CA64E330549E028 /* Pods_DevTest.framework in Frameworks */,
			);
			runOnlyForDeploymentPostprocessing = 0;
		};
/* End PBXFrameworksBuildPhase section */

/* Begin PBXGroup section */
		672DDE6320108CAB00193051 /* OptimoveSDK */ = {
			isa = PBXGroup;
			children = (
				672DDE6420108CAB00193051 /* Optimove */,
				672DDE7320108CAB00193051 /* OptiTrack */,
				672DDE7620108CAB00193051 /* Common */,
				672DDE9120108CAB00193051 /* OptiPush */,
				672DDE9820108CAB00193051 /* Info.plist */,
			);
			path = OptimoveSDK;
			sourceTree = "<group>";
		};
		672DDE6420108CAB00193051 /* Optimove */ = {
			isa = PBXGroup;
			children = (
				672DDE6520108CAB00193051 /* Initializer */,
				672DDE6820108CAB00193051 /* Optimove.swift */,
				672DDE6920108CAB00193051 /* NotificationResponder */,
				672DDE6B20108CAB00193051 /* EventValidator.swift */,
				672DDE6C20108CAB00193051 /* OptimoveTenantInfo.swift */,
				672DDE6D20108CAB00193051 /* StateMonitor */,
				672DDE7020108CAB00193051 /* DeepLink */,
			);
			path = Optimove;
			sourceTree = "<group>";
		};
		672DDE6520108CAB00193051 /* Initializer */ = {
			isa = PBXGroup;
			children = (
				672DDE6620108CAB00193051 /* OptimoveComponentsInitializer.swift */,
				672DDE6720108CAB00193051 /* AtomicBool.swift */,
			);
			path = Initializer;
			sourceTree = "<group>";
		};
		672DDE6920108CAB00193051 /* NotificationResponder */ = {
			isa = PBXGroup;
			children = (
				672DDE6A20108CAB00193051 /* OptimoveNotificationHandler.swift */,
			);
			path = NotificationResponder;
			sourceTree = "<group>";
		};
		672DDE6D20108CAB00193051 /* StateMonitor */ = {
			isa = PBXGroup;
			children = (
				672DDE6E20108CAB00193051 /* MonitorOptimoveState.swift */,
				672DDE6F20108CAB00193051 /* State.swift */,
			);
			path = StateMonitor;
			sourceTree = "<group>";
		};
		672DDE7020108CAB00193051 /* DeepLink */ = {
			isa = PBXGroup;
			children = (
				672DDE7120108CAB00193051 /* OptimoveDeepLinkResponder.swift */,
			);
			path = DeepLink;
			sourceTree = "<group>";
		};
		672DDE7320108CAB00193051 /* OptiTrack */ = {
			isa = PBXGroup;
			children = (
				672DDE7420108CAB00193051 /* OptiTrack.swift */,
				672DDE7520108CAB00193051 /* OptitrackMetaData.swift */,
			);
			path = OptiTrack;
			sourceTree = "<group>";
		};
		672DDE7620108CAB00193051 /* Common */ = {
			isa = PBXGroup;
			children = (
				672DDE7720108CAB00193051 /* Singletons */,
				672DDE7C20108CAB00193051 /* Comstants */,
				672DDE8020108CAB00193051 /* Providers */,
				672DDE8220108CAB00193051 /* Network */,
				672DDE8520108CAB00193051 /* Parser */,
				672DDE8820108CAB00193051 /* Extensions */,
				672DDE8A20108CAB00193051 /* Campaign */,
				672DDE8C20108CAB00193051 /* Error */,
				672DDE8E20108CAB00193051 /* Event */,
			);
			path = Common;
			sourceTree = "<group>";
		};
		672DDE7720108CAB00193051 /* Singletons */ = {
			isa = PBXGroup;
			children = (
				672DDE7820108CAB00193051 /* Storage */,
				672DDE7A20108CAB00193051 /* Synchronizable.swift */,
				672DDE7B20108CAB00193051 /* UserInSession.swift */,
			);
			path = Singletons;
			sourceTree = "<group>";
		};
		672DDE7820108CAB00193051 /* Storage */ = {
			isa = PBXGroup;
			children = (
				672DDE7920108CAB00193051 /* OptimoveFileManager.swift */,
			);
			path = Storage;
			sourceTree = "<group>";
		};
		672DDE7C20108CAB00193051 /* Comstants */ = {
			isa = PBXGroup;
			children = (
				672DDE7D20108CAB00193051 /* Constants.swift */,
				672DDE7E20108CAB00193051 /* ComponentsConstants.swift */,
				672DDE7F20108CAB00193051 /* OptimovePredefinedEvents.swift */,
			);
			path = Comstants;
			sourceTree = "<group>";
		};
		672DDE8020108CAB00193051 /* Providers */ = {
			isa = PBXGroup;
			children = (
				672DDE8120108CAB00193051 /* ConfigurationProvider.swift */,
			);
			path = Providers;
			sourceTree = "<group>";
		};
		672DDE8220108CAB00193051 /* Network */ = {
			isa = PBXGroup;
			children = (
				672DDE8320108CAB00193051 /* NetworkManager.swift */,
				672DDE8420108CAB00193051 /* NetworkAPIPaths.swift */,
			);
			path = Network;
			sourceTree = "<group>";
		};
		672DDE8520108CAB00193051 /* Parser */ = {
			isa = PBXGroup;
			children = (
				672DDE8620108CAB00193051 /* JSONComposer.swift */,
				672DDE8720108CAB00193051 /* Parser.swift */,
			);
			path = Parser;
			sourceTree = "<group>";
		};
		672DDE8820108CAB00193051 /* Extensions */ = {
			isa = PBXGroup;
			children = (
				672DDE8920108CAB00193051 /* Extensions.swift */,
			);
			path = Extensions;
			sourceTree = "<group>";
		};
		672DDE8A20108CAB00193051 /* Campaign */ = {
			isa = PBXGroup;
			children = (
				672DDE8B20108CAB00193051 /* CampaignDetails.swift */,
			);
			path = Campaign;
			sourceTree = "<group>";
		};
		672DDE8C20108CAB00193051 /* Error */ = {
			isa = PBXGroup;
			children = (
				672DDE8D20108CAB00193051 /* OptimoveError.swift */,
			);
			path = Error;
			sourceTree = "<group>";
		};
		672DDE8E20108CAB00193051 /* Event */ = {
			isa = PBXGroup;
			children = (
				672DDE8F20108CAB00193051 /* EventConfig.swift */,
				672DDE9020108CAB00193051 /* Event.swift */,
			);
			path = Event;
			sourceTree = "<group>";
		};
		672DDE9120108CAB00193051 /* OptiPush */ = {
			isa = PBXGroup;
			children = (
				672DDE9220108CAB00193051 /* OptipushMetaData.swift */,
				672DDE9320108CAB00193051 /* Optipush.swift */,
				672DDE9420108CAB00193051 /* Registrar.swift */,
				672DDE9520108CAB00193051 /* Firebase */,
			);
			path = OptiPush;
			sourceTree = "<group>";
		};
		672DDE9520108CAB00193051 /* Firebase */ = {
			isa = PBXGroup;
			children = (
				672DDE9620108CAB00193051 /* FirebaseInteractor.swift */,
				672DDE9720108CAB00193051 /* FirebaseMetaData.swift */,
			);
			path = Firebase;
			sourceTree = "<group>";
		};
		672FDFBFD3B09CB46A0B60AA /* Frameworks */ = {
			isa = PBXGroup;
			children = (
				B72D94CAA3745297F5C6BBDF /* Pods_DevTest.framework */,
				13A2BE4B6C98563B812B532F /* Pods_OptimoveSDK.framework */,
			);
			name = Frameworks;
			sourceTree = "<group>";
		};
		6793C21F1FD3F67600546622 = {
			isa = PBXGroup;
			children = (
				672DDE6320108CAB00193051 /* OptimoveSDK */,
				672DDE7220108CAB00193051 /* OptimoveSDK.h */,
				6793C2AA1FD3FB6300546622 /* DevTest */,
				6793C22A1FD3F67600546622 /* Products */,
				DE1CDAE96E1C266A1D0A29AE /* Pods */,
				672FDFBFD3B09CB46A0B60AA /* Frameworks */,
			);
			sourceTree = "<group>";
		};
		6793C22A1FD3F67600546622 /* Products */ = {
			isa = PBXGroup;
			children = (
				6793C2291FD3F67600546622 /* OptimoveSDK.framework */,
				6793C2A91FD3FB6300546622 /* DevTest.app */,
			);
			name = Products;
			sourceTree = "<group>";
		};
		6793C2AA1FD3FB6300546622 /* DevTest */ = {
			isa = PBXGroup;
			children = (
				6793C2CB1FD3FC4C00546622 /* Assets.xcassets */,
				6793C2BE1FD3FC2300546622 /* DevTest.entitlements */,
				6793C2BC1FD3FC1100546622 /* AppDelegate.swift */,
				6793C2BF1FD3FC3F00546622 /* CustomEvents.swift */,
				6793C2C01FD3FC3F00546622 /* Info.plist */,
				6793C2C21FD3FC4000546622 /* Main.storyboard */,
				6793C2C41FD3FC4000546622 /* ReportEventViewController.swift */,
				6793C2C31FD3FC4000546622 /* SetUserIDViewController.swift */,
				6793C2C11FD3FC4000546622 /* ViewController.swift */,
				6793C2B41FD3FB6300546622 /* LaunchScreen.storyboard */,
				6793C2BB1FD3FC1000546622 /* DevTest-Bridging-Header.h */,
				6768E2691FE66F5B00B853D1 /* CustomEventViewController.swift */,
				6768E26B1FE6864500B853D1 /* EventTableViewCell.swift */,
			);
			path = DevTest;
			sourceTree = "<group>";
		};
		DE1CDAE96E1C266A1D0A29AE /* Pods */ = {
			isa = PBXGroup;
			children = (
				04E3A119AA64B4B0D497E8B4 /* Pods-DevTest.debug.xcconfig */,
				053538F8A86F175DBEDC911E /* Pods-DevTest.release.xcconfig */,
				B365D1BBB728DD5A0CEC1947 /* Pods-OptimoveSDK.debug.xcconfig */,
				6EA506F4417E58469792E3F8 /* Pods-OptimoveSDK.release.xcconfig */,
			);
			name = Pods;
			sourceTree = "<group>";
		};
/* End PBXGroup section */

/* Begin PBXHeadersBuildPhase section */
		6793C2261FD3F67600546622 /* Headers */ = {
			isa = PBXHeadersBuildPhase;
			buildActionMask = 2147483647;
			files = (
			);
			runOnlyForDeploymentPostprocessing = 0;
		};
/* End PBXHeadersBuildPhase section */

/* Begin PBXNativeTarget section */
		6793C2281FD3F67600546622 /* OptimoveSDK */ = {
			isa = PBXNativeTarget;
			buildConfigurationList = 6793C2311FD3F67600546622 /* Build configuration list for PBXNativeTarget "OptimoveSDK" */;
			buildPhases = (
				B1A824B9E2B5A7121E632702 /* [CP] Check Pods Manifest.lock */,
				6793C2241FD3F67600546622 /* Sources */,
				6793C2251FD3F67600546622 /* Frameworks */,
				6793C2261FD3F67600546622 /* Headers */,
				6793C2271FD3F67600546622 /* Resources */,
				2182CCD59F8DD81ABEF16614 /* [CP] Copy Pods Resources */,
			);
			buildRules = (
			);
			dependencies = (
			);
			name = OptimoveSDK;
			productName = OptimoveSDK;
			productReference = 6793C2291FD3F67600546622 /* OptimoveSDK.framework */;
			productType = "com.apple.product-type.framework";
		};
		6793C2A81FD3FB6300546622 /* DevTest */ = {
			isa = PBXNativeTarget;
			buildConfigurationList = 6793C2BA1FD3FB6300546622 /* Build configuration list for PBXNativeTarget "DevTest" */;
			buildPhases = (
				951D0C98D951F67DC3B7FD8B /* [CP] Check Pods Manifest.lock */,
				6793C2A51FD3FB6300546622 /* Sources */,
				6793C2A61FD3FB6300546622 /* Frameworks */,
				6793C2A71FD3FB6300546622 /* Resources */,
				6793C2D11FD3FEF400546622 /* Embed Frameworks */,
				97D74AB6A194EDFA8773316A /* [CP] Embed Pods Frameworks */,
				DFC509B1EE9375BE2A01900B /* [CP] Copy Pods Resources */,
			);
			buildRules = (
			);
			dependencies = (
				6793C2D01FD3FEF400546622 /* PBXTargetDependency */,
			);
			name = DevTest;
			productName = DevTest;
			productReference = 6793C2A91FD3FB6300546622 /* DevTest.app */;
			productType = "com.apple.product-type.application";
		};
/* End PBXNativeTarget section */

/* Begin PBXProject section */
		6793C2201FD3F67600546622 /* Project object */ = {
			isa = PBXProject;
			attributes = {
				LastSwiftUpdateCheck = 0910;
				LastUpgradeCheck = 0920;
				ORGANIZATIONNAME = Optimove;
				TargetAttributes = {
					6793C2281FD3F67600546622 = {
						CreatedOnToolsVersion = 9.1;
						ProvisioningStyle = Automatic;
					};
					6793C2A81FD3FB6300546622 = {
						CreatedOnToolsVersion = 9.1;
						LastSwiftMigration = 0910;
						ProvisioningStyle = Automatic;
						SystemCapabilities = {
							com.apple.BackgroundModes = {
								enabled = 1;
							};
							com.apple.Push = {
								enabled = 1;
							};
						};
					};
				};
			};
			buildConfigurationList = 6793C2231FD3F67600546622 /* Build configuration list for PBXProject "OptimoveSDK" */;
			compatibilityVersion = "Xcode 8.0";
			developmentRegion = en;
			hasScannedForEncodings = 0;
			knownRegions = (
				en,
				Base,
			);
			mainGroup = 6793C21F1FD3F67600546622;
			productRefGroup = 6793C22A1FD3F67600546622 /* Products */;
			projectDirPath = "";
			projectRoot = "";
			targets = (
				6793C2281FD3F67600546622 /* OptimoveSDK */,
				6793C2A81FD3FB6300546622 /* DevTest */,
			);
		};
/* End PBXProject section */

/* Begin PBXResourcesBuildPhase section */
		6793C2271FD3F67600546622 /* Resources */ = {
			isa = PBXResourcesBuildPhase;
			buildActionMask = 2147483647;
			files = (
			);
			runOnlyForDeploymentPostprocessing = 0;
		};
		6793C2A71FD3FB6300546622 /* Resources */ = {
			isa = PBXResourcesBuildPhase;
			buildActionMask = 2147483647;
			files = (
				6793C2C81FD3FC4000546622 /* Main.storyboard in Resources */,
				6793C2CC1FD3FC4C00546622 /* Assets.xcassets in Resources */,
				6793C2B61FD3FB6300546622 /* LaunchScreen.storyboard in Resources */,
			);
			runOnlyForDeploymentPostprocessing = 0;
		};
/* End PBXResourcesBuildPhase section */

/* Begin PBXShellScriptBuildPhase section */
		2182CCD59F8DD81ABEF16614 /* [CP] Copy Pods Resources */ = {
			isa = PBXShellScriptBuildPhase;
			buildActionMask = 2147483647;
			files = (
			);
			inputPaths = (
			);
			name = "[CP] Copy Pods Resources";
			outputPaths = (
			);
			runOnlyForDeploymentPostprocessing = 0;
			shellPath = /bin/sh;
			shellScript = "\"${SRCROOT}/Pods/Target Support Files/Pods-OptimoveSDK/Pods-OptimoveSDK-resources.sh\"\n";
			showEnvVarsInLog = 0;
		};
		951D0C98D951F67DC3B7FD8B /* [CP] Check Pods Manifest.lock */ = {
			isa = PBXShellScriptBuildPhase;
			buildActionMask = 2147483647;
			files = (
			);
			inputPaths = (
				"${PODS_PODFILE_DIR_PATH}/Podfile.lock",
				"${PODS_ROOT}/Manifest.lock",
			);
			name = "[CP] Check Pods Manifest.lock";
			outputPaths = (
				"$(DERIVED_FILE_DIR)/Pods-DevTest-checkManifestLockResult.txt",
			);
			runOnlyForDeploymentPostprocessing = 0;
			shellPath = /bin/sh;
			shellScript = "diff \"${PODS_PODFILE_DIR_PATH}/Podfile.lock\" \"${PODS_ROOT}/Manifest.lock\" > /dev/null\nif [ $? != 0 ] ; then\n    # print error to STDERR\n    echo \"error: The sandbox is not in sync with the Podfile.lock. Run 'pod install' or update your CocoaPods installation.\" >&2\n    exit 1\nfi\n# This output is used by Xcode 'outputs' to avoid re-running this script phase.\necho \"SUCCESS\" > \"${SCRIPT_OUTPUT_FILE_0}\"\n";
			showEnvVarsInLog = 0;
		};
		97D74AB6A194EDFA8773316A /* [CP] Embed Pods Frameworks */ = {
			isa = PBXShellScriptBuildPhase;
			buildActionMask = 2147483647;
			files = (
			);
			inputPaths = (
				"${SRCROOT}/Pods/Target Support Files/Pods-DevTest/Pods-DevTest-frameworks.sh",
				"${BUILT_PRODUCTS_DIR}/GoogleToolboxForMac/GoogleToolboxForMac.framework",
				"${BUILT_PRODUCTS_DIR}/ObjcExceptionBridging/ObjcExceptionBridging.framework",
				"${BUILT_PRODUCTS_DIR}/OptimovePiwikTracker/OptimovePiwikTracker.framework",
				"${BUILT_PRODUCTS_DIR}/Protobuf/Protobuf.framework",
				"${BUILT_PRODUCTS_DIR}/XCGLogger/XCGLogger.framework",
				"${BUILT_PRODUCTS_DIR}/nanopb/nanopb.framework",
			);
			name = "[CP] Embed Pods Frameworks";
			outputPaths = (
				"${TARGET_BUILD_DIR}/${FRAMEWORKS_FOLDER_PATH}/GoogleToolboxForMac.framework",
				"${TARGET_BUILD_DIR}/${FRAMEWORKS_FOLDER_PATH}/ObjcExceptionBridging.framework",
				"${TARGET_BUILD_DIR}/${FRAMEWORKS_FOLDER_PATH}/OptimovePiwikTracker.framework",
				"${TARGET_BUILD_DIR}/${FRAMEWORKS_FOLDER_PATH}/Protobuf.framework",
				"${TARGET_BUILD_DIR}/${FRAMEWORKS_FOLDER_PATH}/XCGLogger.framework",
				"${TARGET_BUILD_DIR}/${FRAMEWORKS_FOLDER_PATH}/nanopb.framework",
			);
			runOnlyForDeploymentPostprocessing = 0;
			shellPath = /bin/sh;
			shellScript = "\"${SRCROOT}/Pods/Target Support Files/Pods-DevTest/Pods-DevTest-frameworks.sh\"\n";
			showEnvVarsInLog = 0;
		};
		B1A824B9E2B5A7121E632702 /* [CP] Check Pods Manifest.lock */ = {
			isa = PBXShellScriptBuildPhase;
			buildActionMask = 2147483647;
			files = (
			);
			inputPaths = (
				"${PODS_PODFILE_DIR_PATH}/Podfile.lock",
				"${PODS_ROOT}/Manifest.lock",
			);
			name = "[CP] Check Pods Manifest.lock";
			outputPaths = (
				"$(DERIVED_FILE_DIR)/Pods-OptimoveSDK-checkManifestLockResult.txt",
			);
			runOnlyForDeploymentPostprocessing = 0;
			shellPath = /bin/sh;
			shellScript = "diff \"${PODS_PODFILE_DIR_PATH}/Podfile.lock\" \"${PODS_ROOT}/Manifest.lock\" > /dev/null\nif [ $? != 0 ] ; then\n    # print error to STDERR\n    echo \"error: The sandbox is not in sync with the Podfile.lock. Run 'pod install' or update your CocoaPods installation.\" >&2\n    exit 1\nfi\n# This output is used by Xcode 'outputs' to avoid re-running this script phase.\necho \"SUCCESS\" > \"${SCRIPT_OUTPUT_FILE_0}\"\n";
			showEnvVarsInLog = 0;
		};
		DFC509B1EE9375BE2A01900B /* [CP] Copy Pods Resources */ = {
			isa = PBXShellScriptBuildPhase;
			buildActionMask = 2147483647;
			files = (
			);
			inputPaths = (
			);
			name = "[CP] Copy Pods Resources";
			outputPaths = (
			);
			runOnlyForDeploymentPostprocessing = 0;
			shellPath = /bin/sh;
			shellScript = "\"${SRCROOT}/Pods/Target Support Files/Pods-DevTest/Pods-DevTest-resources.sh\"\n";
			showEnvVarsInLog = 0;
		};
/* End PBXShellScriptBuildPhase section */

/* Begin PBXSourcesBuildPhase section */
		6793C2241FD3F67600546622 /* Sources */ = {
			isa = PBXSourcesBuildPhase;
			buildActionMask = 2147483647;
			files = (
				672DDEB020108CAC00193051 /* Extensions.swift in Sources */,
				672DDEAC20108CAC00193051 /* NetworkManager.swift in Sources */,
				672DDE9E20108CAC00193051 /* OptimoveTenantInfo.swift in Sources */,
				672DDE9C20108CAC00193051 /* OptimoveNotificationHandler.swift in Sources */,
				672DDEA520108CAC00193051 /* OptimoveFileManager.swift in Sources */,
				672DDE9F20108CAC00193051 /* MonitorOptimoveState.swift in Sources */,
				672DDE9A20108CAC00193051 /* AtomicBool.swift in Sources */,
				672DDEAA20108CAC00193051 /* OptimovePredefinedEvents.swift in Sources */,
				672DDEA820108CAC00193051 /* Constants.swift in Sources */,
				672DDE9920108CAC00193051 /* OptimoveComponentsInitializer.swift in Sources */,
				672DDEB420108CAC00193051 /* Event.swift in Sources */,
				672DDEA920108CAC00193051 /* ComponentsConstants.swift in Sources */,
				672DDE9B20108CAC00193051 /* Optimove.swift in Sources */,
				672DDEAE20108CAC00193051 /* JSONComposer.swift in Sources */,
				672DDEAF20108CAC00193051 /* Parser.swift in Sources */,
				672DDEB320108CAC00193051 /* EventConfig.swift in Sources */,
				672DDEA120108CAC00193051 /* OptimoveDeepLinkResponder.swift in Sources */,
				672DDEA720108CAC00193051 /* UserInSession.swift in Sources */,
				672DDEA620108CAC00193051 /* Synchronizable.swift in Sources */,
				672DDEB920108CAC00193051 /* FirebaseMetaData.swift in Sources */,
				672DDEB820108CAC00193051 /* FirebaseInteractor.swift in Sources */,
				672DDEA320108CAC00193051 /* OptiTrack.swift in Sources */,
				672DDE9D20108CAC00193051 /* EventValidator.swift in Sources */,
				672DDEB220108CAC00193051 /* OptimoveError.swift in Sources */,
				672DDEAD20108CAC00193051 /* NetworkAPIPaths.swift in Sources */,
				672DDEA020108CAC00193051 /* State.swift in Sources */,
				672DDEA420108CAC00193051 /* OptitrackMetaData.swift in Sources */,
				672DDEB720108CAC00193051 /* Registrar.swift in Sources */,
				672DDEB120108CAC00193051 /* CampaignDetails.swift in Sources */,
				672DDEB520108CAC00193051 /* OptipushMetaData.swift in Sources */,
				672DDEAB20108CAC00193051 /* ConfigurationProvider.swift in Sources */,
				672DDEB620108CAC00193051 /* Optipush.swift in Sources */,
			);
			runOnlyForDeploymentPostprocessing = 0;
		};
		6793C2A51FD3FB6300546622 /* Sources */ = {
			isa = PBXSourcesBuildPhase;
			buildActionMask = 2147483647;
			files = (
				6793C2C71FD3FC4000546622 /* ViewController.swift in Sources */,
				6793C2CA1FD3FC4000546622 /* ReportEventViewController.swift in Sources */,
				6793C2BD1FD3FC1100546622 /* AppDelegate.swift in Sources */,
				6793C2C51FD3FC4000546622 /* CustomEvents.swift in Sources */,
				6768E26C1FE6864500B853D1 /* EventTableViewCell.swift in Sources */,
				6768E26A1FE66F5B00B853D1 /* CustomEventViewController.swift in Sources */,
				6793C2C91FD3FC4000546622 /* SetUserIDViewController.swift in Sources */,
			);
			runOnlyForDeploymentPostprocessing = 0;
		};
/* End PBXSourcesBuildPhase section */

/* Begin PBXTargetDependency section */
		6793C2D01FD3FEF400546622 /* PBXTargetDependency */ = {
			isa = PBXTargetDependency;
			target = 6793C2281FD3F67600546622 /* OptimoveSDK */;
			targetProxy = 6793C2CF1FD3FEF400546622 /* PBXContainerItemProxy */;
		};
/* End PBXTargetDependency section */

/* Begin PBXVariantGroup section */
		6793C2B41FD3FB6300546622 /* LaunchScreen.storyboard */ = {
			isa = PBXVariantGroup;
			children = (
				6793C2B51FD3FB6300546622 /* Base */,
			);
			name = LaunchScreen.storyboard;
			sourceTree = "<group>";
		};
/* End PBXVariantGroup section */

/* Begin XCBuildConfiguration section */
		6793C22F1FD3F67600546622 /* Debug */ = {
			isa = XCBuildConfiguration;
			buildSettings = {
				ALWAYS_SEARCH_USER_PATHS = NO;
				CLANG_ANALYZER_NONNULL = YES;
				CLANG_ANALYZER_NUMBER_OBJECT_CONVERSION = YES_AGGRESSIVE;
				CLANG_CXX_LANGUAGE_STANDARD = "gnu++14";
				CLANG_CXX_LIBRARY = "libc++";
				CLANG_ENABLE_MODULES = YES;
				CLANG_ENABLE_OBJC_ARC = YES;
				CLANG_WARN_BLOCK_CAPTURE_AUTORELEASING = YES;
				CLANG_WARN_BOOL_CONVERSION = YES;
				CLANG_WARN_COMMA = YES;
				CLANG_WARN_CONSTANT_CONVERSION = YES;
				CLANG_WARN_DIRECT_OBJC_ISA_USAGE = YES_ERROR;
				CLANG_WARN_DOCUMENTATION_COMMENTS = YES;
				CLANG_WARN_EMPTY_BODY = YES;
				CLANG_WARN_ENUM_CONVERSION = YES;
				CLANG_WARN_INFINITE_RECURSION = YES;
				CLANG_WARN_INT_CONVERSION = YES;
				CLANG_WARN_NON_LITERAL_NULL_CONVERSION = YES;
				CLANG_WARN_OBJC_LITERAL_CONVERSION = YES;
				CLANG_WARN_OBJC_ROOT_CLASS = YES_ERROR;
				CLANG_WARN_RANGE_LOOP_ANALYSIS = YES;
				CLANG_WARN_STRICT_PROTOTYPES = YES;
				CLANG_WARN_SUSPICIOUS_MOVE = YES;
				CLANG_WARN_UNGUARDED_AVAILABILITY = YES_AGGRESSIVE;
				CLANG_WARN_UNREACHABLE_CODE = YES;
				CLANG_WARN__DUPLICATE_METHOD_MATCH = YES;
				CODE_SIGN_IDENTITY = "iPhone Developer";
				COPY_PHASE_STRIP = NO;
				CURRENT_PROJECT_VERSION = 1;
				DEBUG_INFORMATION_FORMAT = dwarf;
				ENABLE_STRICT_OBJC_MSGSEND = YES;
				ENABLE_TESTABILITY = YES;
				GCC_C_LANGUAGE_STANDARD = gnu11;
				GCC_DYNAMIC_NO_PIC = NO;
				GCC_NO_COMMON_BLOCKS = YES;
				GCC_OPTIMIZATION_LEVEL = 0;
				GCC_PREPROCESSOR_DEFINITIONS = (
					"DEBUG=1",
					"$(inherited)",
				);
				GCC_WARN_64_TO_32_BIT_CONVERSION = YES;
				GCC_WARN_ABOUT_RETURN_TYPE = YES_ERROR;
				GCC_WARN_UNDECLARED_SELECTOR = YES;
				GCC_WARN_UNINITIALIZED_AUTOS = YES_AGGRESSIVE;
				GCC_WARN_UNUSED_FUNCTION = YES;
				GCC_WARN_UNUSED_VARIABLE = YES;
				IPHONEOS_DEPLOYMENT_TARGET = 10.0;
				MTL_ENABLE_DEBUG_INFO = YES;
				ONLY_ACTIVE_ARCH = YES;
				SDKROOT = iphoneos;
				SWIFT_ACTIVE_COMPILATION_CONDITIONS = DEBUG;
				SWIFT_OPTIMIZATION_LEVEL = "-Onone";
				VERSIONING_SYSTEM = "apple-generic";
				VERSION_INFO_PREFIX = "";
			};
			name = Debug;
		};
		6793C2301FD3F67600546622 /* Release */ = {
			isa = XCBuildConfiguration;
			buildSettings = {
				ALWAYS_SEARCH_USER_PATHS = NO;
				CLANG_ANALYZER_NONNULL = YES;
				CLANG_ANALYZER_NUMBER_OBJECT_CONVERSION = YES_AGGRESSIVE;
				CLANG_CXX_LANGUAGE_STANDARD = "gnu++14";
				CLANG_CXX_LIBRARY = "libc++";
				CLANG_ENABLE_MODULES = YES;
				CLANG_ENABLE_OBJC_ARC = YES;
				CLANG_WARN_BLOCK_CAPTURE_AUTORELEASING = YES;
				CLANG_WARN_BOOL_CONVERSION = YES;
				CLANG_WARN_COMMA = YES;
				CLANG_WARN_CONSTANT_CONVERSION = YES;
				CLANG_WARN_DIRECT_OBJC_ISA_USAGE = YES_ERROR;
				CLANG_WARN_DOCUMENTATION_COMMENTS = YES;
				CLANG_WARN_EMPTY_BODY = YES;
				CLANG_WARN_ENUM_CONVERSION = YES;
				CLANG_WARN_INFINITE_RECURSION = YES;
				CLANG_WARN_INT_CONVERSION = YES;
				CLANG_WARN_NON_LITERAL_NULL_CONVERSION = YES;
				CLANG_WARN_OBJC_LITERAL_CONVERSION = YES;
				CLANG_WARN_OBJC_ROOT_CLASS = YES_ERROR;
				CLANG_WARN_RANGE_LOOP_ANALYSIS = YES;
				CLANG_WARN_STRICT_PROTOTYPES = YES;
				CLANG_WARN_SUSPICIOUS_MOVE = YES;
				CLANG_WARN_UNGUARDED_AVAILABILITY = YES_AGGRESSIVE;
				CLANG_WARN_UNREACHABLE_CODE = YES;
				CLANG_WARN__DUPLICATE_METHOD_MATCH = YES;
				CODE_SIGN_IDENTITY = "iPhone Developer";
				COPY_PHASE_STRIP = NO;
				CURRENT_PROJECT_VERSION = 1;
				DEBUG_INFORMATION_FORMAT = "dwarf-with-dsym";
				ENABLE_NS_ASSERTIONS = NO;
				ENABLE_STRICT_OBJC_MSGSEND = YES;
				GCC_C_LANGUAGE_STANDARD = gnu11;
				GCC_NO_COMMON_BLOCKS = YES;
				GCC_WARN_64_TO_32_BIT_CONVERSION = YES;
				GCC_WARN_ABOUT_RETURN_TYPE = YES_ERROR;
				GCC_WARN_UNDECLARED_SELECTOR = YES;
				GCC_WARN_UNINITIALIZED_AUTOS = YES_AGGRESSIVE;
				GCC_WARN_UNUSED_FUNCTION = YES;
				GCC_WARN_UNUSED_VARIABLE = YES;
				IPHONEOS_DEPLOYMENT_TARGET = 10.0;
				MTL_ENABLE_DEBUG_INFO = NO;
				SDKROOT = iphoneos;
				SWIFT_OPTIMIZATION_LEVEL = "-Owholemodule";
				VALIDATE_PRODUCT = YES;
				VERSIONING_SYSTEM = "apple-generic";
				VERSION_INFO_PREFIX = "";
			};
			name = Release;
		};
		6793C2321FD3F67600546622 /* Debug */ = {
			isa = XCBuildConfiguration;
			baseConfigurationReference = B365D1BBB728DD5A0CEC1947 /* Pods-OptimoveSDK.debug.xcconfig */;
			buildSettings = {
				CODE_SIGN_IDENTITY = "";
				CODE_SIGN_STYLE = Automatic;
				DEFINES_MODULE = YES;
				DEVELOPMENT_TEAM = LDTF4M4FTC;
				DYLIB_COMPATIBILITY_VERSION = 1;
				DYLIB_CURRENT_VERSION = 1;
				DYLIB_INSTALL_NAME_BASE = "@rpath";
				INFOPLIST_FILE = OptimoveSDK/Info.plist;
				INSTALL_PATH = "$(LOCAL_LIBRARY_DIR)/Frameworks";
				IPHONEOS_DEPLOYMENT_TARGET = 10.0;
				LD_RUNPATH_SEARCH_PATHS = "$(inherited) @executable_path/Frameworks @loader_path/Frameworks";
				PRODUCT_BUNDLE_IDENTIFIER = com.optimove.sdk.OptimoveSDK;
				PRODUCT_NAME = "$(TARGET_NAME:c99extidentifier)";
				SKIP_INSTALL = YES;
				SWIFT_VERSION = 4.0;
				TARGETED_DEVICE_FAMILY = "1,2";
			};
			name = Debug;
		};
		6793C2331FD3F67600546622 /* Release */ = {
			isa = XCBuildConfiguration;
			baseConfigurationReference = 6EA506F4417E58469792E3F8 /* Pods-OptimoveSDK.release.xcconfig */;
			buildSettings = {
				CODE_SIGN_IDENTITY = "";
				CODE_SIGN_STYLE = Automatic;
				DEFINES_MODULE = YES;
				DEVELOPMENT_TEAM = LDTF4M4FTC;
				DYLIB_COMPATIBILITY_VERSION = 1;
				DYLIB_CURRENT_VERSION = 1;
				DYLIB_INSTALL_NAME_BASE = "@rpath";
				INFOPLIST_FILE = OptimoveSDK/Info.plist;
				INSTALL_PATH = "$(LOCAL_LIBRARY_DIR)/Frameworks";
				IPHONEOS_DEPLOYMENT_TARGET = 10.0;
				LD_RUNPATH_SEARCH_PATHS = "$(inherited) @executable_path/Frameworks @loader_path/Frameworks";
				PRODUCT_BUNDLE_IDENTIFIER = com.optimove.sdk.OptimoveSDK;
				PRODUCT_NAME = "$(TARGET_NAME:c99extidentifier)";
				SKIP_INSTALL = YES;
				SWIFT_VERSION = 4.0;
				TARGETED_DEVICE_FAMILY = "1,2";
			};
			name = Release;
		};
		6793C2B81FD3FB6300546622 /* Debug */ = {
			isa = XCBuildConfiguration;
			baseConfigurationReference = 04E3A119AA64B4B0D497E8B4 /* Pods-DevTest.debug.xcconfig */;
			buildSettings = {
				ALWAYS_EMBED_SWIFT_STANDARD_LIBRARIES = YES;
				ASSETCATALOG_COMPILER_APPICON_NAME = AppIcon;
				CLANG_ENABLE_MODULES = YES;
				CODE_SIGN_ENTITLEMENTS = DevTest/DevTest.entitlements;
				CODE_SIGN_STYLE = Automatic;
				DEVELOPMENT_TEAM = LDTF4M4FTC;
				INFOPLIST_FILE = DevTest/Info.plist;
				IPHONEOS_DEPLOYMENT_TARGET = 10.0;
				LD_RUNPATH_SEARCH_PATHS = "$(inherited) @executable_path/Frameworks";
				PRODUCT_BUNDLE_IDENTIFIER = com.optimove.OptimoveSDKDev;
				PRODUCT_NAME = "$(TARGET_NAME)";
				SWIFT_OBJC_BRIDGING_HEADER = "DevTest/DevTest-Bridging-Header.h";
				SWIFT_OPTIMIZATION_LEVEL = "-Onone";
				SWIFT_VERSION = 4.0;
				TARGETED_DEVICE_FAMILY = 1;
			};
			name = Debug;
		};
		6793C2B91FD3FB6300546622 /* Release */ = {
			isa = XCBuildConfiguration;
			baseConfigurationReference = 053538F8A86F175DBEDC911E /* Pods-DevTest.release.xcconfig */;
			buildSettings = {
				ALWAYS_EMBED_SWIFT_STANDARD_LIBRARIES = YES;
				ASSETCATALOG_COMPILER_APPICON_NAME = AppIcon;
				CLANG_ENABLE_MODULES = YES;
				CODE_SIGN_ENTITLEMENTS = DevTest/DevTest.entitlements;
				CODE_SIGN_STYLE = Automatic;
				DEVELOPMENT_TEAM = LDTF4M4FTC;
				INFOPLIST_FILE = DevTest/Info.plist;
				IPHONEOS_DEPLOYMENT_TARGET = 10.0;
				LD_RUNPATH_SEARCH_PATHS = "$(inherited) @executable_path/Frameworks";
				PRODUCT_BUNDLE_IDENTIFIER = com.optimove.OptimoveSDKDev;
				PRODUCT_NAME = "$(TARGET_NAME)";
				SWIFT_OBJC_BRIDGING_HEADER = "DevTest/DevTest-Bridging-Header.h";
				SWIFT_VERSION = 4.0;
				TARGETED_DEVICE_FAMILY = 1;
			};
			name = Release;
		};
/* End XCBuildConfiguration section */

/* Begin XCConfigurationList section */
		6793C2231FD3F67600546622 /* Build configuration list for PBXProject "OptimoveSDK" */ = {
			isa = XCConfigurationList;
			buildConfigurations = (
				6793C22F1FD3F67600546622 /* Debug */,
				6793C2301FD3F67600546622 /* Release */,
			);
			defaultConfigurationIsVisible = 0;
			defaultConfigurationName = Debug;
		};
		6793C2311FD3F67600546622 /* Build configuration list for PBXNativeTarget "OptimoveSDK" */ = {
			isa = XCConfigurationList;
			buildConfigurations = (
				6793C2321FD3F67600546622 /* Debug */,
				6793C2331FD3F67600546622 /* Release */,
			);
			defaultConfigurationIsVisible = 0;
			defaultConfigurationName = Debug;
		};
		6793C2BA1FD3FB6300546622 /* Build configuration list for PBXNativeTarget "DevTest" */ = {
			isa = XCConfigurationList;
			buildConfigurations = (
				6793C2B81FD3FB6300546622 /* Debug */,
				6793C2B91FD3FB6300546622 /* Release */,
			);
			defaultConfigurationIsVisible = 0;
			defaultConfigurationName = Debug;
		};
/* End XCConfigurationList section */
	};
	rootObject = 6793C2201FD3F67600546622 /* Project object */;
}
