// !$*UTF8*$!
{
	archiveVersion = 1;
	classes = {
	};
	objectVersion = 51;
	objects = {

/* Begin PBXBuildFile section */
		06E1FA7F29E12CFD9BCC0604 /* MobileLogServiceLoggerStream.swift in Sources */ = {isa = PBXBuildFile; fileRef = 91B34592A0ECEF48290E7635 /* MobileLogServiceLoggerStream.swift */; };
		0770E40125E73BE955EDBE8B /* OptimoveStorageFacade.swift in Sources */ = {isa = PBXBuildFile; fileRef = 6AFD4C337534BAAC248BC7BC /* OptimoveStorageFacade.swift */; };
		084300991314506F27733F1B /* Dictionary+CompactMapKeys.swift in Sources */ = {isa = PBXBuildFile; fileRef = FF9382B5FEF3C50C307CD562 /* Dictionary+CompactMapKeys.swift */; };
		087680719E883B0B1304CF14 /* OptimoveDeviceStateMonitor.swift in Sources */ = {isa = PBXBuildFile; fileRef = AF8976553A380B581E98A6CA /* OptimoveDeviceStateMonitor.swift */; };
		09EEECBD19FC2CE320766E51 /* ServiceLocator.swift in Sources */ = {isa = PBXBuildFile; fileRef = 065E634989F7A3BB12F51DAE /* ServiceLocator.swift */; };
		0A85B1B6F533719A316DABE4 /* RealtimeEvent.swift in Sources */ = {isa = PBXBuildFile; fileRef = F3B77198F471FD2BF1133183 /* RealtimeEvent.swift */; };
		0B7A8F1FF3A68CA2309FD9D8 /* Constants.swift in Sources */ = {isa = PBXBuildFile; fileRef = 4EB379BC4479088F8D81128A /* Constants.swift */; };
		0BF9565F3B4EC1A9087FDA87 /* DeviceReuirementFetcherFactory.swift in Sources */ = {isa = PBXBuildFile; fileRef = 10F3BFA92B84931277D5EA1D /* DeviceReuirementFetcherFactory.swift */; };
		0CCFE3B26BB81B6B6F9C6FAE /* OptiPushConfigurator.swift in Sources */ = {isa = PBXBuildFile; fileRef = 0B751C533E3911BDBE4A4B17 /* OptiPushConfigurator.swift */; };
		130D4395B32F816C06E5728C /* Device.swift in Sources */ = {isa = PBXBuildFile; fileRef = 0EBABC59EB7AB765E3E2D5C1 /* Device.swift */; };
		141EDFFE84E271DC9D009B7B /* StatisticService.swift in Sources */ = {isa = PBXBuildFile; fileRef = 28CD99B7ED66E534A01A7D7C /* StatisticService.swift */; };
		1429E36448F6EA7F9F76E069 /* PingEvent.swift in Sources */ = {isa = PBXBuildFile; fileRef = 257209FCCF3E793174741093 /* PingEvent.swift */; };
		147171095D992A7CCF998807 /* LegacyResults.swift in Sources */ = {isa = PBXBuildFile; fileRef = 16915622689F51B2CB458D81 /* LegacyResults.swift */; };
		1A4B70345EF058F2C9602A27 /* String+alphanumeric.swift in Sources */ = {isa = PBXBuildFile; fileRef = 2F3ED80EF1D8ED5F8C9755F7 /* String+alphanumeric.swift */; };
		1BAEEF70393CB10F498ECF5D /* FirebaseInteractor.swift in Sources */ = {isa = PBXBuildFile; fileRef = 4A46C7DE2D84D2D8704B5B79 /* FirebaseInteractor.swift */; };
		1D8BC5F113DD12827B25556C /* State.swift in Sources */ = {isa = PBXBuildFile; fileRef = A88406261E2ADC880E19E8E2 /* State.swift */; };
		1E51B3CC68D59E8999018A2F /* RealTimeEventContext.swift in Sources */ = {isa = PBXBuildFile; fileRef = A0025DAC478CEFB7F3781274 /* RealTimeEventContext.swift */; };
		1E99275AC26104128E1D1586 /* OptiLoggerConsoleStream.swift in Sources */ = {isa = PBXBuildFile; fileRef = 476CAA0E693E2114A5239BF8 /* OptiLoggerConsoleStream.swift */; };
		1F2300DB4A1242180AFDD332 /* EventsConfigWarehouse.swift in Sources */ = {isa = PBXBuildFile; fileRef = CD579A8AE554DDB27616FAEE /* EventsConfigWarehouse.swift */; };
		209F124E823FA7267B24BFF5 /* DateTimeProvider.swift in Sources */ = {isa = PBXBuildFile; fileRef = D9A2569507C4F23D3A75A447 /* DateTimeProvider.swift */; };
		20B35FDBD48B062349642212 /* NetworkRequestFactory.swift in Sources */ = {isa = PBXBuildFile; fileRef = C81A844C0F84A3D7674D7B6C /* NetworkRequestFactory.swift */; };
		20C8B6D967AFFF4F5504C3DC /* DateFormatter.swift in Sources */ = {isa = PBXBuildFile; fileRef = 8A1C7F7B97727ABAED66DA21 /* DateFormatter.swift */; };
		22C83F1ADA7DCE37831037BE /* Global.swift in Sources */ = {isa = PBXBuildFile; fileRef = 3E73D524996D1AE144FB9096 /* Global.swift */; };
		233F8206697E37617E208859 /* OptiLoggerMessages.swift in Sources */ = {isa = PBXBuildFile; fileRef = 610ADA3676A80203C8D9BEDA /* OptiLoggerMessages.swift */; };
		247F4FB5458DDB20363E09D1 /* MetaDataEvent.swift in Sources */ = {isa = PBXBuildFile; fileRef = DC783E486302AF3F3849C39C /* MetaDataEvent.swift */; };
		24847ACA788BC0907791488B /* OptimoveEventValidator.swift in Sources */ = {isa = PBXBuildFile; fileRef = 48B788101DD7C96973B72BF0 /* OptimoveEventValidator.swift */; };
		24C4A7616652625931F6DC6E /* RunningFlagsContainer.swift in Sources */ = {isa = PBXBuildFile; fileRef = 2753E31F77B0597250A5646D /* RunningFlagsContainer.swift */; };
		25CA2AAB3740CFA19F8F060B /* PageVisitEvent.swift in Sources */ = {isa = PBXBuildFile; fileRef = FF35003EE680C30332E2DC69 /* PageVisitEvent.swift */; };
		27235F66FDE9442133CFEBD1 /* Event.swift in Sources */ = {isa = PBXBuildFile; fileRef = D420765C5F98B61DFBB7EAC9 /* Event.swift */; };
		27C98B7C681BE14241AE24A0 /* String+random.swift in Sources */ = {isa = PBXBuildFile; fileRef = D6D43164C87D968477E78109 /* String+random.swift */; };
		27FBD851D6EE438EB18893AF /* AsyncOperation.swift in Sources */ = {isa = PBXBuildFile; fileRef = 6C757B9E8F4EC8AA75F82AE4 /* AsyncOperation.swift */; };
		28D88710EB6F095BAFC4C710 /* ConfigurationRepository.swift in Sources */ = {isa = PBXBuildFile; fileRef = 60BF4CFEF59ED8079CF454B7 /* ConfigurationRepository.swift */; };
		2904D6AB6D04E2B0C3ADF7A4 /* ConfigurationFetcher.swift in Sources */ = {isa = PBXBuildFile; fileRef = E9C60012639EB83CF6D68EB2 /* ConfigurationFetcher.swift */; };
		29DDB7A6E17FB7C9F4D05D31 /* NetworkResult.swift in Sources */ = {isa = PBXBuildFile; fileRef = B2B3DC696946AB6A4D685FE3 /* NetworkResult.swift */; };
		2E6327C7188C8E170C96D9A7 /* OptipushMetaData.swift in Sources */ = {isa = PBXBuildFile; fileRef = F00AC2FA45EBAD5D8BB2B994 /* OptipushMetaData.swift */; };
		2F6396F107465112E8A3267E /* OptimoveTenantInfo.swift in Sources */ = {isa = PBXBuildFile; fileRef = 1B4DD470DAD4B3512153C28F /* OptimoveTenantInfo.swift */; };
		303C5D4AA0DD2D08DBF3AB69 /* FirebaseProjectKeys.swift in Sources */ = {isa = PBXBuildFile; fileRef = F6DE08B34CF84323F3A4C445 /* FirebaseProjectKeys.swift */; };
		315C0C36481750E18411BE5B /* SetUserIdEvent.swift in Sources */ = {isa = PBXBuildFile; fileRef = 38B42C3DAE05F538698B64A2 /* SetUserIdEvent.swift */; };
		3323CB09D83D7B7E9699CA72 /* OptimoveDeepLinkResponder.swift in Sources */ = {isa = PBXBuildFile; fileRef = 60EBF66AC2E1C8204CDE19A5 /* OptimoveDeepLinkResponder.swift */; };
		333EA397A030013E7623E648 /* OptiLoggerOutputStream.swift in Sources */ = {isa = PBXBuildFile; fileRef = 09E63CE98708AB7C88A2AFD7 /* OptiLoggerOutputStream.swift */; };
		37CFF4773E91E20DF44BA454 /* OptiPushServiceLocator.swift in Sources */ = {isa = PBXBuildFile; fileRef = 548390EA5EB4AD7C356D9CBA /* OptiPushServiceLocator.swift */; };
		3A65A901BBCD025C1CD0AD9D /* CampaignDetails.swift in Sources */ = {isa = PBXBuildFile; fileRef = B7013850EFE38EE525438B81 /* CampaignDetails.swift */; };
		3CF58EBFD57A19AAE264FC51 /* UIKit.framework in Frameworks */ = {isa = PBXBuildFile; fileRef = 5FC57145A54E5033A5CECAF0 /* UIKit.framework */; };
		3E2A36887AD20CF26D2A7C18 /* CwlMutex.swift in Sources */ = {isa = PBXBuildFile; fileRef = 7ED3D051C48660F3F744A6BD /* CwlMutex.swift */; };
		3F9DF459C6827FB0C8CD1E25 /* RegistartionMbaasModel.swift in Sources */ = {isa = PBXBuildFile; fileRef = CC448AD943283A55CBFB7240 /* RegistartionMbaasModel.swift */; };
		418DD1BC0217FC042F0DBCA5 /* Environment.swift in Sources */ = {isa = PBXBuildFile; fileRef = 22D09E3570F8298788A68DA2 /* Environment.swift */; };
		41EA7187A0CC2284A48C5D02 /* NetworkingFactory.swift in Sources */ = {isa = PBXBuildFile; fileRef = B612F2C61E492C437FDEB5A8 /* NetworkingFactory.swift */; };
		44D1DDB92736212226F0998D /* NotificationPermissionFetcher.swift in Sources */ = {isa = PBXBuildFile; fileRef = A7D55F3752BED8E00F07B4F3 /* NotificationPermissionFetcher.swift */; };
		44DA05F23A1632BF710E29DA /* OptiTrackMetaData.swift in Sources */ = {isa = PBXBuildFile; fileRef = B89FCC560C8BC6CEB5B20AC0 /* OptiTrackMetaData.swift */; };
		48AE88F409C0BF1892375D55 /* OptimoveError.swift in Sources */ = {isa = PBXBuildFile; fileRef = 3306F47B0BBD134943959558 /* OptimoveError.swift */; };
		49487E893E5AC7DDF7AC446E /* OptimoveComponentConfigurator.swift in Sources */ = {isa = PBXBuildFile; fileRef = 9A2ED8DECCC8B2F1BFEC5C8A /* OptimoveComponentConfigurator.swift */; };
		4A31D6EDE70EA034534D5016 /* Bundle+Identifiers.swift in Sources */ = {isa = PBXBuildFile; fileRef = 23926F20C916CA0A6EB78D9D /* Bundle+Identifiers.swift */; };
		4A8F60C9AEA473DFA9A3C544 /* RegistrarNetworking.swift in Sources */ = {isa = PBXBuildFile; fileRef = A9BFCFD795682739D74EAAF3 /* RegistrarNetworking.swift */; };
		4BFA7749EE9245E716A8598A /* Tracker.swift in Sources */ = {isa = PBXBuildFile; fileRef = 63CCA20D43E4470A37761ECB /* Tracker.swift */; };
		4C2A23742A665415E71C4975 /* Constants.swift in Sources */ = {isa = PBXBuildFile; fileRef = CF626DD214440F27B3FE235D /* Constants.swift */; };
		4C3CB5745956D3CD31CD5FF3 /* OptEvent.swift in Sources */ = {isa = PBXBuildFile; fileRef = 6F083B4B1A83960C04CEB3F4 /* OptEvent.swift */; };
		4F3B23E8E95973DC08276A9D /* NotificationEvent.swift in Sources */ = {isa = PBXBuildFile; fileRef = 4C98D7C6EBC1E602CDED733A /* NotificationEvent.swift */; };
		4F4B8D2E4F80C632B79E0D69 /* OptiLoggerStreamsContainer.swift in Sources */ = {isa = PBXBuildFile; fileRef = E0D4E8BA28CA836E0FA446C9 /* OptiLoggerStreamsContainer.swift */; };
		5763F2B2155FF810AD8B1B9B /* LogLevel.swift in Sources */ = {isa = PBXBuildFile; fileRef = 6A7E60F2D13DDDB2CCC8892E /* LogLevel.swift */; };
		58EF33A3A6CFDC6620D801A8 /* String+isBlank.swift in Sources */ = {isa = PBXBuildFile; fileRef = D1466680FB653D64DA0E6FE0 /* String+isBlank.swift */; };
		58F7BEC0F592E081C78DC66D /* MbaasModelFactory.swift in Sources */ = {isa = PBXBuildFile; fileRef = 744916F8B628C6EE18179AD1 /* MbaasModelFactory.swift */; };
		592A4E84C56C30DBF06F5EB0 /* ComponentConfiguratorFactory.swift in Sources */ = {isa = PBXBuildFile; fileRef = 4047EBD6ABE10EE956EA8999 /* ComponentConfiguratorFactory.swift */; };
		5B3D460C4AA5D53B6DBDA05C /* Notification.swift in Sources */ = {isa = PBXBuildFile; fileRef = DB01C18072D06824A99194C6 /* Notification.swift */; };
		5B98F74F3B2430A998F24232 /* FirebaseOptionsBuilder.swift in Sources */ = {isa = PBXBuildFile; fileRef = 5621FC1916582D6FB82329B7 /* FirebaseOptionsBuilder.swift */; };
		5E537F10F0D4341D88FD0C94 /* ClientsServiceProjectKeys.swift in Sources */ = {isa = PBXBuildFile; fileRef = CA50FE38F8932C01E45AF15A /* ClientsServiceProjectKeys.swift */; };
		60577E5878F91BBCD9AB0BEE /* NetworkCapabilitiesFetcher.swift in Sources */ = {isa = PBXBuildFile; fileRef = 29BB9D0821A0E76F73FF6251 /* NetworkCapabilitiesFetcher.swift */; };
		60952EFC07DF927811E244FE /* String+MongoDB.swift in Sources */ = {isa = PBXBuildFile; fileRef = 62BFBAE5240FEF1F625C1615 /* String+MongoDB.swift */; };
		627C85991383911653F2B3EB /* NetworkRequest.swift in Sources */ = {isa = PBXBuildFile; fileRef = 4C2942EF065AA57E7DD5F44A /* NetworkRequest.swift */; };
		637FB8DC4E282DAEBC63561F /* MbassOperations.swift in Sources */ = {isa = PBXBuildFile; fileRef = 8417AC5D3BA3CB8B67AC8DD9 /* MbassOperations.swift */; };
		63E925526DF886203CD84740 /* Fetchable.swift in Sources */ = {isa = PBXBuildFile; fileRef = 463572B9AEC6BB9F4B1D911A /* Fetchable.swift */; };
		64ACC0924B06298B409882D2 /* NotificationDeliveryReporter.swift in Sources */ = {isa = PBXBuildFile; fileRef = 63E5B08AF241B59864664982 /* NotificationDeliveryReporter.swift */; };
		6A49976E689EFE6FE2809DF7 /* NotificationExtensionTenantInfo.swift in Sources */ = {isa = PBXBuildFile; fileRef = 4EDF2CA6E5625615F0999BBF /* NotificationExtensionTenantInfo.swift */; };
		6A922083B2836DE3FE681B7D /* String.swift in Sources */ = {isa = PBXBuildFile; fileRef = D0BBB4A3B6E6B098413E2A12 /* String.swift */; };
		6AAA3E8675E9BEE448288804 /* OptiPush.swift in Sources */ = {isa = PBXBuildFile; fileRef = A4D0E5E0F14ED3A051FE2FD0 /* OptiPush.swift */; };
		6BEFF03BD900E1F3014F3D8F /* RealTimeEventBuilder.swift in Sources */ = {isa = PBXBuildFile; fileRef = E02C9B860972AE0AA0F68287 /* RealTimeEventBuilder.swift */; };
		6CA0FE7069139CB306C347AD /* RegistrarNetworkingRequestBuilder.swift in Sources */ = {isa = PBXBuildFile; fileRef = C37636A55DD86B5FFB650D78 /* RegistrarNetworkingRequestBuilder.swift */; };
		6CDF24F3FC87706B4F6842A3 /* FirebaseInteractorNetworking.swift in Sources */ = {isa = PBXBuildFile; fileRef = A6DD013342EA5CA2F5814604 /* FirebaseInteractorNetworking.swift */; };
		6F548459472503FD5FD4C8CD /* LocalConfigurationHandler.swift in Sources */ = {isa = PBXBuildFile; fileRef = 3C8D2A0E2D3D218DF560FE15 /* LocalConfigurationHandler.swift */; };
		71B2FA6B4209DD97FB533808 /* FirebaseMetaData.swift in Sources */ = {isa = PBXBuildFile; fileRef = F8850F36638D2F7A324B7774 /* FirebaseMetaData.swift */; };
		72235E9929B2FE020B99E823 /* MbaasBackupImpl.swift in Sources */ = {isa = PBXBuildFile; fileRef = 503E6F3ADF9B4181FD29069A /* MbaasBackupImpl.swift */; };
		73664E47F5EF2AC9DDC1F1A1 /* OptimoveCustomEventDecorator.swift in Sources */ = {isa = PBXBuildFile; fileRef = 2D3F073CCF354AB5D248504D /* OptimoveCustomEventDecorator.swift */; };
		78ABC36C4D69F6C88A2154E8 /* DeeplinkExtracter.swift in Sources */ = {isa = PBXBuildFile; fileRef = B4D4FEE475131C5DA7F58BB3 /* DeeplinkExtracter.swift */; };
		798F57B984E0AF265190A5CA /* ProcessInfo.swift in Sources */ = {isa = PBXBuildFile; fileRef = 9937E64017850C561D29E618 /* ProcessInfo.swift */; };
		79E7501ECFBEED252EC19F7D /* SetUserAgent.swift in Sources */ = {isa = PBXBuildFile; fileRef = 9E6DCAB94B445EF8F77AE031 /* SetUserAgent.swift */; };
		7B5D426057D3FEF32381D061 /* RemoteConfigurationHandler.swift in Sources */ = {isa = PBXBuildFile; fileRef = D445CD7FE21EE3B6AA45E43E /* RemoteConfigurationHandler.swift */; };
		7CB96F7D515FBEA3A0B70325 /* OptimoveSuccessStateListener.swift in Sources */ = {isa = PBXBuildFile; fileRef = 2D2133E755CD4240BD1A4751 /* OptimoveSuccessStateListener.swift */; };
		85BE5B02AC11DB079A2B9A17 /* String.swift in Sources */ = {isa = PBXBuildFile; fileRef = 9415551DF59E320E55FC2A69 /* String.swift */; };
		87C3430702698C83BAF78A5D /* GlobalFunctions.swift in Sources */ = {isa = PBXBuildFile; fileRef = 2D923203767F930C462F6DE0 /* GlobalFunctions.swift */; };
		899F13B22203917FAB1F03D2 /* FirebaseInteractorRequestBuilder.swift in Sources */ = {isa = PBXBuildFile; fileRef = DF11C1F350A50E1C03B30E26 /* FirebaseInteractorRequestBuilder.swift */; };
		8AAC9FE692E18FCCD0EDB35C /* SimpleCustomEvent.swift in Sources */ = {isa = PBXBuildFile; fileRef = DEF011FCE58EC7E3A1DB7E1A /* SimpleCustomEvent.swift */; };
		8CEDEF8C7F660935858CAEBA /* BaseFirebaseKeys.swift in Sources */ = {isa = PBXBuildFile; fileRef = 82C8F566A07B93C97AE420FA /* BaseFirebaseKeys.swift */; };
		8D6223BE6BE4DB0ED50C63DA /* OptimoveSdkCommand.swift in Sources */ = {isa = PBXBuildFile; fileRef = 16B20A23C5140C34672151BD /* OptimoveSdkCommand.swift */; };
		8FDDC94CAEABAFD75BE80E10 /* Reachability.framework in Frameworks */ = {isa = PBXBuildFile; fileRef = 6341D34243A49393D622A674 /* Reachability.framework */; };
		936886F50E13C24E9EE04B00 /* SdkPlatform.swift in Sources */ = {isa = PBXBuildFile; fileRef = 4BC55AC1CE45F4800FE30B81 /* SdkPlatform.swift */; };
		958DB230D2C85E97DC2E7A11 /* RealTimeConfigurator.swift in Sources */ = {isa = PBXBuildFile; fileRef = F89D7924253CF1D1D072097F /* RealTimeConfigurator.swift */; };
		95E071B47A8905EE121E20A2 /* OptimoveTopicsUserDefaults.swift in Sources */ = {isa = PBXBuildFile; fileRef = C7A3DE0895587BC6C442D525 /* OptimoveTopicsUserDefaults.swift */; };
		95F9BD334C8B04DDFD402D4B /* Registrar.swift in Sources */ = {isa = PBXBuildFile; fileRef = C7200FEC7324CD23FA92B707 /* Registrar.swift */; };
		9863EF1F9FAB57169E498339 /* AdvertisingIdPermissionFetcher.swift in Sources */ = {isa = PBXBuildFile; fileRef = 6EE35E0AE5E12BE88FD39E99 /* AdvertisingIdPermissionFetcher.swift */; };
		99C851A50C575EE96F35BBC1 /* DynamicLinkParser.swift in Sources */ = {isa = PBXBuildFile; fileRef = AED7D7EC0FF473875F4942CE /* DynamicLinkParser.swift */; };
		9A9CCB3C104646EC3A8CD7CB /* OptiTrackConfigurator.swift in Sources */ = {isa = PBXBuildFile; fileRef = 1A38C3AEB6193D1663477CA1 /* OptiTrackConfigurator.swift */; };
		9B9DE87178FDB6CB5CD28CCD /* OptimoveEventConfig.swift in Sources */ = {isa = PBXBuildFile; fileRef = 3E4C993AFF61752092473B5A /* OptimoveEventConfig.swift */; };
		9E48C88E04393F25355F9FF9 /* OptimoveQueue.swift in Sources */ = {isa = PBXBuildFile; fileRef = 087C3F01073AC34B4FF10790 /* OptimoveQueue.swift */; };
		9E8C9F58617251B5C9D087A7 /* OptimoveNotificationHandling.swift in Sources */ = {isa = PBXBuildFile; fileRef = C26751CB9E980AD1F46E6739 /* OptimoveNotificationHandling.swift */; };
		A310CD961784AFC877A89194 /* OptimoveStorage.swift in Sources */ = {isa = PBXBuildFile; fileRef = 530619BF5DEFD2A5A150F8A8 /* OptimoveStorage.swift */; };
		A7151DBC545AD9377CA3B3EF /* URL.swift in Sources */ = {isa = PBXBuildFile; fileRef = FA5F98F6AD793D83B5D353E4 /* URL.swift */; };
		A8F4368FAF9BA58AAC256882 /* MediaAttachmentDownloader.swift in Sources */ = {isa = PBXBuildFile; fileRef = 4ABF7B5BB9ACFD5A649A54C9 /* MediaAttachmentDownloader.swift */; };
		AA672314EDB9986052E859F3 /* OptimoveEventDecorator.swift in Sources */ = {isa = PBXBuildFile; fileRef = 7B2E68FC652EF8855B035432 /* OptimoveEventDecorator.swift */; };
		ABB4D78325D47A4754817329 /* NetworkError.swift in Sources */ = {isa = PBXBuildFile; fileRef = 2681F4DB7BAFCE5E22E42327 /* NetworkError.swift */; };
		AC09D26D395648106E7CA59C /* UIKit.framework in Frameworks */ = {isa = PBXBuildFile; fileRef = 5FC57145A54E5033A5CECAF0 /* UIKit.framework */; };
		AC608A347746EA76CEF34AE1 /* NotificationPayload.swift in Sources */ = {isa = PBXBuildFile; fileRef = 6F3C1D6EEB91630EB0A20894 /* NotificationPayload.swift */; };
		AD0AAF9F9844790A9428F018 /* String+Split.swift in Sources */ = {isa = PBXBuildFile; fileRef = 9D562B63D26D907AA3D9B8A8 /* String+Split.swift */; };
		AE1EC3F2DD810B411838B40B /* LogBody.swift in Sources */ = {isa = PBXBuildFile; fileRef = 6449349183563798054D6855 /* LogBody.swift */; };
		AE306642C0772C8152F4771B /* EventConfig.swift in Sources */ = {isa = PBXBuildFile; fileRef = 49B0A4E2E73F85586431A302 /* EventConfig.swift */; };
		B52740019C7D343F932018D9 /* FirebaseMessagingBinary.framework in Frameworks */ = {isa = PBXBuildFile; fileRef = 7FFC4E65F53C187E837D1D30 /* FirebaseMessagingBinary.framework */; };
		B86D06FE5A15D4EE1557A02C /* ComponentFactory.swift in Sources */ = {isa = PBXBuildFile; fileRef = D8FF862F807996CC018CF9FB /* ComponentFactory.swift */; };
		B9C0277BF8FE82FCCC2EA756 /* Locale.swift in Sources */ = {isa = PBXBuildFile; fileRef = 63BEAB0D43B18837A6C1E571 /* Locale.swift */; };
		BCE630B77D942A27C77688B6 /* MetaDataProvider.swift in Sources */ = {isa = PBXBuildFile; fileRef = 8558CE1A56CF32A12C488166 /* MetaDataProvider.swift */; };
		BE24BEC014ACB761EC8C13C7 /* NetworkClient.swift in Sources */ = {isa = PBXBuildFile; fileRef = 3144B4B3DC927AF8B4262D73 /* NetworkClient.swift */; };
		C154C0C32805E4E0806FBD52 /* MbaasModel.swift in Sources */ = {isa = PBXBuildFile; fileRef = 556B6FA5C4950AD461AB4B33 /* MbaasModel.swift */; };
		C27B4D3F8986D56D5396C3AD /* EventsConfigWarehouseProvider.swift in Sources */ = {isa = PBXBuildFile; fileRef = 8D08365B69204D2D1869B034 /* EventsConfigWarehouseProvider.swift */; };
		C2A2F5AA5280EA14253A1FEA /* Parameter.swift in Sources */ = {isa = PBXBuildFile; fileRef = 72788B19D840AF9340E756B1 /* Parameter.swift */; };
		C70BE422B7CE80E9E80D3EDC /* OptimoveConfigForExtension.swift in Sources */ = {isa = PBXBuildFile; fileRef = 60A3535DF0311CDFBFE6EB39 /* OptimoveConfigForExtension.swift */; };
		CAA4BDB3CE25BE4925F15D4A /* OptimoveDeepLinkResponding.swift in Sources */ = {isa = PBXBuildFile; fileRef = 1C54C48FAAACAABE32894740 /* OptimoveDeepLinkResponding.swift */; };
		CB5E45ABCE6B294C5968C6E5 /* BaseMbaasModel.swift in Sources */ = {isa = PBXBuildFile; fileRef = 4B464464ABF73DC5FAD92C44 /* BaseMbaasModel.swift */; };
		CCBE7E97BE5DAFAF78794348 /* Parameter.swift in Sources */ = {isa = PBXBuildFile; fileRef = 272B0F031C42F5F79C67CEE3 /* Parameter.swift */; };
		CD617DC031E26628DF800040 /* RealTimeRequestBuilder.swift in Sources */ = {isa = PBXBuildFile; fileRef = A331F008D1689A038CFB0EFE /* RealTimeRequestBuilder.swift */; };
		CDAC5952AF446DC10DB9CAFC /* OptimoveFileManager.swift in Sources */ = {isa = PBXBuildFile; fileRef = AAAAA2DBBC31A4A101D7D0E6 /* OptimoveFileManager.swift */; };
		CE3E2AA363FC51909D2F994D /* SHA1.swift in Sources */ = {isa = PBXBuildFile; fileRef = 9198D21AD971964FCA0C1B05 /* SHA1.swift */; };
		CFDCBD47B6F317025BFA460A /* ProcessInfo.swift in Sources */ = {isa = PBXBuildFile; fileRef = DB2E5561EE9F2570185D3746 /* ProcessInfo.swift */; };
		D075EEA3BD88EC8EE517DC72 /* FirebaseAnalyticsBinary.framework in Frameworks */ = {isa = PBXBuildFile; fileRef = 078AED74E3B9D351CD19152E /* FirebaseAnalyticsBinary.framework */; };
		D12AB73DCDB352BFE4227E54 /* Optimove.swift in Sources */ = {isa = PBXBuildFile; fileRef = 509B63A040F0D69C9FFEB06E /* Optimove.swift */; };
		D17587E6A1F4700D55C6C9A1 /* UserNotifications.framework in Frameworks */ = {isa = PBXBuildFile; fileRef = 63C7EC2263685823B37EC99A /* UserNotifications.framework */; };
		D2B56B49E1E46732200F94D0 /* NotificationDelivered.swift in Sources */ = {isa = PBXBuildFile; fileRef = 5B9BBFBE53443E80964E934C /* NotificationDelivered.swift */; };
		D33DD7D1A4AF71F72BCC246D /* RealTime.swift in Sources */ = {isa = PBXBuildFile; fileRef = DCC5B57C77C5203E22481D64 /* RealTime.swift */; };
		D3AAEB582C4723F506C32F64 /* OptimoveNotificationServiceExtension.swift in Sources */ = {isa = PBXBuildFile; fileRef = 808FDA9CB667C21D93FE9163 /* OptimoveNotificationServiceExtension.swift */; };
		D692051FA5D90B9298844F15 /* OptimoveNotificationHandler.swift in Sources */ = {isa = PBXBuildFile; fileRef = 9E519289B8FD6A11E08CA332 /* OptimoveNotificationHandler.swift */; };
		D70DBCC0FD08E447A0CBDC85 /* TrackerFlagsBuilder.swift in Sources */ = {isa = PBXBuildFile; fileRef = 65B7A15191994E9334E27605 /* TrackerFlagsBuilder.swift */; };
		D768B18A5B6CEDF723BA0962 /* AdSupport.framework in Frameworks */ = {isa = PBXBuildFile; fileRef = A61B16F0E90FF2BF28B2CB25 /* AdSupport.framework */; };
		DB67637E5568AB242DC6578D /* RealTimeNetworking.swift in Sources */ = {isa = PBXBuildFile; fileRef = C59CCCF5E4837D57A4C7A7E3 /* RealTimeNetworking.swift */; };
		DC17480902A779379A567052 /* RealTimeHanlder.swift in Sources */ = {isa = PBXBuildFile; fileRef = D19C20652DF010E855B31A95 /* RealTimeHanlder.swift */; };
		DCD44AC661B1E3B072878F2C /* AppOpenEvent.swift in Sources */ = {isa = PBXBuildFile; fileRef = 1D88004BE78A3C2AA9394E77 /* AppOpenEvent.swift */; };
		DF96D6C0BA6736355CFD7388 /* CareService.swift in Sources */ = {isa = PBXBuildFile; fileRef = 193172ED753855ACE2AF55DF /* CareService.swift */; };
		E0007F2E4E48CA683455FB73 /* OptiTrack.swift in Sources */ = {isa = PBXBuildFile; fileRef = B956471C3DE5F581E5C618A0 /* OptiTrack.swift */; };
		E17C026A14F67B1FEE3DEBCA /* OSLog.swift in Sources */ = {isa = PBXBuildFile; fileRef = 6E70277ECC511A5F39A8C192 /* OSLog.swift */; };
		E1A24DD42B057B5FABC44F33 /* SetUserEmailEvent.swift in Sources */ = {isa = PBXBuildFile; fileRef = A6D947E99FC9DC3233D0C312 /* SetUserEmailEvent.swift */; };
		E1C5947057072EF818298DD8 /* OptimoveSDKInitializer.swift in Sources */ = {isa = PBXBuildFile; fileRef = 23AE39D7C734B1924F5F277B /* OptimoveSDKInitializer.swift */; };
		E3E7B44A40C53CC67B6BA953 /* OptimoveEventDecoratorFactory.swift in Sources */ = {isa = PBXBuildFile; fileRef = C84B5FAF1CC97F62FBF6276D /* OptimoveEventDecoratorFactory.swift */; };
		E70B0B8A03034704C14CBCC4 /* OptimoveComponent.swift in Sources */ = {isa = PBXBuildFile; fileRef = E4EB5D6E5A12DF99EBB21748 /* OptimoveComponent.swift */; };
		E90168330390B94A0AE06577 /* OptimoveCoreEvent.swift in Sources */ = {isa = PBXBuildFile; fileRef = A6861A475805BA11A8D8DB9D /* OptimoveCoreEvent.swift */; };
		EB705CD14D752081875473B8 /* TenantConfig.swift in Sources */ = {isa = PBXBuildFile; fileRef = 960206CCFB6F5D6F8E9E2078 /* TenantConfig.swift */; };
		EBECFEFF63099C8CEF2BBB2F /* Bundle.swift in Sources */ = {isa = PBXBuildFile; fileRef = 9FB4B553F31531D2282A211E /* Bundle.swift */; };
		EEA726E93CBE99DE605ECBC4 /* UserNotifications.framework in Frameworks */ = {isa = PBXBuildFile; fileRef = 63C7EC2263685823B37EC99A /* UserNotifications.framework */; };
		EF0989E26E490E95EADAABD0 /* OptitrackMetaData.swift in Sources */ = {isa = PBXBuildFile; fileRef = 0B2836B1387BF7538CD98B4E /* OptitrackMetaData.swift */; };
		EFDDCCC7F48CB5850C22EA1D /* NetworkResponse.swift in Sources */ = {isa = PBXBuildFile; fileRef = 6D126ED826E66E860F7E5468 /* NetworkResponse.swift */; };
		F0896993C660626712C2BAC8 /* SetAdvertisingIdEvent.swift in Sources */ = {isa = PBXBuildFile; fileRef = 4E0DF500C4E8B8E4C6746B3D /* SetAdvertisingIdEvent.swift */; };
		F3F545F99C750CAC4194D268 /* MatomoTrackerAdapter.swift in Sources */ = {isa = PBXBuildFile; fileRef = A80AC9579B065257B4AF686E /* MatomoTrackerAdapter.swift */; };
		F675E0305BA3E94898FD465C /* RealtimeMetaData.swift in Sources */ = {isa = PBXBuildFile; fileRef = 99D8B2EEBC81F7618C571B37 /* RealtimeMetaData.swift */; };
		F6B190F646F11100B211E288 /* CoreEventFactory.swift in Sources */ = {isa = PBXBuildFile; fileRef = C5A2928DDD25C92FD262C764 /* CoreEventFactory.swift */; };
		FCDDED6A4E919A79A86C688D /* MatomoTracker.framework in Frameworks */ = {isa = PBXBuildFile; fileRef = EDB0867845730F8D7C55EB70 /* MatomoTracker.framework */; };
		FDD38986CCDE413826977540 /* SDK.swift in Sources */ = {isa = PBXBuildFile; fileRef = 12935FCB068BDE6B9BDF66B2 /* SDK.swift */; };
		FDE6FA79715FCE4132802A94 /* RuntimeCodingKey.swift in Sources */ = {isa = PBXBuildFile; fileRef = 5ADC58785B89723C072DEC26 /* RuntimeCodingKey.swift */; };
/* End PBXBuildFile section */

/* Begin PBXFileReference section */
		065E634989F7A3BB12F51DAE /* ServiceLocator.swift */ = {isa = PBXFileReference; lastKnownFileType = sourcecode.swift; path = ServiceLocator.swift; sourceTree = "<group>"; };
		078AED74E3B9D351CD19152E /* FirebaseAnalyticsBinary.framework */ = {isa = PBXFileReference; lastKnownFileType = wrapper.framework; path = FirebaseAnalyticsBinary.framework; sourceTree = "<group>"; };
		087C3F01073AC34B4FF10790 /* OptimoveQueue.swift */ = {isa = PBXFileReference; lastKnownFileType = sourcecode.swift; path = OptimoveQueue.swift; sourceTree = "<group>"; };
		09E63CE98708AB7C88A2AFD7 /* OptiLoggerOutputStream.swift */ = {isa = PBXFileReference; lastKnownFileType = sourcecode.swift; path = OptiLoggerOutputStream.swift; sourceTree = "<group>"; };
		0B2836B1387BF7538CD98B4E /* OptitrackMetaData.swift */ = {isa = PBXFileReference; lastKnownFileType = sourcecode.swift; path = OptitrackMetaData.swift; sourceTree = "<group>"; };
		0B751C533E3911BDBE4A4B17 /* OptiPushConfigurator.swift */ = {isa = PBXFileReference; lastKnownFileType = sourcecode.swift; path = OptiPushConfigurator.swift; sourceTree = "<group>"; };
		0EBABC59EB7AB765E3E2D5C1 /* Device.swift */ = {isa = PBXFileReference; lastKnownFileType = sourcecode.swift; path = Device.swift; sourceTree = "<group>"; };
		10F3BFA92B84931277D5EA1D /* DeviceReuirementFetcherFactory.swift */ = {isa = PBXFileReference; lastKnownFileType = sourcecode.swift; path = DeviceReuirementFetcherFactory.swift; sourceTree = "<group>"; };
		12935FCB068BDE6B9BDF66B2 /* SDK.swift */ = {isa = PBXFileReference; lastKnownFileType = sourcecode.swift; path = SDK.swift; sourceTree = "<group>"; };
		16915622689F51B2CB458D81 /* LegacyResults.swift */ = {isa = PBXFileReference; lastKnownFileType = sourcecode.swift; path = LegacyResults.swift; sourceTree = "<group>"; };
		16B20A23C5140C34672151BD /* OptimoveSdkCommand.swift */ = {isa = PBXFileReference; lastKnownFileType = sourcecode.swift; path = OptimoveSdkCommand.swift; sourceTree = "<group>"; };
		193172ED753855ACE2AF55DF /* CareService.swift */ = {isa = PBXFileReference; lastKnownFileType = sourcecode.swift; path = CareService.swift; sourceTree = "<group>"; };
		1A38C3AEB6193D1663477CA1 /* OptiTrackConfigurator.swift */ = {isa = PBXFileReference; lastKnownFileType = sourcecode.swift; path = OptiTrackConfigurator.swift; sourceTree = "<group>"; };
		1B4DD470DAD4B3512153C28F /* OptimoveTenantInfo.swift */ = {isa = PBXFileReference; lastKnownFileType = sourcecode.swift; path = OptimoveTenantInfo.swift; sourceTree = "<group>"; };
		1C54C48FAAACAABE32894740 /* OptimoveDeepLinkResponding.swift */ = {isa = PBXFileReference; lastKnownFileType = sourcecode.swift; path = OptimoveDeepLinkResponding.swift; sourceTree = "<group>"; };
		1D88004BE78A3C2AA9394E77 /* AppOpenEvent.swift */ = {isa = PBXFileReference; lastKnownFileType = sourcecode.swift; path = AppOpenEvent.swift; sourceTree = "<group>"; };
		1F2CAA6BA4B9221BEBC623C6 /* .gitkeep */ = {isa = PBXFileReference; path = .gitkeep; sourceTree = "<group>"; };
		223AAFF69F929BCCCB099CE0 /* .gitkeep */ = {isa = PBXFileReference; path = .gitkeep; sourceTree = "<group>"; };
		22D09E3570F8298788A68DA2 /* Environment.swift */ = {isa = PBXFileReference; lastKnownFileType = sourcecode.swift; path = Environment.swift; sourceTree = "<group>"; };
		23926F20C916CA0A6EB78D9D /* Bundle+Identifiers.swift */ = {isa = PBXFileReference; lastKnownFileType = sourcecode.swift; path = "Bundle+Identifiers.swift"; sourceTree = "<group>"; };
		23AE39D7C734B1924F5F277B /* OptimoveSDKInitializer.swift */ = {isa = PBXFileReference; lastKnownFileType = sourcecode.swift; path = OptimoveSDKInitializer.swift; sourceTree = "<group>"; };
		257209FCCF3E793174741093 /* PingEvent.swift */ = {isa = PBXFileReference; lastKnownFileType = sourcecode.swift; path = PingEvent.swift; sourceTree = "<group>"; };
		2681F4DB7BAFCE5E22E42327 /* NetworkError.swift */ = {isa = PBXFileReference; lastKnownFileType = sourcecode.swift; path = NetworkError.swift; sourceTree = "<group>"; };
		272B0F031C42F5F79C67CEE3 /* Parameter.swift */ = {isa = PBXFileReference; lastKnownFileType = sourcecode.swift; path = Parameter.swift; sourceTree = "<group>"; };
		2753E31F77B0597250A5646D /* RunningFlagsContainer.swift */ = {isa = PBXFileReference; lastKnownFileType = sourcecode.swift; path = RunningFlagsContainer.swift; sourceTree = "<group>"; };
		28CD99B7ED66E534A01A7D7C /* StatisticService.swift */ = {isa = PBXFileReference; lastKnownFileType = sourcecode.swift; path = StatisticService.swift; sourceTree = "<group>"; };
		29BB9D0821A0E76F73FF6251 /* NetworkCapabilitiesFetcher.swift */ = {isa = PBXFileReference; lastKnownFileType = sourcecode.swift; path = NetworkCapabilitiesFetcher.swift; sourceTree = "<group>"; };
		2D2133E755CD4240BD1A4751 /* OptimoveSuccessStateListener.swift */ = {isa = PBXFileReference; lastKnownFileType = sourcecode.swift; path = OptimoveSuccessStateListener.swift; sourceTree = "<group>"; };
		2D3F073CCF354AB5D248504D /* OptimoveCustomEventDecorator.swift */ = {isa = PBXFileReference; lastKnownFileType = sourcecode.swift; path = OptimoveCustomEventDecorator.swift; sourceTree = "<group>"; };
		2D923203767F930C462F6DE0 /* GlobalFunctions.swift */ = {isa = PBXFileReference; lastKnownFileType = sourcecode.swift; path = GlobalFunctions.swift; sourceTree = "<group>"; };
		2F3ED80EF1D8ED5F8C9755F7 /* String+alphanumeric.swift */ = {isa = PBXFileReference; lastKnownFileType = sourcecode.swift; path = "String+alphanumeric.swift"; sourceTree = "<group>"; };
		3144B4B3DC927AF8B4262D73 /* NetworkClient.swift */ = {isa = PBXFileReference; lastKnownFileType = sourcecode.swift; path = NetworkClient.swift; sourceTree = "<group>"; };
		3306F47B0BBD134943959558 /* OptimoveError.swift */ = {isa = PBXFileReference; lastKnownFileType = sourcecode.swift; path = OptimoveError.swift; sourceTree = "<group>"; };
		38B42C3DAE05F538698B64A2 /* SetUserIdEvent.swift */ = {isa = PBXFileReference; lastKnownFileType = sourcecode.swift; path = SetUserIdEvent.swift; sourceTree = "<group>"; };
		3C8D2A0E2D3D218DF560FE15 /* LocalConfigurationHandler.swift */ = {isa = PBXFileReference; lastKnownFileType = sourcecode.swift; path = LocalConfigurationHandler.swift; sourceTree = "<group>"; };
		3E4C993AFF61752092473B5A /* OptimoveEventConfig.swift */ = {isa = PBXFileReference; lastKnownFileType = sourcecode.swift; path = OptimoveEventConfig.swift; sourceTree = "<group>"; };
		3E73D524996D1AE144FB9096 /* Global.swift */ = {isa = PBXFileReference; lastKnownFileType = sourcecode.swift; path = Global.swift; sourceTree = "<group>"; };
		4047EBD6ABE10EE956EA8999 /* ComponentConfiguratorFactory.swift */ = {isa = PBXFileReference; lastKnownFileType = sourcecode.swift; path = ComponentConfiguratorFactory.swift; sourceTree = "<group>"; };
		463572B9AEC6BB9F4B1D911A /* Fetchable.swift */ = {isa = PBXFileReference; lastKnownFileType = sourcecode.swift; path = Fetchable.swift; sourceTree = "<group>"; };
		476CAA0E693E2114A5239BF8 /* OptiLoggerConsoleStream.swift */ = {isa = PBXFileReference; lastKnownFileType = sourcecode.swift; path = OptiLoggerConsoleStream.swift; sourceTree = "<group>"; };
		48B788101DD7C96973B72BF0 /* OptimoveEventValidator.swift */ = {isa = PBXFileReference; lastKnownFileType = sourcecode.swift; path = OptimoveEventValidator.swift; sourceTree = "<group>"; };
		49B0A4E2E73F85586431A302 /* EventConfig.swift */ = {isa = PBXFileReference; lastKnownFileType = sourcecode.swift; path = EventConfig.swift; sourceTree = "<group>"; };
		4A46C7DE2D84D2D8704B5B79 /* FirebaseInteractor.swift */ = {isa = PBXFileReference; lastKnownFileType = sourcecode.swift; path = FirebaseInteractor.swift; sourceTree = "<group>"; };
		4ABF7B5BB9ACFD5A649A54C9 /* MediaAttachmentDownloader.swift */ = {isa = PBXFileReference; lastKnownFileType = sourcecode.swift; path = MediaAttachmentDownloader.swift; sourceTree = "<group>"; };
		4B464464ABF73DC5FAD92C44 /* BaseMbaasModel.swift */ = {isa = PBXFileReference; lastKnownFileType = sourcecode.swift; path = BaseMbaasModel.swift; sourceTree = "<group>"; };
		4BC55AC1CE45F4800FE30B81 /* SdkPlatform.swift */ = {isa = PBXFileReference; lastKnownFileType = sourcecode.swift; path = SdkPlatform.swift; sourceTree = "<group>"; };
		4C2942EF065AA57E7DD5F44A /* NetworkRequest.swift */ = {isa = PBXFileReference; lastKnownFileType = sourcecode.swift; path = NetworkRequest.swift; sourceTree = "<group>"; };
		4C98D7C6EBC1E602CDED733A /* NotificationEvent.swift */ = {isa = PBXFileReference; lastKnownFileType = sourcecode.swift; path = NotificationEvent.swift; sourceTree = "<group>"; };
		4E0DF500C4E8B8E4C6746B3D /* SetAdvertisingIdEvent.swift */ = {isa = PBXFileReference; lastKnownFileType = sourcecode.swift; path = SetAdvertisingIdEvent.swift; sourceTree = "<group>"; };
		4EB379BC4479088F8D81128A /* Constants.swift */ = {isa = PBXFileReference; lastKnownFileType = sourcecode.swift; path = Constants.swift; sourceTree = "<group>"; };
		4EDF2CA6E5625615F0999BBF /* NotificationExtensionTenantInfo.swift */ = {isa = PBXFileReference; lastKnownFileType = sourcecode.swift; path = NotificationExtensionTenantInfo.swift; sourceTree = "<group>"; };
		503E6F3ADF9B4181FD29069A /* MbaasBackupImpl.swift */ = {isa = PBXFileReference; lastKnownFileType = sourcecode.swift; path = MbaasBackupImpl.swift; sourceTree = "<group>"; };
		509B63A040F0D69C9FFEB06E /* Optimove.swift */ = {isa = PBXFileReference; lastKnownFileType = sourcecode.swift; path = Optimove.swift; sourceTree = "<group>"; };
		530619BF5DEFD2A5A150F8A8 /* OptimoveStorage.swift */ = {isa = PBXFileReference; lastKnownFileType = sourcecode.swift; path = OptimoveStorage.swift; sourceTree = "<group>"; };
		546315324690D0329CC2DF37 /* .gitkeep */ = {isa = PBXFileReference; path = .gitkeep; sourceTree = "<group>"; };
		548390EA5EB4AD7C356D9CBA /* OptiPushServiceLocator.swift */ = {isa = PBXFileReference; lastKnownFileType = sourcecode.swift; path = OptiPushServiceLocator.swift; sourceTree = "<group>"; };
		556B6FA5C4950AD461AB4B33 /* MbaasModel.swift */ = {isa = PBXFileReference; lastKnownFileType = sourcecode.swift; path = MbaasModel.swift; sourceTree = "<group>"; };
		5621FC1916582D6FB82329B7 /* FirebaseOptionsBuilder.swift */ = {isa = PBXFileReference; lastKnownFileType = sourcecode.swift; path = FirebaseOptionsBuilder.swift; sourceTree = "<group>"; };
		5ADC58785B89723C072DEC26 /* RuntimeCodingKey.swift */ = {isa = PBXFileReference; lastKnownFileType = sourcecode.swift; path = RuntimeCodingKey.swift; sourceTree = "<group>"; };
		5B9BBFBE53443E80964E934C /* NotificationDelivered.swift */ = {isa = PBXFileReference; lastKnownFileType = sourcecode.swift; path = NotificationDelivered.swift; sourceTree = "<group>"; };
		5FC57145A54E5033A5CECAF0 /* UIKit.framework */ = {isa = PBXFileReference; lastKnownFileType = wrapper.framework; name = UIKit.framework; path = System/Library/Frameworks/UIKit.framework; sourceTree = SDKROOT; };
		60A3535DF0311CDFBFE6EB39 /* OptimoveConfigForExtension.swift */ = {isa = PBXFileReference; lastKnownFileType = sourcecode.swift; path = OptimoveConfigForExtension.swift; sourceTree = "<group>"; };
		60BF4CFEF59ED8079CF454B7 /* ConfigurationRepository.swift */ = {isa = PBXFileReference; lastKnownFileType = sourcecode.swift; path = ConfigurationRepository.swift; sourceTree = "<group>"; };
		60EBF66AC2E1C8204CDE19A5 /* OptimoveDeepLinkResponder.swift */ = {isa = PBXFileReference; lastKnownFileType = sourcecode.swift; path = OptimoveDeepLinkResponder.swift; sourceTree = "<group>"; };
		610ADA3676A80203C8D9BEDA /* OptiLoggerMessages.swift */ = {isa = PBXFileReference; lastKnownFileType = sourcecode.swift; path = OptiLoggerMessages.swift; sourceTree = "<group>"; };
		62BFBAE5240FEF1F625C1615 /* String+MongoDB.swift */ = {isa = PBXFileReference; lastKnownFileType = sourcecode.swift; path = "String+MongoDB.swift"; sourceTree = "<group>"; };
		6341D34243A49393D622A674 /* Reachability.framework */ = {isa = PBXFileReference; lastKnownFileType = wrapper.framework; path = Reachability.framework; sourceTree = "<group>"; };
		63BEAB0D43B18837A6C1E571 /* Locale.swift */ = {isa = PBXFileReference; lastKnownFileType = sourcecode.swift; path = Locale.swift; sourceTree = "<group>"; };
		63C7EC2263685823B37EC99A /* UserNotifications.framework */ = {isa = PBXFileReference; lastKnownFileType = wrapper.framework; name = UserNotifications.framework; path = System/Library/Frameworks/UserNotifications.framework; sourceTree = SDKROOT; };
		63CCA20D43E4470A37761ECB /* Tracker.swift */ = {isa = PBXFileReference; lastKnownFileType = sourcecode.swift; path = Tracker.swift; sourceTree = "<group>"; };
		63E5B08AF241B59864664982 /* NotificationDeliveryReporter.swift */ = {isa = PBXFileReference; lastKnownFileType = sourcecode.swift; path = NotificationDeliveryReporter.swift; sourceTree = "<group>"; };
		6449349183563798054D6855 /* LogBody.swift */ = {isa = PBXFileReference; lastKnownFileType = sourcecode.swift; path = LogBody.swift; sourceTree = "<group>"; };
		65B7A15191994E9334E27605 /* TrackerFlagsBuilder.swift */ = {isa = PBXFileReference; lastKnownFileType = sourcecode.swift; path = TrackerFlagsBuilder.swift; sourceTree = "<group>"; };
		6A7E60F2D13DDDB2CCC8892E /* LogLevel.swift */ = {isa = PBXFileReference; lastKnownFileType = sourcecode.swift; path = LogLevel.swift; sourceTree = "<group>"; };
		6AFD4C337534BAAC248BC7BC /* OptimoveStorageFacade.swift */ = {isa = PBXFileReference; lastKnownFileType = sourcecode.swift; path = OptimoveStorageFacade.swift; sourceTree = "<group>"; };
		6C757B9E8F4EC8AA75F82AE4 /* AsyncOperation.swift */ = {isa = PBXFileReference; lastKnownFileType = sourcecode.swift; path = AsyncOperation.swift; sourceTree = "<group>"; };
		6D126ED826E66E860F7E5468 /* NetworkResponse.swift */ = {isa = PBXFileReference; lastKnownFileType = sourcecode.swift; path = NetworkResponse.swift; sourceTree = "<group>"; };
		6E70277ECC511A5F39A8C192 /* OSLog.swift */ = {isa = PBXFileReference; lastKnownFileType = sourcecode.swift; path = OSLog.swift; sourceTree = "<group>"; };
		6EE35E0AE5E12BE88FD39E99 /* AdvertisingIdPermissionFetcher.swift */ = {isa = PBXFileReference; lastKnownFileType = sourcecode.swift; path = AdvertisingIdPermissionFetcher.swift; sourceTree = "<group>"; };
		6F083B4B1A83960C04CEB3F4 /* OptEvent.swift */ = {isa = PBXFileReference; lastKnownFileType = sourcecode.swift; path = OptEvent.swift; sourceTree = "<group>"; };
		6F3C1D6EEB91630EB0A20894 /* NotificationPayload.swift */ = {isa = PBXFileReference; lastKnownFileType = sourcecode.swift; path = NotificationPayload.swift; sourceTree = "<group>"; };
		72788B19D840AF9340E756B1 /* Parameter.swift */ = {isa = PBXFileReference; lastKnownFileType = sourcecode.swift; path = Parameter.swift; sourceTree = "<group>"; };
		738B25C939FAE2104D09DB7B /* Info.plist */ = {isa = PBXFileReference; lastKnownFileType = text.plist.xml; path = Info.plist; sourceTree = "<group>"; };
		744916F8B628C6EE18179AD1 /* MbaasModelFactory.swift */ = {isa = PBXFileReference; lastKnownFileType = sourcecode.swift; path = MbaasModelFactory.swift; sourceTree = "<group>"; };
		7B2E68FC652EF8855B035432 /* OptimoveEventDecorator.swift */ = {isa = PBXFileReference; lastKnownFileType = sourcecode.swift; path = OptimoveEventDecorator.swift; sourceTree = "<group>"; };
		7ED3D051C48660F3F744A6BD /* CwlMutex.swift */ = {isa = PBXFileReference; lastKnownFileType = sourcecode.swift; path = CwlMutex.swift; sourceTree = "<group>"; };
		7FFC4E65F53C187E837D1D30 /* FirebaseMessagingBinary.framework */ = {isa = PBXFileReference; lastKnownFileType = wrapper.framework; path = FirebaseMessagingBinary.framework; sourceTree = "<group>"; };
		808FDA9CB667C21D93FE9163 /* OptimoveNotificationServiceExtension.swift */ = {isa = PBXFileReference; lastKnownFileType = sourcecode.swift; path = OptimoveNotificationServiceExtension.swift; sourceTree = "<group>"; };
		82C8F566A07B93C97AE420FA /* BaseFirebaseKeys.swift */ = {isa = PBXFileReference; lastKnownFileType = sourcecode.swift; path = BaseFirebaseKeys.swift; sourceTree = "<group>"; };
		8417AC5D3BA3CB8B67AC8DD9 /* MbassOperations.swift */ = {isa = PBXFileReference; lastKnownFileType = sourcecode.swift; path = MbassOperations.swift; sourceTree = "<group>"; };
		8558CE1A56CF32A12C488166 /* MetaDataProvider.swift */ = {isa = PBXFileReference; lastKnownFileType = sourcecode.swift; path = MetaDataProvider.swift; sourceTree = "<group>"; };
		8A1C7F7B97727ABAED66DA21 /* DateFormatter.swift */ = {isa = PBXFileReference; lastKnownFileType = sourcecode.swift; path = DateFormatter.swift; sourceTree = "<group>"; };
		8D08365B69204D2D1869B034 /* EventsConfigWarehouseProvider.swift */ = {isa = PBXFileReference; lastKnownFileType = sourcecode.swift; path = EventsConfigWarehouseProvider.swift; sourceTree = "<group>"; };
		90E3A1462CC2D278C02D9DC7 /* .gitkeep */ = {isa = PBXFileReference; path = .gitkeep; sourceTree = "<group>"; };
		9198D21AD971964FCA0C1B05 /* SHA1.swift */ = {isa = PBXFileReference; lastKnownFileType = sourcecode.swift; path = SHA1.swift; sourceTree = "<group>"; };
		91B34592A0ECEF48290E7635 /* MobileLogServiceLoggerStream.swift */ = {isa = PBXFileReference; lastKnownFileType = sourcecode.swift; path = MobileLogServiceLoggerStream.swift; sourceTree = "<group>"; };
		926CB4784BDFA967F9B33111 /* Info.plist */ = {isa = PBXFileReference; lastKnownFileType = text.plist.xml; path = Info.plist; sourceTree = "<group>"; };
		9415551DF59E320E55FC2A69 /* String.swift */ = {isa = PBXFileReference; lastKnownFileType = sourcecode.swift; path = String.swift; sourceTree = "<group>"; };
		960206CCFB6F5D6F8E9E2078 /* TenantConfig.swift */ = {isa = PBXFileReference; lastKnownFileType = sourcecode.swift; path = TenantConfig.swift; sourceTree = "<group>"; };
		9937E64017850C561D29E618 /* ProcessInfo.swift */ = {isa = PBXFileReference; lastKnownFileType = sourcecode.swift; path = ProcessInfo.swift; sourceTree = "<group>"; };
		99D8B2EEBC81F7618C571B37 /* RealtimeMetaData.swift */ = {isa = PBXFileReference; lastKnownFileType = sourcecode.swift; path = RealtimeMetaData.swift; sourceTree = "<group>"; };
		9A2ED8DECCC8B2F1BFEC5C8A /* OptimoveComponentConfigurator.swift */ = {isa = PBXFileReference; lastKnownFileType = sourcecode.swift; path = OptimoveComponentConfigurator.swift; sourceTree = "<group>"; };
		9D562B63D26D907AA3D9B8A8 /* String+Split.swift */ = {isa = PBXFileReference; lastKnownFileType = sourcecode.swift; path = "String+Split.swift"; sourceTree = "<group>"; };
		9E519289B8FD6A11E08CA332 /* OptimoveNotificationHandler.swift */ = {isa = PBXFileReference; lastKnownFileType = sourcecode.swift; path = OptimoveNotificationHandler.swift; sourceTree = "<group>"; };
		9E6DCAB94B445EF8F77AE031 /* SetUserAgent.swift */ = {isa = PBXFileReference; lastKnownFileType = sourcecode.swift; path = SetUserAgent.swift; sourceTree = "<group>"; };
		9FA39149BAE18208F17B07DB /* OptimoveNotificationServiceExtension.framework */ = {isa = PBXFileReference; explicitFileType = wrapper.framework; includeInIndex = 0; path = OptimoveNotificationServiceExtension.framework; sourceTree = BUILT_PRODUCTS_DIR; };
		9FB4B553F31531D2282A211E /* Bundle.swift */ = {isa = PBXFileReference; lastKnownFileType = sourcecode.swift; path = Bundle.swift; sourceTree = "<group>"; };
		A0025DAC478CEFB7F3781274 /* RealTimeEventContext.swift */ = {isa = PBXFileReference; lastKnownFileType = sourcecode.swift; path = RealTimeEventContext.swift; sourceTree = "<group>"; };
		A331F008D1689A038CFB0EFE /* RealTimeRequestBuilder.swift */ = {isa = PBXFileReference; lastKnownFileType = sourcecode.swift; path = RealTimeRequestBuilder.swift; sourceTree = "<group>"; };
		A4D0E5E0F14ED3A051FE2FD0 /* OptiPush.swift */ = {isa = PBXFileReference; lastKnownFileType = sourcecode.swift; path = OptiPush.swift; sourceTree = "<group>"; };
		A61B16F0E90FF2BF28B2CB25 /* AdSupport.framework */ = {isa = PBXFileReference; lastKnownFileType = wrapper.framework; name = AdSupport.framework; path = System/Library/Frameworks/AdSupport.framework; sourceTree = SDKROOT; };
		A6861A475805BA11A8D8DB9D /* OptimoveCoreEvent.swift */ = {isa = PBXFileReference; lastKnownFileType = sourcecode.swift; path = OptimoveCoreEvent.swift; sourceTree = "<group>"; };
		A6D947E99FC9DC3233D0C312 /* SetUserEmailEvent.swift */ = {isa = PBXFileReference; lastKnownFileType = sourcecode.swift; path = SetUserEmailEvent.swift; sourceTree = "<group>"; };
		A6DD013342EA5CA2F5814604 /* FirebaseInteractorNetworking.swift */ = {isa = PBXFileReference; lastKnownFileType = sourcecode.swift; path = FirebaseInteractorNetworking.swift; sourceTree = "<group>"; };
		A7D55F3752BED8E00F07B4F3 /* NotificationPermissionFetcher.swift */ = {isa = PBXFileReference; lastKnownFileType = sourcecode.swift; path = NotificationPermissionFetcher.swift; sourceTree = "<group>"; };
		A80AC9579B065257B4AF686E /* MatomoTrackerAdapter.swift */ = {isa = PBXFileReference; lastKnownFileType = sourcecode.swift; path = MatomoTrackerAdapter.swift; sourceTree = "<group>"; };
		A88406261E2ADC880E19E8E2 /* State.swift */ = {isa = PBXFileReference; lastKnownFileType = sourcecode.swift; path = State.swift; sourceTree = "<group>"; };
		A9BFCFD795682739D74EAAF3 /* RegistrarNetworking.swift */ = {isa = PBXFileReference; lastKnownFileType = sourcecode.swift; path = RegistrarNetworking.swift; sourceTree = "<group>"; };
		AAAAA2DBBC31A4A101D7D0E6 /* OptimoveFileManager.swift */ = {isa = PBXFileReference; lastKnownFileType = sourcecode.swift; path = OptimoveFileManager.swift; sourceTree = "<group>"; };
		AED7D7EC0FF473875F4942CE /* DynamicLinkParser.swift */ = {isa = PBXFileReference; lastKnownFileType = sourcecode.swift; path = DynamicLinkParser.swift; sourceTree = "<group>"; };
		AF8976553A380B581E98A6CA /* OptimoveDeviceStateMonitor.swift */ = {isa = PBXFileReference; lastKnownFileType = sourcecode.swift; path = OptimoveDeviceStateMonitor.swift; sourceTree = "<group>"; };
		B2B3DC696946AB6A4D685FE3 /* NetworkResult.swift */ = {isa = PBXFileReference; lastKnownFileType = sourcecode.swift; path = NetworkResult.swift; sourceTree = "<group>"; };
		B4D4FEE475131C5DA7F58BB3 /* DeeplinkExtracter.swift */ = {isa = PBXFileReference; lastKnownFileType = sourcecode.swift; path = DeeplinkExtracter.swift; sourceTree = "<group>"; };
		B612F2C61E492C437FDEB5A8 /* NetworkingFactory.swift */ = {isa = PBXFileReference; lastKnownFileType = sourcecode.swift; path = NetworkingFactory.swift; sourceTree = "<group>"; };
		B7013850EFE38EE525438B81 /* CampaignDetails.swift */ = {isa = PBXFileReference; lastKnownFileType = sourcecode.swift; path = CampaignDetails.swift; sourceTree = "<group>"; };
		B89FCC560C8BC6CEB5B20AC0 /* OptiTrackMetaData.swift */ = {isa = PBXFileReference; lastKnownFileType = sourcecode.swift; path = OptiTrackMetaData.swift; sourceTree = "<group>"; };
		B956471C3DE5F581E5C618A0 /* OptiTrack.swift */ = {isa = PBXFileReference; lastKnownFileType = sourcecode.swift; path = OptiTrack.swift; sourceTree = "<group>"; };
		C26751CB9E980AD1F46E6739 /* OptimoveNotificationHandling.swift */ = {isa = PBXFileReference; lastKnownFileType = sourcecode.swift; path = OptimoveNotificationHandling.swift; sourceTree = "<group>"; };
		C37636A55DD86B5FFB650D78 /* RegistrarNetworkingRequestBuilder.swift */ = {isa = PBXFileReference; lastKnownFileType = sourcecode.swift; path = RegistrarNetworkingRequestBuilder.swift; sourceTree = "<group>"; };
		C59CCCF5E4837D57A4C7A7E3 /* RealTimeNetworking.swift */ = {isa = PBXFileReference; lastKnownFileType = sourcecode.swift; path = RealTimeNetworking.swift; sourceTree = "<group>"; };
		C5A2928DDD25C92FD262C764 /* CoreEventFactory.swift */ = {isa = PBXFileReference; lastKnownFileType = sourcecode.swift; path = CoreEventFactory.swift; sourceTree = "<group>"; };
		C7200FEC7324CD23FA92B707 /* Registrar.swift */ = {isa = PBXFileReference; lastKnownFileType = sourcecode.swift; path = Registrar.swift; sourceTree = "<group>"; };
		C7A3DE0895587BC6C442D525 /* OptimoveTopicsUserDefaults.swift */ = {isa = PBXFileReference; lastKnownFileType = sourcecode.swift; path = OptimoveTopicsUserDefaults.swift; sourceTree = "<group>"; };
		C81A844C0F84A3D7674D7B6C /* NetworkRequestFactory.swift */ = {isa = PBXFileReference; lastKnownFileType = sourcecode.swift; path = NetworkRequestFactory.swift; sourceTree = "<group>"; };
		C84B5FAF1CC97F62FBF6276D /* OptimoveEventDecoratorFactory.swift */ = {isa = PBXFileReference; lastKnownFileType = sourcecode.swift; path = OptimoveEventDecoratorFactory.swift; sourceTree = "<group>"; };
		CA50FE38F8932C01E45AF15A /* ClientsServiceProjectKeys.swift */ = {isa = PBXFileReference; lastKnownFileType = sourcecode.swift; path = ClientsServiceProjectKeys.swift; sourceTree = "<group>"; };
		CC448AD943283A55CBFB7240 /* RegistartionMbaasModel.swift */ = {isa = PBXFileReference; lastKnownFileType = sourcecode.swift; path = RegistartionMbaasModel.swift; sourceTree = "<group>"; };
		CD579A8AE554DDB27616FAEE /* EventsConfigWarehouse.swift */ = {isa = PBXFileReference; lastKnownFileType = sourcecode.swift; path = EventsConfigWarehouse.swift; sourceTree = "<group>"; };
		CF626DD214440F27B3FE235D /* Constants.swift */ = {isa = PBXFileReference; lastKnownFileType = sourcecode.swift; path = Constants.swift; sourceTree = "<group>"; };
		D0BBB4A3B6E6B098413E2A12 /* String.swift */ = {isa = PBXFileReference; lastKnownFileType = sourcecode.swift; path = String.swift; sourceTree = "<group>"; };
		D1466680FB653D64DA0E6FE0 /* String+isBlank.swift */ = {isa = PBXFileReference; lastKnownFileType = sourcecode.swift; path = "String+isBlank.swift"; sourceTree = "<group>"; };
		D19C20652DF010E855B31A95 /* RealTimeHanlder.swift */ = {isa = PBXFileReference; lastKnownFileType = sourcecode.swift; path = RealTimeHanlder.swift; sourceTree = "<group>"; };
		D420765C5F98B61DFBB7EAC9 /* Event.swift */ = {isa = PBXFileReference; lastKnownFileType = sourcecode.swift; path = Event.swift; sourceTree = "<group>"; };
		D445CD7FE21EE3B6AA45E43E /* RemoteConfigurationHandler.swift */ = {isa = PBXFileReference; lastKnownFileType = sourcecode.swift; path = RemoteConfigurationHandler.swift; sourceTree = "<group>"; };
		D6D43164C87D968477E78109 /* String+random.swift */ = {isa = PBXFileReference; lastKnownFileType = sourcecode.swift; path = "String+random.swift"; sourceTree = "<group>"; };
		D8FF862F807996CC018CF9FB /* ComponentFactory.swift */ = {isa = PBXFileReference; lastKnownFileType = sourcecode.swift; path = ComponentFactory.swift; sourceTree = "<group>"; };
		D9A2569507C4F23D3A75A447 /* DateTimeProvider.swift */ = {isa = PBXFileReference; lastKnownFileType = sourcecode.swift; path = DateTimeProvider.swift; sourceTree = "<group>"; };
		DB01C18072D06824A99194C6 /* Notification.swift */ = {isa = PBXFileReference; lastKnownFileType = sourcecode.swift; path = Notification.swift; sourceTree = "<group>"; };
		DB2E5561EE9F2570185D3746 /* ProcessInfo.swift */ = {isa = PBXFileReference; lastKnownFileType = sourcecode.swift; path = ProcessInfo.swift; sourceTree = "<group>"; };
		DC783E486302AF3F3849C39C /* MetaDataEvent.swift */ = {isa = PBXFileReference; lastKnownFileType = sourcecode.swift; path = MetaDataEvent.swift; sourceTree = "<group>"; };
		DCC5B57C77C5203E22481D64 /* RealTime.swift */ = {isa = PBXFileReference; lastKnownFileType = sourcecode.swift; path = RealTime.swift; sourceTree = "<group>"; };
		DEF011FCE58EC7E3A1DB7E1A /* SimpleCustomEvent.swift */ = {isa = PBXFileReference; lastKnownFileType = sourcecode.swift; path = SimpleCustomEvent.swift; sourceTree = "<group>"; };
		DF11C1F350A50E1C03B30E26 /* FirebaseInteractorRequestBuilder.swift */ = {isa = PBXFileReference; lastKnownFileType = sourcecode.swift; path = FirebaseInteractorRequestBuilder.swift; sourceTree = "<group>"; };
		E02C9B860972AE0AA0F68287 /* RealTimeEventBuilder.swift */ = {isa = PBXFileReference; lastKnownFileType = sourcecode.swift; path = RealTimeEventBuilder.swift; sourceTree = "<group>"; };
		E0D4E8BA28CA836E0FA446C9 /* OptiLoggerStreamsContainer.swift */ = {isa = PBXFileReference; lastKnownFileType = sourcecode.swift; path = OptiLoggerStreamsContainer.swift; sourceTree = "<group>"; };
		E4EB5D6E5A12DF99EBB21748 /* OptimoveComponent.swift */ = {isa = PBXFileReference; lastKnownFileType = sourcecode.swift; path = OptimoveComponent.swift; sourceTree = "<group>"; };
		E9C60012639EB83CF6D68EB2 /* ConfigurationFetcher.swift */ = {isa = PBXFileReference; lastKnownFileType = sourcecode.swift; path = ConfigurationFetcher.swift; sourceTree = "<group>"; };
		EDB0867845730F8D7C55EB70 /* MatomoTracker.framework */ = {isa = PBXFileReference; lastKnownFileType = wrapper.framework; path = MatomoTracker.framework; sourceTree = "<group>"; };
		F00AC2FA45EBAD5D8BB2B994 /* OptipushMetaData.swift */ = {isa = PBXFileReference; lastKnownFileType = sourcecode.swift; path = OptipushMetaData.swift; sourceTree = "<group>"; };
		F195D6A74F16DC039009B692 /* OptimoveSDK.framework */ = {isa = PBXFileReference; includeInIndex = 0; lastKnownFileType = wrapper.framework; path = OptimoveSDK.framework; sourceTree = BUILT_PRODUCTS_DIR; };
		F3B77198F471FD2BF1133183 /* RealtimeEvent.swift */ = {isa = PBXFileReference; lastKnownFileType = sourcecode.swift; path = RealtimeEvent.swift; sourceTree = "<group>"; };
		F6DE08B34CF84323F3A4C445 /* FirebaseProjectKeys.swift */ = {isa = PBXFileReference; lastKnownFileType = sourcecode.swift; path = FirebaseProjectKeys.swift; sourceTree = "<group>"; };
		F8850F36638D2F7A324B7774 /* FirebaseMetaData.swift */ = {isa = PBXFileReference; lastKnownFileType = sourcecode.swift; path = FirebaseMetaData.swift; sourceTree = "<group>"; };
		F89D7924253CF1D1D072097F /* RealTimeConfigurator.swift */ = {isa = PBXFileReference; lastKnownFileType = sourcecode.swift; path = RealTimeConfigurator.swift; sourceTree = "<group>"; };
		FA5F98F6AD793D83B5D353E4 /* URL.swift */ = {isa = PBXFileReference; lastKnownFileType = sourcecode.swift; path = URL.swift; sourceTree = "<group>"; };
		FF35003EE680C30332E2DC69 /* PageVisitEvent.swift */ = {isa = PBXFileReference; lastKnownFileType = sourcecode.swift; path = PageVisitEvent.swift; sourceTree = "<group>"; };
		FF9382B5FEF3C50C307CD562 /* Dictionary+CompactMapKeys.swift */ = {isa = PBXFileReference; lastKnownFileType = sourcecode.swift; path = "Dictionary+CompactMapKeys.swift"; sourceTree = "<group>"; };
/* End PBXFileReference section */

/* Begin PBXFrameworksBuildPhase section */
		7900655B7311D8F8B85E52D2 /* Frameworks */ = {
			isa = PBXFrameworksBuildPhase;
			buildActionMask = 2147483647;
			files = (
				3CF58EBFD57A19AAE264FC51 /* UIKit.framework in Frameworks */,
				D17587E6A1F4700D55C6C9A1 /* UserNotifications.framework in Frameworks */,
			);
			runOnlyForDeploymentPostprocessing = 0;
		};
		94E056907D5D265402777355 /* Frameworks */ = {
			isa = PBXFrameworksBuildPhase;
			buildActionMask = 2147483647;
			files = (
				FCDDED6A4E919A79A86C688D /* MatomoTracker.framework in Frameworks */,
				8FDDC94CAEABAFD75BE80E10 /* Reachability.framework in Frameworks */,
				B52740019C7D343F932018D9 /* FirebaseMessagingBinary.framework in Frameworks */,
				D075EEA3BD88EC8EE517DC72 /* FirebaseAnalyticsBinary.framework in Frameworks */,
				AC09D26D395648106E7CA59C /* UIKit.framework in Frameworks */,
				EEA726E93CBE99DE605ECBC4 /* UserNotifications.framework in Frameworks */,
				D768B18A5B6CEDF723BA0962 /* AdSupport.framework in Frameworks */,
			);
			runOnlyForDeploymentPostprocessing = 0;
		};
/* End PBXFrameworksBuildPhase section */

/* Begin PBXGroup section */
		020CDDF705EBEE4B958AF76E /* Abstract */ = {
			isa = PBXGroup;
			children = (
				8558CE1A56CF32A12C488166 /* MetaDataProvider.swift */,
				E4EB5D6E5A12DF99EBB21748 /* OptimoveComponent.swift */,
				9A2ED8DECCC8B2F1BFEC5C8A /* OptimoveComponentConfigurator.swift */,
			);
			path = Abstract;
			sourceTree = "<group>";
		};
		09A33A6115EBC9EAD955DCD0 /* Extensions */ = {
			isa = PBXGroup;
			children = (
				23926F20C916CA0A6EB78D9D /* Bundle+Identifiers.swift */,
				FF9382B5FEF3C50C307CD562 /* Dictionary+CompactMapKeys.swift */,
				DB01C18072D06824A99194C6 /* Notification.swift */,
				DB2E5561EE9F2570185D3746 /* ProcessInfo.swift */,
				D0BBB4A3B6E6B098413E2A12 /* String.swift */,
				2F3ED80EF1D8ED5F8C9755F7 /* String+alphanumeric.swift */,
				D1466680FB653D64DA0E6FE0 /* String+isBlank.swift */,
				62BFBAE5240FEF1F625C1615 /* String+MongoDB.swift */,
				D6D43164C87D968477E78109 /* String+random.swift */,
				9D562B63D26D907AA3D9B8A8 /* String+Split.swift */,
				FA5F98F6AD793D83B5D353E4 /* URL.swift */,
			);
			path = Extensions;
			sourceTree = "<group>";
		};
		0E57DB274F6C939502535F9D /* Fetch Configuration */ = {
			isa = PBXGroup;
			children = (
				3C8D2A0E2D3D218DF560FE15 /* LocalConfigurationHandler.swift */,
				D445CD7FE21EE3B6AA45E43E /* RemoteConfigurationHandler.swift */,
			);
			path = "Fetch Configuration";
			sourceTree = "<group>";
		};
		0FF4DF40AC6AAC3B8661208C = {
			isa = PBXGroup;
			children = (
				CB3C39A7EDBD99408369C4D0 /* OptimoveNotificationServiceExtension */,
				68DACECC39D7663A9751DF27 /* OptimoveSDK */,
				8D2AF8410718437694C833BA /* Frameworks */,
				29EA001D961347964D199369 /* Products */,
			);
			sourceTree = "<group>";
		};
		1558F58676616451CFEEFE71 /* CoreEvents */ = {
			isa = PBXGroup;
			children = (
				1D88004BE78A3C2AA9394E77 /* AppOpenEvent.swift */,
				DC783E486302AF3F3849C39C /* MetaDataEvent.swift */,
				4C98D7C6EBC1E602CDED733A /* NotificationEvent.swift */,
				6F083B4B1A83960C04CEB3F4 /* OptEvent.swift */,
				A6861A475805BA11A8D8DB9D /* OptimoveCoreEvent.swift */,
				FF35003EE680C30332E2DC69 /* PageVisitEvent.swift */,
				257209FCCF3E793174741093 /* PingEvent.swift */,
				4E0DF500C4E8B8E4C6746B3D /* SetAdvertisingIdEvent.swift */,
				9E6DCAB94B445EF8F77AE031 /* SetUserAgent.swift */,
				A6D947E99FC9DC3233D0C312 /* SetUserEmailEvent.swift */,
				38B42C3DAE05F538698B64A2 /* SetUserIdEvent.swift */,
			);
			path = CoreEvents;
			sourceTree = "<group>";
		};
		1729346A0554A7291C6CEF74 /* Repository */ = {
			isa = PBXGroup;
			children = (
				60BF4CFEF59ED8079CF454B7 /* ConfigurationRepository.swift */,
			);
			path = Repository;
			sourceTree = "<group>";
		};
		18AEAF459FC27849DAC1B9F8 /* Registrar */ = {
			isa = PBXGroup;
			children = (
				C7200FEC7324CD23FA92B707 /* Registrar.swift */,
				FA7FEF20F6BCCB964B578C54 /* Mbaas */,
				7C5DE5DA3C7099DBF07F2B0A /* Networking */,
			);
			path = Registrar;
			sourceTree = "<group>";
		};
		1DA7BBA5AB979CD1F8561DCD /* Common */ = {
			isa = PBXGroup;
			children = (
				7ED3D051C48660F3F744A6BD /* CwlMutex.swift */,
				16915622689F51B2CB458D81 /* LegacyResults.swift */,
				5ADC58785B89723C072DEC26 /* RuntimeCodingKey.swift */,
				44180C0812433E1B4B7F9C89 /* Constants */,
				66853DDED72841A04F3C2B80 /* Error */,
				9598C4B1EAD8090D171055F0 /* Log */,
				D980960CB46F683829208AEF /* Security */,
				FBD955A1E25BE117C2888942 /* Singletons */,
				D33F6615EF8735F890E9624E /* Storages */,
				3025A4D9362014A7A21AFCF5 /* UserAgent */,
			);
			path = Common;
			sourceTree = "<group>";
		};
		22DD1443CE6EB594A24F4BC8 /* Firebase */ = {
			isa = PBXGroup;
			children = (
				4A46C7DE2D84D2D8704B5B79 /* FirebaseInteractor.swift */,
				A6DD013342EA5CA2F5814604 /* FirebaseInteractorNetworking.swift */,
				DF11C1F350A50E1C03B30E26 /* FirebaseInteractorRequestBuilder.swift */,
				5621FC1916582D6FB82329B7 /* FirebaseOptionsBuilder.swift */,
			);
			path = Firebase;
			sourceTree = "<group>";
		};
		252AB60883976D10628744D8 /* Models */ = {
			isa = PBXGroup;
			children = (
				4B464464ABF73DC5FAD92C44 /* BaseMbaasModel.swift */,
				556B6FA5C4950AD461AB4B33 /* MbaasModel.swift */,
				CC448AD943283A55CBFB7240 /* RegistartionMbaasModel.swift */,
			);
			path = Models;
			sourceTree = "<group>";
		};
		254EE4F5ACE03A0AF31DBA40 /* Model */ = {
			isa = PBXGroup;
			children = (
				22D09E3570F8298788A68DA2 /* Environment.swift */,
				6449349183563798054D6855 /* LogBody.swift */,
				6A7E60F2D13DDDB2CCC8892E /* LogLevel.swift */,
				610ADA3676A80203C8D9BEDA /* OptiLoggerMessages.swift */,
				6E70277ECC511A5F39A8C192 /* OSLog.swift */,
				4BC55AC1CE45F4800FE30B81 /* SdkPlatform.swift */,
			);
			path = Model;
			sourceTree = "<group>";
		};
		29B37896896681ECE543C846 /* Carthage */ = {
			isa = PBXGroup;
			children = (
				B74FD061E7669E6BD9911EEA /* iOS */,
			);
			name = Carthage;
			path = Carthage/Build;
			sourceTree = "<group>";
		};
		29EA001D961347964D199369 /* Products */ = {
			isa = PBXGroup;
			children = (
				9FA39149BAE18208F17B07DB /* OptimoveNotificationServiceExtension.framework */,
				F195D6A74F16DC039009B692 /* OptimoveSDK.framework */,
			);
			name = Products;
			sourceTree = "<group>";
		};
		2A2632D7548953AF90834642 /* Tenant Config */ = {
			isa = PBXGroup;
			children = (
				49B0A4E2E73F85586431A302 /* EventConfig.swift */,
				F8850F36638D2F7A324B7774 /* FirebaseMetaData.swift */,
				F00AC2FA45EBAD5D8BB2B994 /* OptipushMetaData.swift */,
				0B2836B1387BF7538CD98B4E /* OptitrackMetaData.swift */,
				72788B19D840AF9340E756B1 /* Parameter.swift */,
				99D8B2EEBC81F7618C571B37 /* RealtimeMetaData.swift */,
				960206CCFB6F5D6F8E9E2078 /* TenantConfig.swift */,
				96CA04F39E47A491F0D99384 /* FirebaseKeys */,
			);
			path = "Tenant Config";
			sourceTree = "<group>";
		};
		2B6C9F5FC6D78674B5AEA70C /* EventDecorator */ = {
			isa = PBXGroup;
			children = (
				2D3F073CCF354AB5D248504D /* OptimoveCustomEventDecorator.swift */,
				7B2E68FC652EF8855B035432 /* OptimoveEventDecorator.swift */,
				C84B5FAF1CC97F62FBF6276D /* OptimoveEventDecoratorFactory.swift */,
			);
			path = EventDecorator;
			sourceTree = "<group>";
		};
		2ECDE29CFD0623FB10839E04 /* DeviceMonitor */ = {
			isa = PBXGroup;
			children = (
				10F3BFA92B84931277D5EA1D /* DeviceReuirementFetcherFactory.swift */,
				AF8976553A380B581E98A6CA /* OptimoveDeviceStateMonitor.swift */,
				C2D43EE5F596A5B4635098BB /* Fetchers */,
			);
			path = DeviceMonitor;
			sourceTree = "<group>";
		};
		3025A4D9362014A7A21AFCF5 /* UserAgent */ = {
			isa = PBXGroup;
			children = (
				0EBABC59EB7AB765E3E2D5C1 /* Device.swift */,
			);
			path = UserAgent;
			sourceTree = "<group>";
		};
		34C0652F5208C1A851D539DE /* Campaign */ = {
			isa = PBXGroup;
			children = (
				B7013850EFE38EE525438B81 /* CampaignDetails.swift */,
			);
			path = Campaign;
			sourceTree = "<group>";
		};
		353F2E511F256142B27D951F /* Services */ = {
			isa = PBXGroup;
			children = (
				193172ED753855ACE2AF55DF /* CareService.swift */,
				8D08365B69204D2D1869B034 /* EventsConfigWarehouseProvider.swift */,
				065E634989F7A3BB12F51DAE /* ServiceLocator.swift */,
				28CD99B7ED66E534A01A7D7C /* StatisticService.swift */,
				D4FF11B612702DA77FAD73B5 /* Networking */,
			);
			path = Services;
			sourceTree = "<group>";
		};
		44180C0812433E1B4B7F9C89 /* Constants */ = {
			isa = PBXGroup;
			children = (
				CF626DD214440F27B3FE235D /* Constants.swift */,
				12935FCB068BDE6B9BDF66B2 /* SDK.swift */,
			);
			path = Constants;
			sourceTree = "<group>";
		};
		52582FA57B608A3D71F0CB62 /* OptiPush */ = {
			isa = PBXGroup;
			children = (
				A4D0E5E0F14ED3A051FE2FD0 /* OptiPush.swift */,
				0B751C533E3911BDBE4A4B17 /* OptiPushConfigurator.swift */,
				548390EA5EB4AD7C356D9CBA /* OptiPushServiceLocator.swift */,
				22DD1443CE6EB594A24F4BC8 /* Firebase */,
				18AEAF459FC27849DAC1B9F8 /* Registrar */,
			);
			path = OptiPush;
			sourceTree = "<group>";
		};
		5626B0D01C5B28A5B676B19F /* Initializer */ = {
			isa = PBXGroup;
			children = (
				23AE39D7C734B1924F5F277B /* OptimoveSDKInitializer.swift */,
			);
			path = Initializer;
			sourceTree = "<group>";
		};
		65CE9C2A0C4BC60950B4E7BD /* MatomoTracker */ = {
			isa = PBXGroup;
			children = (
				A80AC9579B065257B4AF686E /* MatomoTrackerAdapter.swift */,
				087C3F01073AC34B4FF10790 /* OptimoveQueue.swift */,
			);
			path = MatomoTracker;
			sourceTree = "<group>";
		};
		66853DDED72841A04F3C2B80 /* Error */ = {
			isa = PBXGroup;
			children = (
				3306F47B0BBD134943959558 /* OptimoveError.swift */,
			);
			path = Error;
			sourceTree = "<group>";
		};
		68DACECC39D7663A9751DF27 /* OptimoveSDK */ = {
			isa = PBXGroup;
			children = (
				926CB4784BDFA967F9B33111 /* Info.plist */,
				6BEEF1FB78717B5BB016DC5A /* Assets */,
				996628DE20638574E213266A /* Classes */,
			);
			path = OptimoveSDK;
			sourceTree = "<group>";
		};
		6BEEF1FB78717B5BB016DC5A /* Assets */ = {
			isa = PBXGroup;
			children = (
				223AAFF69F929BCCCB099CE0 /* .gitkeep */,
			);
			path = Assets;
			sourceTree = "<group>";
		};
		7C5DE5DA3C7099DBF07F2B0A /* Networking */ = {
			isa = PBXGroup;
			children = (
				A9BFCFD795682739D74EAAF3 /* RegistrarNetworking.swift */,
				C37636A55DD86B5FFB650D78 /* RegistrarNetworkingRequestBuilder.swift */,
			);
			path = Networking;
			sourceTree = "<group>";
		};
		7E8F58DE4FAA33C44CF9CFF6 /* Extensions */ = {
			isa = PBXGroup;
			children = (
				9FB4B553F31531D2282A211E /* Bundle.swift */,
				8A1C7F7B97727ABAED66DA21 /* DateFormatter.swift */,
				3E73D524996D1AE144FB9096 /* Global.swift */,
				63BEAB0D43B18837A6C1E571 /* Locale.swift */,
				9937E64017850C561D29E618 /* ProcessInfo.swift */,
				9415551DF59E320E55FC2A69 /* String.swift */,
			);
			path = Extensions;
			sourceTree = "<group>";
		};
		8D2AF8410718437694C833BA /* Frameworks */ = {
			isa = PBXGroup;
			children = (
				A61B16F0E90FF2BF28B2CB25 /* AdSupport.framework */,
				5FC57145A54E5033A5CECAF0 /* UIKit.framework */,
				63C7EC2263685823B37EC99A /* UserNotifications.framework */,
				29B37896896681ECE543C846 /* Carthage */,
			);
			name = Frameworks;
			sourceTree = "<group>";
		};
		8E7F38FEA55BC29F5AE43BDD /* Objects */ = {
			isa = PBXGroup;
			children = (
				5B9BBFBE53443E80964E934C /* NotificationDelivered.swift */,
				4EDF2CA6E5625615F0999BBF /* NotificationExtensionTenantInfo.swift */,
				6F3C1D6EEB91630EB0A20894 /* NotificationPayload.swift */,
				60A3535DF0311CDFBFE6EB39 /* OptimoveConfigForExtension.swift */,
				3E4C993AFF61752092473B5A /* OptimoveEventConfig.swift */,
				B89FCC560C8BC6CEB5B20AC0 /* OptiTrackMetaData.swift */,
				272B0F031C42F5F79C67CEE3 /* Parameter.swift */,
				FB2926F9F337C6304569FB80 /* Operation */,
			);
			path = Objects;
			sourceTree = "<group>";
		};
		9598C4B1EAD8090D171055F0 /* Log */ = {
			isa = PBXGroup;
			children = (
				254EE4F5ACE03A0AF31DBA40 /* Model */,
				F73F9702D30BFD9391ABCB1C /* Streams */,
			);
			path = Log;
			sourceTree = "<group>";
		};
		96CA04F39E47A491F0D99384 /* FirebaseKeys */ = {
			isa = PBXGroup;
			children = (
				82C8F566A07B93C97AE420FA /* BaseFirebaseKeys.swift */,
				CA50FE38F8932C01E45AF15A /* ClientsServiceProjectKeys.swift */,
				F6DE08B34CF84323F3A4C445 /* FirebaseProjectKeys.swift */,
			);
			path = FirebaseKeys;
			sourceTree = "<group>";
		};
		96F0916E6F6856BCEF5B0E20 /* Providers */ = {
			isa = PBXGroup;
			children = (
				D9A2569507C4F23D3A75A447 /* DateTimeProvider.swift */,
			);
			path = Providers;
			sourceTree = "<group>";
		};
		996628DE20638574E213266A /* Classes */ = {
			isa = PBXGroup;
			children = (
				1F2CAA6BA4B9221BEBC623C6 /* .gitkeep */,
				2D923203767F930C462F6DE0 /* GlobalFunctions.swift */,
				1DA7BBA5AB979CD1F8561DCD /* Common */,
				EF0B87F47E469AA816873C62 /* Events */,
				09A33A6115EBC9EAD955DCD0 /* Extensions */,
				F817333FAE9A6227649E3628 /* Factories */,
				0E57DB274F6C939502535F9D /* Fetch Configuration */,
				5626B0D01C5B28A5B676B19F /* Initializer */,
				D6D87077D78BFFA0FAF3D13A /* Optimove */,
				A9B7905FEBFE32DDDBAA6A4A /* Optimove Components */,
				96F0916E6F6856BCEF5B0E20 /* Providers */,
				F695107AEED860DCAB0CFB36 /* RunningFlagsIndication */,
				353F2E511F256142B27D951F /* Services */,
				2A2632D7548953AF90834642 /* Tenant Config */,
			);
			path = Classes;
			sourceTree = "<group>";
		};
		A9B7905FEBFE32DDDBAA6A4A /* Optimove Components */ = {
			isa = PBXGroup;
			children = (
				020CDDF705EBEE4B958AF76E /* Abstract */,
				52582FA57B608A3D71F0CB62 /* OptiPush */,
				DB29C25A5F4E7E4C2ADBBA02 /* OptiTrack */,
				B8B67B4BB93229B0B4523A61 /* RealTime */,
			);
			path = "Optimove Components";
			sourceTree = "<group>";
		};
		B4539E9891113690DBD3FD35 /* API */ = {
			isa = PBXGroup;
			children = (
				509B63A040F0D69C9FFEB06E /* Optimove.swift */,
			);
			path = API;
			sourceTree = "<group>";
		};
		B74FD061E7669E6BD9911EEA /* iOS */ = {
			isa = PBXGroup;
			children = (
				078AED74E3B9D351CD19152E /* FirebaseAnalyticsBinary.framework */,
				7FFC4E65F53C187E837D1D30 /* FirebaseMessagingBinary.framework */,
				EDB0867845730F8D7C55EB70 /* MatomoTracker.framework */,
				6341D34243A49393D622A674 /* Reachability.framework */,
			);
			path = iOS;
			sourceTree = "<group>";
		};
		B8B67B4BB93229B0B4523A61 /* RealTime */ = {
			isa = PBXGroup;
			children = (
				DCC5B57C77C5203E22481D64 /* RealTime.swift */,
				F89D7924253CF1D1D072097F /* RealTimeConfigurator.swift */,
				F3B77198F471FD2BF1133183 /* RealtimeEvent.swift */,
				E02C9B860972AE0AA0F68287 /* RealTimeEventBuilder.swift */,
				A0025DAC478CEFB7F3781274 /* RealTimeEventContext.swift */,
				D19C20652DF010E855B31A95 /* RealTimeHanlder.swift */,
				C59CCCF5E4837D57A4C7A7E3 /* RealTimeNetworking.swift */,
				A331F008D1689A038CFB0EFE /* RealTimeRequestBuilder.swift */,
			);
			path = RealTime;
			sourceTree = "<group>";
		};
		BC57DD64EE8C1BEF6BA20DDA /* DeepLink */ = {
			isa = PBXGroup;
			children = (
				60EBF66AC2E1C8204CDE19A5 /* OptimoveDeepLinkResponder.swift */,
				1C54C48FAAACAABE32894740 /* OptimoveDeepLinkResponding.swift */,
			);
			path = DeepLink;
			sourceTree = "<group>";
		};
		BE848B56986B97B3E7F8546E /* StateMonitor */ = {
			isa = PBXGroup;
			children = (
				A88406261E2ADC880E19E8E2 /* State.swift */,
			);
			path = StateMonitor;
			sourceTree = "<group>";
		};
		C2D43EE5F596A5B4635098BB /* Fetchers */ = {
			isa = PBXGroup;
			children = (
				6EE35E0AE5E12BE88FD39E99 /* AdvertisingIdPermissionFetcher.swift */,
				463572B9AEC6BB9F4B1D911A /* Fetchable.swift */,
				29BB9D0821A0E76F73FF6251 /* NetworkCapabilitiesFetcher.swift */,
				A7D55F3752BED8E00F07B4F3 /* NotificationPermissionFetcher.swift */,
			);
			path = Fetchers;
			sourceTree = "<group>";
		};
		C42509C552A71AAF7A47C623 /* NotificationHandler */ = {
			isa = PBXGroup;
			children = (
				9E519289B8FD6A11E08CA332 /* OptimoveNotificationHandler.swift */,
				C26751CB9E980AD1F46E6739 /* OptimoveNotificationHandling.swift */,
				16B20A23C5140C34672151BD /* OptimoveSdkCommand.swift */,
			);
			path = NotificationHandler;
			sourceTree = "<group>";
		};
		CB3C39A7EDBD99408369C4D0 /* OptimoveNotificationServiceExtension */ = {
			isa = PBXGroup;
			children = (
				738B25C939FAE2104D09DB7B /* Info.plist */,
				D10F90C4CCAFCE5BD6BD3302 /* Assets */,
				FFAFE6B0DDA0AE476475330B /* Classes */,
			);
			path = OptimoveNotificationServiceExtension;
			sourceTree = "<group>";
		};
		D10F90C4CCAFCE5BD6BD3302 /* Assets */ = {
			isa = PBXGroup;
			children = (
				546315324690D0329CC2DF37 /* .gitkeep */,
			);
			path = Assets;
			sourceTree = "<group>";
		};
		D33F6615EF8735F890E9624E /* Storages */ = {
			isa = PBXGroup;
			children = (
				AAAAA2DBBC31A4A101D7D0E6 /* OptimoveFileManager.swift */,
				530619BF5DEFD2A5A150F8A8 /* OptimoveStorage.swift */,
				6AFD4C337534BAAC248BC7BC /* OptimoveStorageFacade.swift */,
			);
			path = Storages;
			sourceTree = "<group>";
		};
		D4FF11B612702DA77FAD73B5 /* Networking */ = {
			isa = PBXGroup;
			children = (
				3144B4B3DC927AF8B4262D73 /* NetworkClient.swift */,
				2681F4DB7BAFCE5E22E42327 /* NetworkError.swift */,
				4C2942EF065AA57E7DD5F44A /* NetworkRequest.swift */,
				6D126ED826E66E860F7E5468 /* NetworkResponse.swift */,
				B2B3DC696946AB6A4D685FE3 /* NetworkResult.swift */,
			);
			path = Networking;
			sourceTree = "<group>";
		};
		D6D87077D78BFFA0FAF3D13A /* Optimove */ = {
			isa = PBXGroup;
			children = (
				2D2133E755CD4240BD1A4751 /* OptimoveSuccessStateListener.swift */,
				1B4DD470DAD4B3512153C28F /* OptimoveTenantInfo.swift */,
				B4539E9891113690DBD3FD35 /* API */,
				BC57DD64EE8C1BEF6BA20DDA /* DeepLink */,
				FB72492515AD205CA42630CF /* Entities */,
				C42509C552A71AAF7A47C623 /* NotificationHandler */,
				BE848B56986B97B3E7F8546E /* StateMonitor */,
			);
			path = Optimove;
			sourceTree = "<group>";
		};
		D980960CB46F683829208AEF /* Security */ = {
			isa = PBXGroup;
			children = (
				9198D21AD971964FCA0C1B05 /* SHA1.swift */,
			);
			path = Security;
			sourceTree = "<group>";
		};
		DB29C25A5F4E7E4C2ADBBA02 /* OptiTrack */ = {
			isa = PBXGroup;
			children = (
				B956471C3DE5F581E5C618A0 /* OptiTrack.swift */,
				1A38C3AEB6193D1663477CA1 /* OptiTrackConfigurator.swift */,
				63CCA20D43E4470A37761ECB /* Tracker.swift */,
				65B7A15191994E9334E27605 /* TrackerFlagsBuilder.swift */,
				65CE9C2A0C4BC60950B4E7BD /* MatomoTracker */,
			);
			path = OptiTrack;
			sourceTree = "<group>";
		};
		EF0B87F47E469AA816873C62 /* Events */ = {
			isa = PBXGroup;
			children = (
				D420765C5F98B61DFBB7EAC9 /* Event.swift */,
				CD579A8AE554DDB27616FAEE /* EventsConfigWarehouse.swift */,
				48B788101DD7C96973B72BF0 /* OptimoveEventValidator.swift */,
				DEF011FCE58EC7E3A1DB7E1A /* SimpleCustomEvent.swift */,
				1558F58676616451CFEEFE71 /* CoreEvents */,
				2B6C9F5FC6D78674B5AEA70C /* EventDecorator */,
			);
			path = Events;
			sourceTree = "<group>";
		};
		F695107AEED860DCAB0CFB36 /* RunningFlagsIndication */ = {
			isa = PBXGroup;
			children = (
				2753E31F77B0597250A5646D /* RunningFlagsContainer.swift */,
			);
			path = RunningFlagsIndication;
			sourceTree = "<group>";
		};
		F73F9702D30BFD9391ABCB1C /* Streams */ = {
			isa = PBXGroup;
			children = (
				91B34592A0ECEF48290E7635 /* MobileLogServiceLoggerStream.swift */,
				476CAA0E693E2114A5239BF8 /* OptiLoggerConsoleStream.swift */,
				09E63CE98708AB7C88A2AFD7 /* OptiLoggerOutputStream.swift */,
				E0D4E8BA28CA836E0FA446C9 /* OptiLoggerStreamsContainer.swift */,
			);
			path = Streams;
			sourceTree = "<group>";
		};
		F817333FAE9A6227649E3628 /* Factories */ = {
			isa = PBXGroup;
			children = (
				4047EBD6ABE10EE956EA8999 /* ComponentConfiguratorFactory.swift */,
				D8FF862F807996CC018CF9FB /* ComponentFactory.swift */,
				C5A2928DDD25C92FD262C764 /* CoreEventFactory.swift */,
				B612F2C61E492C437FDEB5A8 /* NetworkingFactory.swift */,
				C81A844C0F84A3D7674D7B6C /* NetworkRequestFactory.swift */,
			);
			path = Factories;
			sourceTree = "<group>";
		};
		FA7FEF20F6BCCB964B578C54 /* Mbaas */ = {
			isa = PBXGroup;
			children = (
				503E6F3ADF9B4181FD29069A /* MbaasBackupImpl.swift */,
				744916F8B628C6EE18179AD1 /* MbaasModelFactory.swift */,
				8417AC5D3BA3CB8B67AC8DD9 /* MbassOperations.swift */,
				252AB60883976D10628744D8 /* Models */,
			);
			path = Mbaas;
			sourceTree = "<group>";
		};
		FB2926F9F337C6304569FB80 /* Operation */ = {
			isa = PBXGroup;
			children = (
				6C757B9E8F4EC8AA75F82AE4 /* AsyncOperation.swift */,
				E9C60012639EB83CF6D68EB2 /* ConfigurationFetcher.swift */,
				B4D4FEE475131C5DA7F58BB3 /* DeeplinkExtracter.swift */,
				4ABF7B5BB9ACFD5A649A54C9 /* MediaAttachmentDownloader.swift */,
				63E5B08AF241B59864664982 /* NotificationDeliveryReporter.swift */,
			);
			path = Operation;
			sourceTree = "<group>";
		};
		FB72492515AD205CA42630CF /* Entities */ = {
			isa = PBXGroup;
			children = (
				34C0652F5208C1A851D539DE /* Campaign */,
				2ECDE29CFD0623FB10839E04 /* DeviceMonitor */,
			);
			path = Entities;
			sourceTree = "<group>";
		};
		FBD955A1E25BE117C2888942 /* Singletons */ = {
			isa = PBXGroup;
			children = (
				C7A3DE0895587BC6C442D525 /* OptimoveTopicsUserDefaults.swift */,
			);
			path = Singletons;
			sourceTree = "<group>";
		};
		FFAFE6B0DDA0AE476475330B /* Classes */ = {
			isa = PBXGroup;
			children = (
				90E3A1462CC2D278C02D9DC7 /* .gitkeep */,
				4EB379BC4479088F8D81128A /* Constants.swift */,
				AED7D7EC0FF473875F4942CE /* DynamicLinkParser.swift */,
				808FDA9CB667C21D93FE9163 /* OptimoveNotificationServiceExtension.swift */,
				7E8F58DE4FAA33C44CF9CFF6 /* Extensions */,
				8E7F38FEA55BC29F5AE43BDD /* Objects */,
				1729346A0554A7291C6CEF74 /* Repository */,
			);
			path = Classes;
			sourceTree = "<group>";
		};
		"TEMP_9481D5F0-2945-40F2-ACB0-72598485F90B" /* NotificationServiceExtensionTests */ = {
			isa = PBXGroup;
			children = (
			);
			path = NotificationServiceExtensionTests;
			sourceTree = "<group>";
		};
/* End PBXGroup section */

/* Begin PBXNativeTarget section */
		43B4740CB2055B0FBF0587A0 /* OptimoveNotificationServiceExtension */ = {
			isa = PBXNativeTarget;
			buildConfigurationList = FFD81B2D83B4FE60621F8B92 /* Build configuration list for PBXNativeTarget "OptimoveNotificationServiceExtension" */;
			buildPhases = (
				358B0F80C190B6F2577BE3AD /* Sources */,
				7900655B7311D8F8B85E52D2 /* Frameworks */,
			);
			buildRules = (
			);
			dependencies = (
			);
			name = OptimoveNotificationServiceExtension;
			productName = OptimoveNotificationServiceExtension;
			productReference = 9FA39149BAE18208F17B07DB /* OptimoveNotificationServiceExtension.framework */;
			productType = "com.apple.product-type.framework";
		};
		4E6035250BAA805CC4049A9E /* OptimoveSDK */ = {
			isa = PBXNativeTarget;
			buildConfigurationList = CF1765029ADC1E22B7CF865B /* Build configuration list for PBXNativeTarget "OptimoveSDK" */;
			buildPhases = (
				12004BEDD281EC3A7CF73BBB /* Sources */,
				94E056907D5D265402777355 /* Frameworks */,
			);
			buildRules = (
			);
			dependencies = (
			);
			name = OptimoveSDK;
			productName = OptimoveSDK;
			productReference = F195D6A74F16DC039009B692 /* OptimoveSDK.framework */;
			productType = "com.apple.product-type.framework.static";
		};
/* End PBXNativeTarget section */

/* Begin PBXProject section */
		F048C3E62DBD311754F63BD1 /* Project object */ = {
			isa = PBXProject;
			attributes = {
				LastUpgradeCheck = 1020;
			};
			buildConfigurationList = 05A4DEC880B8C9907862CC6F /* Build configuration list for PBXProject "Optimove" */;
			compatibilityVersion = "Xcode 10.0";
			developmentRegion = en;
			hasScannedForEncodings = 0;
			knownRegions = (
				en,
			);
			mainGroup = 0FF4DF40AC6AAC3B8661208C;
			projectDirPath = "";
			projectRoot = "";
			targets = (
				43B4740CB2055B0FBF0587A0 /* OptimoveNotificationServiceExtension */,
				4E6035250BAA805CC4049A9E /* OptimoveSDK */,
			);
		};
/* End PBXProject section */

/* Begin PBXSourcesBuildPhase section */
		12004BEDD281EC3A7CF73BBB /* Sources */ = {
			isa = PBXSourcesBuildPhase;
			buildActionMask = 2147483647;
			files = (
				9863EF1F9FAB57169E498339 /* AdvertisingIdPermissionFetcher.swift in Sources */,
				DCD44AC661B1E3B072878F2C /* AppOpenEvent.swift in Sources */,
				8CEDEF8C7F660935858CAEBA /* BaseFirebaseKeys.swift in Sources */,
				CB5E45ABCE6B294C5968C6E5 /* BaseMbaasModel.swift in Sources */,
				4A31D6EDE70EA034534D5016 /* Bundle+Identifiers.swift in Sources */,
				3A65A901BBCD025C1CD0AD9D /* CampaignDetails.swift in Sources */,
				DF96D6C0BA6736355CFD7388 /* CareService.swift in Sources */,
				5E537F10F0D4341D88FD0C94 /* ClientsServiceProjectKeys.swift in Sources */,
				592A4E84C56C30DBF06F5EB0 /* ComponentConfiguratorFactory.swift in Sources */,
				B86D06FE5A15D4EE1557A02C /* ComponentFactory.swift in Sources */,
				4C2A23742A665415E71C4975 /* Constants.swift in Sources */,
				F6B190F646F11100B211E288 /* CoreEventFactory.swift in Sources */,
				3E2A36887AD20CF26D2A7C18 /* CwlMutex.swift in Sources */,
				209F124E823FA7267B24BFF5 /* DateTimeProvider.swift in Sources */,
				130D4395B32F816C06E5728C /* Device.swift in Sources */,
				0BF9565F3B4EC1A9087FDA87 /* DeviceReuirementFetcherFactory.swift in Sources */,
				084300991314506F27733F1B /* Dictionary+CompactMapKeys.swift in Sources */,
				418DD1BC0217FC042F0DBCA5 /* Environment.swift in Sources */,
				27235F66FDE9442133CFEBD1 /* Event.swift in Sources */,
				AE306642C0772C8152F4771B /* EventConfig.swift in Sources */,
				1F2300DB4A1242180AFDD332 /* EventsConfigWarehouse.swift in Sources */,
				C27B4D3F8986D56D5396C3AD /* EventsConfigWarehouseProvider.swift in Sources */,
				63E925526DF886203CD84740 /* Fetchable.swift in Sources */,
				1BAEEF70393CB10F498ECF5D /* FirebaseInteractor.swift in Sources */,
				6CDF24F3FC87706B4F6842A3 /* FirebaseInteractorNetworking.swift in Sources */,
				899F13B22203917FAB1F03D2 /* FirebaseInteractorRequestBuilder.swift in Sources */,
				71B2FA6B4209DD97FB533808 /* FirebaseMetaData.swift in Sources */,
				5B98F74F3B2430A998F24232 /* FirebaseOptionsBuilder.swift in Sources */,
				303C5D4AA0DD2D08DBF3AB69 /* FirebaseProjectKeys.swift in Sources */,
				87C3430702698C83BAF78A5D /* GlobalFunctions.swift in Sources */,
				147171095D992A7CCF998807 /* LegacyResults.swift in Sources */,
				6F548459472503FD5FD4C8CD /* LocalConfigurationHandler.swift in Sources */,
				AE1EC3F2DD810B411838B40B /* LogBody.swift in Sources */,
				5763F2B2155FF810AD8B1B9B /* LogLevel.swift in Sources */,
				F3F545F99C750CAC4194D268 /* MatomoTrackerAdapter.swift in Sources */,
				72235E9929B2FE020B99E823 /* MbaasBackupImpl.swift in Sources */,
				C154C0C32805E4E0806FBD52 /* MbaasModel.swift in Sources */,
				58F7BEC0F592E081C78DC66D /* MbaasModelFactory.swift in Sources */,
				637FB8DC4E282DAEBC63561F /* MbassOperations.swift in Sources */,
				247F4FB5458DDB20363E09D1 /* MetaDataEvent.swift in Sources */,
				BCE630B77D942A27C77688B6 /* MetaDataProvider.swift in Sources */,
				06E1FA7F29E12CFD9BCC0604 /* MobileLogServiceLoggerStream.swift in Sources */,
				60577E5878F91BBCD9AB0BEE /* NetworkCapabilitiesFetcher.swift in Sources */,
				BE24BEC014ACB761EC8C13C7 /* NetworkClient.swift in Sources */,
				ABB4D78325D47A4754817329 /* NetworkError.swift in Sources */,
				627C85991383911653F2B3EB /* NetworkRequest.swift in Sources */,
				20B35FDBD48B062349642212 /* NetworkRequestFactory.swift in Sources */,
				EFDDCCC7F48CB5850C22EA1D /* NetworkResponse.swift in Sources */,
				29DDB7A6E17FB7C9F4D05D31 /* NetworkResult.swift in Sources */,
				41EA7187A0CC2284A48C5D02 /* NetworkingFactory.swift in Sources */,
				5B3D460C4AA5D53B6DBDA05C /* Notification.swift in Sources */,
				4F3B23E8E95973DC08276A9D /* NotificationEvent.swift in Sources */,
				44D1DDB92736212226F0998D /* NotificationPermissionFetcher.swift in Sources */,
				E17C026A14F67B1FEE3DEBCA /* OSLog.swift in Sources */,
				4C3CB5745956D3CD31CD5FF3 /* OptEvent.swift in Sources */,
				1E99275AC26104128E1D1586 /* OptiLoggerConsoleStream.swift in Sources */,
				233F8206697E37617E208859 /* OptiLoggerMessages.swift in Sources */,
				333EA397A030013E7623E648 /* OptiLoggerOutputStream.swift in Sources */,
				4F4B8D2E4F80C632B79E0D69 /* OptiLoggerStreamsContainer.swift in Sources */,
				6AAA3E8675E9BEE448288804 /* OptiPush.swift in Sources */,
				0CCFE3B26BB81B6B6F9C6FAE /* OptiPushConfigurator.swift in Sources */,
				37CFF4773E91E20DF44BA454 /* OptiPushServiceLocator.swift in Sources */,
				E0007F2E4E48CA683455FB73 /* OptiTrack.swift in Sources */,
				9A9CCB3C104646EC3A8CD7CB /* OptiTrackConfigurator.swift in Sources */,
				D12AB73DCDB352BFE4227E54 /* Optimove.swift in Sources */,
				E70B0B8A03034704C14CBCC4 /* OptimoveComponent.swift in Sources */,
				49487E893E5AC7DDF7AC446E /* OptimoveComponentConfigurator.swift in Sources */,
				E90168330390B94A0AE06577 /* OptimoveCoreEvent.swift in Sources */,
				73664E47F5EF2AC9DDC1F1A1 /* OptimoveCustomEventDecorator.swift in Sources */,
				3323CB09D83D7B7E9699CA72 /* OptimoveDeepLinkResponder.swift in Sources */,
				CAA4BDB3CE25BE4925F15D4A /* OptimoveDeepLinkResponding.swift in Sources */,
				087680719E883B0B1304CF14 /* OptimoveDeviceStateMonitor.swift in Sources */,
				48AE88F409C0BF1892375D55 /* OptimoveError.swift in Sources */,
				AA672314EDB9986052E859F3 /* OptimoveEventDecorator.swift in Sources */,
				E3E7B44A40C53CC67B6BA953 /* OptimoveEventDecoratorFactory.swift in Sources */,
				24847ACA788BC0907791488B /* OptimoveEventValidator.swift in Sources */,
				CDAC5952AF446DC10DB9CAFC /* OptimoveFileManager.swift in Sources */,
				D692051FA5D90B9298844F15 /* OptimoveNotificationHandler.swift in Sources */,
				9E8C9F58617251B5C9D087A7 /* OptimoveNotificationHandling.swift in Sources */,
				9E48C88E04393F25355F9FF9 /* OptimoveQueue.swift in Sources */,
				E1C5947057072EF818298DD8 /* OptimoveSDKInitializer.swift in Sources */,
				8D6223BE6BE4DB0ED50C63DA /* OptimoveSdkCommand.swift in Sources */,
				A310CD961784AFC877A89194 /* OptimoveStorage.swift in Sources */,
				0770E40125E73BE955EDBE8B /* OptimoveStorageFacade.swift in Sources */,
				7CB96F7D515FBEA3A0B70325 /* OptimoveSuccessStateListener.swift in Sources */,
				2F6396F107465112E8A3267E /* OptimoveTenantInfo.swift in Sources */,
				95E071B47A8905EE121E20A2 /* OptimoveTopicsUserDefaults.swift in Sources */,
				2E6327C7188C8E170C96D9A7 /* OptipushMetaData.swift in Sources */,
				EF0989E26E490E95EADAABD0 /* OptitrackMetaData.swift in Sources */,
				25CA2AAB3740CFA19F8F060B /* PageVisitEvent.swift in Sources */,
				C2A2F5AA5280EA14253A1FEA /* Parameter.swift in Sources */,
				1429E36448F6EA7F9F76E069 /* PingEvent.swift in Sources */,
				CFDCBD47B6F317025BFA460A /* ProcessInfo.swift in Sources */,
				D33DD7D1A4AF71F72BCC246D /* RealTime.swift in Sources */,
				958DB230D2C85E97DC2E7A11 /* RealTimeConfigurator.swift in Sources */,
				6BEFF03BD900E1F3014F3D8F /* RealTimeEventBuilder.swift in Sources */,
				1E51B3CC68D59E8999018A2F /* RealTimeEventContext.swift in Sources */,
				DC17480902A779379A567052 /* RealTimeHanlder.swift in Sources */,
				DB67637E5568AB242DC6578D /* RealTimeNetworking.swift in Sources */,
				CD617DC031E26628DF800040 /* RealTimeRequestBuilder.swift in Sources */,
				0A85B1B6F533719A316DABE4 /* RealtimeEvent.swift in Sources */,
				F675E0305BA3E94898FD465C /* RealtimeMetaData.swift in Sources */,
				3F9DF459C6827FB0C8CD1E25 /* RegistartionMbaasModel.swift in Sources */,
				95F9BD334C8B04DDFD402D4B /* Registrar.swift in Sources */,
				4A8F60C9AEA473DFA9A3C544 /* RegistrarNetworking.swift in Sources */,
				6CA0FE7069139CB306C347AD /* RegistrarNetworkingRequestBuilder.swift in Sources */,
				7B5D426057D3FEF32381D061 /* RemoteConfigurationHandler.swift in Sources */,
				24C4A7616652625931F6DC6E /* RunningFlagsContainer.swift in Sources */,
				FDE6FA79715FCE4132802A94 /* RuntimeCodingKey.swift in Sources */,
				FDD38986CCDE413826977540 /* SDK.swift in Sources */,
				CE3E2AA363FC51909D2F994D /* SHA1.swift in Sources */,
				936886F50E13C24E9EE04B00 /* SdkPlatform.swift in Sources */,
				09EEECBD19FC2CE320766E51 /* ServiceLocator.swift in Sources */,
				F0896993C660626712C2BAC8 /* SetAdvertisingIdEvent.swift in Sources */,
				79E7501ECFBEED252EC19F7D /* SetUserAgent.swift in Sources */,
				E1A24DD42B057B5FABC44F33 /* SetUserEmailEvent.swift in Sources */,
				315C0C36481750E18411BE5B /* SetUserIdEvent.swift in Sources */,
				8AAC9FE692E18FCCD0EDB35C /* SimpleCustomEvent.swift in Sources */,
				1D8BC5F113DD12827B25556C /* State.swift in Sources */,
				141EDFFE84E271DC9D009B7B /* StatisticService.swift in Sources */,
				60952EFC07DF927811E244FE /* String+MongoDB.swift in Sources */,
				AD0AAF9F9844790A9428F018 /* String+Split.swift in Sources */,
				1A4B70345EF058F2C9602A27 /* String+alphanumeric.swift in Sources */,
				58EF33A3A6CFDC6620D801A8 /* String+isBlank.swift in Sources */,
				27C98B7C681BE14241AE24A0 /* String+random.swift in Sources */,
				6A922083B2836DE3FE681B7D /* String.swift in Sources */,
				EB705CD14D752081875473B8 /* TenantConfig.swift in Sources */,
				4BFA7749EE9245E716A8598A /* Tracker.swift in Sources */,
				D70DBCC0FD08E447A0CBDC85 /* TrackerFlagsBuilder.swift in Sources */,
				A7151DBC545AD9377CA3B3EF /* URL.swift in Sources */,
			);
			runOnlyForDeploymentPostprocessing = 0;
		};
		358B0F80C190B6F2577BE3AD /* Sources */ = {
			isa = PBXSourcesBuildPhase;
			buildActionMask = 2147483647;
			files = (
				27FBD851D6EE438EB18893AF /* AsyncOperation.swift in Sources */,
				EBECFEFF63099C8CEF2BBB2F /* Bundle.swift in Sources */,
				2904D6AB6D04E2B0C3ADF7A4 /* ConfigurationFetcher.swift in Sources */,
				28D88710EB6F095BAFC4C710 /* ConfigurationRepository.swift in Sources */,
				0B7A8F1FF3A68CA2309FD9D8 /* Constants.swift in Sources */,
				20C8B6D967AFFF4F5504C3DC /* DateFormatter.swift in Sources */,
				78ABC36C4D69F6C88A2154E8 /* DeeplinkExtracter.swift in Sources */,
				99C851A50C575EE96F35BBC1 /* DynamicLinkParser.swift in Sources */,
				22C83F1ADA7DCE37831037BE /* Global.swift in Sources */,
				B9C0277BF8FE82FCCC2EA756 /* Locale.swift in Sources */,
				A8F4368FAF9BA58AAC256882 /* MediaAttachmentDownloader.swift in Sources */,
				D2B56B49E1E46732200F94D0 /* NotificationDelivered.swift in Sources */,
				64ACC0924B06298B409882D2 /* NotificationDeliveryReporter.swift in Sources */,
				6A49976E689EFE6FE2809DF7 /* NotificationExtensionTenantInfo.swift in Sources */,
				AC608A347746EA76CEF34AE1 /* NotificationPayload.swift in Sources */,
				44DA05F23A1632BF710E29DA /* OptiTrackMetaData.swift in Sources */,
				C70BE422B7CE80E9E80D3EDC /* OptimoveConfigForExtension.swift in Sources */,
				9B9DE87178FDB6CB5CD28CCD /* OptimoveEventConfig.swift in Sources */,
				D3AAEB582C4723F506C32F64 /* OptimoveNotificationServiceExtension.swift in Sources */,
				CCBE7E97BE5DAFAF78794348 /* Parameter.swift in Sources */,
				798F57B984E0AF265190A5CA /* ProcessInfo.swift in Sources */,
				85BE5B02AC11DB079A2B9A17 /* String.swift in Sources */,
			);
			runOnlyForDeploymentPostprocessing = 0;
		};
/* End PBXSourcesBuildPhase section */

/* Begin XCBuildConfiguration section */
		099C29771F527282C3BE0CEF /* Debug */ = {
			isa = XCBuildConfiguration;
			buildSettings = {
				ALWAYS_SEARCH_USER_PATHS = NO;
				CLANG_ANALYZER_NONNULL = YES;
				CLANG_ANALYZER_NUMBER_OBJECT_CONVERSION = YES_AGGRESSIVE;
				CLANG_CXX_LANGUAGE_STANDARD = "gnu++14";
				CLANG_CXX_LIBRARY = "libc++";
				CLANG_ENABLE_MODULES = YES;
				CLANG_ENABLE_OBJC_ARC = YES;
				CLANG_WARN_BLOCK_CAPTURE_AUTORELEASING = YES;
				CLANG_WARN_BOOL_CONVERSION = YES;
				CLANG_WARN_COMMA = YES;
				CLANG_WARN_CONSTANT_CONVERSION = YES;
				CLANG_WARN_DEPRECATED_OBJC_IMPLEMENTATIONS = YES;
				CLANG_WARN_DIRECT_OBJC_ISA_USAGE = YES_ERROR;
				CLANG_WARN_DOCUMENTATION_COMMENTS = YES;
				CLANG_WARN_EMPTY_BODY = YES;
				CLANG_WARN_ENUM_CONVERSION = YES;
				CLANG_WARN_INFINITE_RECURSION = YES;
				CLANG_WARN_INT_CONVERSION = YES;
				CLANG_WARN_NON_LITERAL_NULL_CONVERSION = YES;
				CLANG_WARN_OBJC_IMPLICIT_RETAIN_SELF = YES;
				CLANG_WARN_OBJC_LITERAL_CONVERSION = YES;
				CLANG_WARN_OBJC_ROOT_CLASS = YES_ERROR;
				CLANG_WARN_RANGE_LOOP_ANALYSIS = YES;
				CLANG_WARN_STRICT_PROTOTYPES = YES;
				CLANG_WARN_SUSPICIOUS_MOVE = YES;
				CLANG_WARN_UNGUARDED_AVAILABILITY = YES_AGGRESSIVE;
				CLANG_WARN_UNREACHABLE_CODE = YES;
				CLANG_WARN__DUPLICATE_METHOD_MATCH = YES;
				COPY_PHASE_STRIP = NO;
				DEBUG_INFORMATION_FORMAT = dwarf;
				ENABLE_STRICT_OBJC_MSGSEND = YES;
				ENABLE_TESTABILITY = YES;
				GCC_C_LANGUAGE_STANDARD = gnu11;
				GCC_DYNAMIC_NO_PIC = NO;
				GCC_NO_COMMON_BLOCKS = YES;
				GCC_OPTIMIZATION_LEVEL = 0;
				GCC_PREPROCESSOR_DEFINITIONS = (
					"$(inherited)",
					"DEBUG=1",
				);
				GCC_WARN_64_TO_32_BIT_CONVERSION = YES;
				GCC_WARN_ABOUT_RETURN_TYPE = YES_ERROR;
				GCC_WARN_UNDECLARED_SELECTOR = YES;
				GCC_WARN_UNINITIALIZED_AUTOS = YES_AGGRESSIVE;
				GCC_WARN_UNUSED_FUNCTION = YES;
				GCC_WARN_UNUSED_VARIABLE = YES;
				MTL_ENABLE_DEBUG_INFO = YES;
				ONLY_ACTIVE_ARCH = YES;
				PRODUCT_NAME = "$(TARGET_NAME)";
				SDKROOT = iphoneos;
				SWIFT_ACTIVE_COMPILATION_CONDITIONS = DEBUG;
				SWIFT_OPTIMIZATION_LEVEL = "-Onone";
				SWIFT_VERSION = 5.0;
			};
			name = Debug;
		};
		2F66E3E6464749EB491DBF7E /* Debug */ = {
			isa = XCBuildConfiguration;
			buildSettings = {
				CODE_SIGN_IDENTITY = "";
				CURRENT_PROJECT_VERSION = 1;
				DEFINES_MODULE = YES;
				DYLIB_COMPATIBILITY_VERSION = 1;
				DYLIB_CURRENT_VERSION = 1;
				DYLIB_INSTALL_NAME_BASE = "@rpath";
				INFOPLIST_FILE = OptimoveNotificationServiceExtension/Info.plist;
				INSTALL_PATH = "$(LOCAL_LIBRARY_DIR)/Frameworks";
				LD_RUNPATH_SEARCH_PATHS = "$(inherited) @executable_path/Frameworks";
				SDKROOT = iphoneos;
				SKIP_INSTALL = YES;
				TARGETED_DEVICE_FAMILY = "1,2";
				VERSIONING_SYSTEM = "apple-generic";
			};
			name = Debug;
		};
		637E5E27537E8A4E1D8359F4 /* Release */ = {
			isa = XCBuildConfiguration;
			buildSettings = {
				CODE_SIGN_IDENTITY = "";
				CURRENT_PROJECT_VERSION = 1;
				DEFINES_MODULE = YES;
				DYLIB_COMPATIBILITY_VERSION = 1;
				DYLIB_CURRENT_VERSION = 1;
				DYLIB_INSTALL_NAME_BASE = "@rpath";
				INFOPLIST_FILE = OptimoveNotificationServiceExtension/Info.plist;
				INSTALL_PATH = "$(LOCAL_LIBRARY_DIR)/Frameworks";
				LD_RUNPATH_SEARCH_PATHS = "$(inherited) @executable_path/Frameworks";
				SDKROOT = iphoneos;
				SKIP_INSTALL = YES;
				TARGETED_DEVICE_FAMILY = "1,2";
				VERSIONING_SYSTEM = "apple-generic";
			};
			name = Release;
		};
		7F3F7A366435F0D01C4FEFB4 /* Release */ = {
			isa = XCBuildConfiguration;
			buildSettings = {
				ALWAYS_SEARCH_USER_PATHS = NO;
				CLANG_ANALYZER_NONNULL = YES;
				CLANG_ANALYZER_NUMBER_OBJECT_CONVERSION = YES_AGGRESSIVE;
				CLANG_CXX_LANGUAGE_STANDARD = "gnu++14";
				CLANG_CXX_LIBRARY = "libc++";
				CLANG_ENABLE_MODULES = YES;
				CLANG_ENABLE_OBJC_ARC = YES;
				CLANG_WARN_BLOCK_CAPTURE_AUTORELEASING = YES;
				CLANG_WARN_BOOL_CONVERSION = YES;
				CLANG_WARN_COMMA = YES;
				CLANG_WARN_CONSTANT_CONVERSION = YES;
				CLANG_WARN_DEPRECATED_OBJC_IMPLEMENTATIONS = YES;
				CLANG_WARN_DIRECT_OBJC_ISA_USAGE = YES_ERROR;
				CLANG_WARN_DOCUMENTATION_COMMENTS = YES;
				CLANG_WARN_EMPTY_BODY = YES;
				CLANG_WARN_ENUM_CONVERSION = YES;
				CLANG_WARN_INFINITE_RECURSION = YES;
				CLANG_WARN_INT_CONVERSION = YES;
				CLANG_WARN_NON_LITERAL_NULL_CONVERSION = YES;
				CLANG_WARN_OBJC_IMPLICIT_RETAIN_SELF = YES;
				CLANG_WARN_OBJC_LITERAL_CONVERSION = YES;
				CLANG_WARN_OBJC_ROOT_CLASS = YES_ERROR;
				CLANG_WARN_RANGE_LOOP_ANALYSIS = YES;
				CLANG_WARN_STRICT_PROTOTYPES = YES;
				CLANG_WARN_SUSPICIOUS_MOVE = YES;
				CLANG_WARN_UNGUARDED_AVAILABILITY = YES_AGGRESSIVE;
				CLANG_WARN_UNREACHABLE_CODE = YES;
				CLANG_WARN__DUPLICATE_METHOD_MATCH = YES;
				COPY_PHASE_STRIP = NO;
				DEBUG_INFORMATION_FORMAT = "dwarf-with-dsym";
				ENABLE_NS_ASSERTIONS = NO;
				ENABLE_STRICT_OBJC_MSGSEND = YES;
				GCC_C_LANGUAGE_STANDARD = gnu11;
				GCC_NO_COMMON_BLOCKS = YES;
				GCC_WARN_64_TO_32_BIT_CONVERSION = YES;
				GCC_WARN_ABOUT_RETURN_TYPE = YES_ERROR;
				GCC_WARN_UNDECLARED_SELECTOR = YES;
				GCC_WARN_UNINITIALIZED_AUTOS = YES_AGGRESSIVE;
				GCC_WARN_UNUSED_FUNCTION = YES;
				GCC_WARN_UNUSED_VARIABLE = YES;
				PRODUCT_NAME = "$(TARGET_NAME)";
				SDKROOT = iphoneos;
				SWIFT_COMPILATION_MODE = wholemodule;
				SWIFT_VERSION = 5.0;
				VALIDATE_PRODUCT = YES;
			};
			name = Release;
		};
		86F6E126A135B3E3DDC78879 /* Debug */ = {
			isa = XCBuildConfiguration;
			buildSettings = {
				FRAMEWORK_SEARCH_PATHS = (
					"$(inherited)",
					"$(PROJECT_DIR)/Carthage/Build/iOS",
				);
				INFOPLIST_FILE = OptimoveSDK/Info.plist;
				LD_RUNPATH_SEARCH_PATHS = "$(inherited) @executable_path/Frameworks";
				SDKROOT = iphoneos;
				TARGETED_DEVICE_FAMILY = "1,2";
			};
			name = Debug;
		};
		8C0755B84AB3622DF37009B3 /* Release */ = {
			isa = XCBuildConfiguration;
			buildSettings = {
				FRAMEWORK_SEARCH_PATHS = (
					"$(inherited)",
					"$(PROJECT_DIR)/Carthage/Build/iOS",
				);
				INFOPLIST_FILE = OptimoveSDK/Info.plist;
				LD_RUNPATH_SEARCH_PATHS = "$(inherited) @executable_path/Frameworks";
				SDKROOT = iphoneos;
				TARGETED_DEVICE_FAMILY = "1,2";
			};
			name = Release;
		};
/* End XCBuildConfiguration section */

/* Begin XCConfigurationList section */
		05A4DEC880B8C9907862CC6F /* Build configuration list for PBXProject "Optimove" */ = {
			isa = XCConfigurationList;
			buildConfigurations = (
				099C29771F527282C3BE0CEF /* Debug */,
				7F3F7A366435F0D01C4FEFB4 /* Release */,
			);
			defaultConfigurationIsVisible = 0;
			defaultConfigurationName = Debug;
		};
		CF1765029ADC1E22B7CF865B /* Build configuration list for PBXNativeTarget "OptimoveSDK" */ = {
			isa = XCConfigurationList;
			buildConfigurations = (
				86F6E126A135B3E3DDC78879 /* Debug */,
				8C0755B84AB3622DF37009B3 /* Release */,
			);
			defaultConfigurationIsVisible = 0;
			defaultConfigurationName = "";
		};
		FFD81B2D83B4FE60621F8B92 /* Build configuration list for PBXNativeTarget "OptimoveNotificationServiceExtension" */ = {
			isa = XCConfigurationList;
			buildConfigurations = (
				2F66E3E6464749EB491DBF7E /* Debug */,
				637E5E27537E8A4E1D8359F4 /* Release */,
			);
			defaultConfigurationIsVisible = 0;
			defaultConfigurationName = "";
		};
/* End XCConfigurationList section */
	};
	rootObject = F048C3E62DBD311754F63BD1 /* Project object */;
}
